// !$*UTF8*$!
{
	archiveVersion = 1;
	classes = {
	};
	objectVersion = 77;
	objects = {

/* Begin PBXBuildFile section */
		02FC0D91E87A14D4F678123C /* SplitSheet.swift in Sources */ = {isa = PBXBuildFile; fileRef = 47B9719A4D5ACAE3A65E08CB /* SplitSheet.swift */; };
		036E218AE8B64A72E79FA10F /* B4Tests.swift in Sources */ = {isa = PBXBuildFile; fileRef = A110EC0051A7A1D87110C352 /* B4Tests.swift */; };
		03749D68D801BE2CDF6B7AA3 /* R7Tests.swift in Sources */ = {isa = PBXBuildFile; fileRef = 50A1BD01C683FF67F8F298F1 /* R7Tests.swift */; };
		06778033684CE4B834E03DFA /* NowPanelTests.swift in Sources */ = {isa = PBXBuildFile; fileRef = 2D740D026C2724E59E51C467 /* NowPanelTests.swift */; };
		099D42E94F480B0F26A3C5B9 /* B3Tests.swift in Sources */ = {isa = PBXBuildFile; fileRef = 18B8279D8F1187956ABD0783 /* B3Tests.swift */; };
		0A557793982EA6F8209DCB13 /* Credentials.swift in Sources */ = {isa = PBXBuildFile; fileRef = EC2416C4707736A43FD2ACF6 /* Credentials.swift */; };
		0CB4DD25A6E542AE087FE070 /* IslandCompactLayoutTests.swift in Sources */ = {isa = PBXBuildFile; fileRef = D565856237848B63734F222E /* IslandCompactLayoutTests.swift */; };
		0CEC9C9EB6392DBAD6FA0167 /* RunningBlockAttributes.swift in Sources */ = {isa = PBXBuildFile; fileRef = 6905879EA2B4015915ED6D85 /* RunningBlockAttributes.swift */; };
		1182BE33CCA7EDFC56B2F1FC /* WatchContractTests.swift in Sources */ = {isa = PBXBuildFile; fileRef = 456BAE728F9C267C4D23CAD5 /* WatchContractTests.swift */; };
		155752CD3F60C3AC82969373 /* Models.swift in Sources */ = {isa = PBXBuildFile; fileRef = 4E7744EE4EAB4173F4B3D188 /* Models.swift */; };
		160690DFC16F03439ACE5274 /* DistractedTests.swift in Sources */ = {isa = PBXBuildFile; fileRef = 28D0D602AE6433EDCD54D134 /* DistractedTests.swift */; };
		2A9A391B39A1AF3040FBF1FA /* WatchPayload.swift in Sources */ = {isa = PBXBuildFile; fileRef = A1897757A859B65F9040F9F3 /* WatchPayload.swift */; };
		2D0897E0A6B3231F37BEB32F /* A4Tests.swift in Sources */ = {isa = PBXBuildFile; fileRef = 72AB36F224AB7588E53018B4 /* A4Tests.swift */; };
		2EA116BE2281759FD8359C24 /* D1Tests.swift in Sources */ = {isa = PBXBuildFile; fileRef = 62372ECAE115ACC89B6A24D3 /* D1Tests.swift */; };
		2FB00CD640D7409118A8E4E2 /* B1Tests.swift in Sources */ = {isa = PBXBuildFile; fileRef = D943F9A6CAF5F4D8B8DCC048 /* B1Tests.swift */; };
		2FC7B8D83007D33089079266 /* CaptureLayoutTests.swift in Sources */ = {isa = PBXBuildFile; fileRef = 916221A5EC9C0A87ECE13B28 /* CaptureLayoutTests.swift */; };
		34CD2DF182EC017BEC54F0FA /* Info.plist in Resources */ = {isa = PBXBuildFile; fileRef = B1FF4806EEB7A5DA1B512B3C /* Info.plist */; };
		35470FB9689707A27867C3C0 /* RunningBlockIntents.swift in Sources */ = {isa = PBXBuildFile; fileRef = 039CE5BB1C222A62B5E31C03 /* RunningBlockIntents.swift */; };
		393C9F54F8FC8AB9F86F3702 /* RootView.swift in Sources */ = {isa = PBXBuildFile; fileRef = 979753C469BB46C427293E02 /* RootView.swift */; };
		3B3F44EB571FBBB65987B6D4 /* TapStore.swift in Sources */ = {isa = PBXBuildFile; fileRef = C85019F7B88C8EE4DFBE85A0 /* TapStore.swift */; };
		3BE07A0305050503BCA5CE8D /* SitEditSheet.swift in Sources */ = {isa = PBXBuildFile; fileRef = CF45FF913A460C9661EDF34B /* SitEditSheet.swift */; };
		3BF728804A4E219403C7B80E /* Theme.swift in Sources */ = {isa = PBXBuildFile; fileRef = F0947EED16A8B40C767B8FA0 /* Theme.swift */; };
		3CAC6B775714033E3E41F3A9 /* IslandCompact.swift in Sources */ = {isa = PBXBuildFile; fileRef = 07EB54A6808D250C34B80A28 /* IslandCompact.swift */; };
		3D742B0CFBC1B8A0D3969583 /* A3Tests.swift in Sources */ = {isa = PBXBuildFile; fileRef = 416881FDA0DDE709D21E55C3 /* A3Tests.swift */; };
		3F75D53705FFE74C7195C292 /* MacSync.swift in Sources */ = {isa = PBXBuildFile; fileRef = 232D12767793EC31BFE0C9BE /* MacSync.swift */; };
		40D059EFA67A504708D25447 /* Assets.xcassets in Resources */ = {isa = PBXBuildFile; fileRef = F480CE7080FAF633ABD17E01 /* Assets.xcassets */; };
		432271095523E83E5D0BB366 /* TimeTapWidget.appex in Embed Foundation Extensions */ = {isa = PBXBuildFile; fileRef = D5D9AC587B12850A2BC55FC7 /* TimeTapWidget.appex */; settings = {ATTRIBUTES = (CodeSignOnCopy, RemoveHeadersOnCopy, ); }; };
		45701EABF5EB33A446D59637 /* WatchCaptureView.swift in Sources */ = {isa = PBXBuildFile; fileRef = 597EAC124113F96BC3B807D8 /* WatchCaptureView.swift */; };
		46EAECF479D1F77CC70D37E8 /* GoogleAuth.swift in Sources */ = {isa = PBXBuildFile; fileRef = 39244103B3847640AAA55B11 /* GoogleAuth.swift */; };
		53244A7997D264D55D061671 /* WatchPayload.swift in Sources */ = {isa = PBXBuildFile; fileRef = A1897757A859B65F9040F9F3 /* WatchPayload.swift */; };
		55E5C00C72D20DF5332F9921 /* C3Tests.swift in Sources */ = {isa = PBXBuildFile; fileRef = 5B6E4BC029AB56DD7EB503AD /* C3Tests.swift */; };
		581EFFC879088FD71F1DC717 /* B2Tests.swift in Sources */ = {isa = PBXBuildFile; fileRef = 0D151859F57377AEC8118124 /* B2Tests.swift */; };
		58C8DE293C24E23827804DF9 /* CategoryEditor.swift in Sources */ = {isa = PBXBuildFile; fileRef = 93EFE857C28568DC4F285174 /* CategoryEditor.swift */; };
		58F7E0C393D62920F700C37E /* A1Tests.swift in Sources */ = {isa = PBXBuildFile; fileRef = 6C9E642DDAC8A5F6C60D9EF4 /* A1Tests.swift */; };
		60111423B44AB33FD6C50AFB /* WatchPayload.swift in Sources */ = {isa = PBXBuildFile; fileRef = A1897757A859B65F9040F9F3 /* WatchPayload.swift */; };
		66468097ED8EEBC386A51880 /* Models.swift in Sources */ = {isa = PBXBuildFile; fileRef = 4E7744EE4EAB4173F4B3D188 /* Models.swift */; };
		674A0AB9AE587F11D9091E36 /* Format.swift in Sources */ = {isa = PBXBuildFile; fileRef = 92673D20F168B38B293C621F /* Format.swift */; };
		6815C88AE2DF31036A8B5A8B /* SignInView.swift in Sources */ = {isa = PBXBuildFile; fileRef = 6D7B42C20E98A8B8C2475C8B /* SignInView.swift */; };
		6942ADCD3625603DA37B56F5 /* TimeTapMacApp.swift in Sources */ = {isa = PBXBuildFile; fileRef = AC4E8B4B190F81FB6241260B /* TimeTapMacApp.swift */; };
		6A17E8C8E7A7E5DCEAA82108 /* CalendarPickerView.swift in Sources */ = {isa = PBXBuildFile; fileRef = 31BB6E2F4AC7571D01632124 /* CalendarPickerView.swift */; };
		6A7A0282C771688E8E58A91A /* DeadLetterSheet.swift in Sources */ = {isa = PBXBuildFile; fileRef = 67FE41A5E22FCCF25FC6FFDB /* DeadLetterSheet.swift */; };
		6A9A11C21C65551FCCD56E12 /* GoogleSignIn in Frameworks */ = {isa = PBXBuildFile; productRef = 4D27F5530B55EE483C679F27 /* GoogleSignIn */; };
		6BBDD995479553A1E9EEB399 /* TimeTapWatchWidgets.appex in Embed Foundation Extensions */ = {isa = PBXBuildFile; fileRef = 6A0D0233A5182D73E512360D /* TimeTapWatchWidgets.appex */; settings = {ATTRIBUTES = (CodeSignOnCopy, RemoveHeadersOnCopy, ); }; };
		6C1626B3B6E0ECE23BB71658 /* LASyncTests.swift in Sources */ = {isa = PBXBuildFile; fileRef = F30FBDC97A8B85EE5378C6E7 /* LASyncTests.swift */; };
		6C3F4C2381A713E29945746B /* CalendarAPI.swift in Sources */ = {isa = PBXBuildFile; fileRef = 46DD023ECACFCEE59D37F58C /* CalendarAPI.swift */; };
		6C6BD82B6B90AB6AE376B39C /* RunningBlockIntents.swift in Sources */ = {isa = PBXBuildFile; fileRef = 039CE5BB1C222A62B5E31C03 /* RunningBlockIntents.swift */; };
		76714B8B45CC80A8FD787338 /* LAContractTests.swift in Sources */ = {isa = PBXBuildFile; fileRef = 947854D364BF09E649B58C60 /* LAContractTests.swift */; };
		771F53452D9A17420293FDCD /* ElapsedTimer.swift in Sources */ = {isa = PBXBuildFile; fileRef = 89D4E7C3B275598E24D369B8 /* ElapsedTimer.swift */; };
		786C2A11064E547BBFFD01B8 /* SignInView.swift in Sources */ = {isa = PBXBuildFile; fileRef = 6D7B42C20E98A8B8C2475C8B /* SignInView.swift */; };
		7F96DD504C28B4D73E8957A5 /* TimeTapWatch.app in Embed Watch Content */ = {isa = PBXBuildFile; fileRef = 39E03606DA07F84D2D231B15 /* TimeTapWatch.app */; settings = {ATTRIBUTES = (CodeSignOnCopy, RemoveHeadersOnCopy, ); }; };
		81216B098D58281B39C759A3 /* StatusItemController.swift in Sources */ = {isa = PBXBuildFile; fileRef = E1081BF06380E19CD45A1681 /* StatusItemController.swift */; };
		81925425FD2759B8617E9D60 /* GoogleSignIn in Frameworks */ = {isa = PBXBuildFile; productRef = E2AC37527A1324DCA04213C6 /* GoogleSignIn */; };
		84CC97FF9426A9CE8AA98F91 /* UTests.swift in Sources */ = {isa = PBXBuildFile; fileRef = 43B809B676BE90248BE9584E /* UTests.swift */; };
		8932106E4F3D829158AF1A70 /* RunningBlockLiveActivity.swift in Sources */ = {isa = PBXBuildFile; fileRef = D718D6E99F21872C9D001A1E /* RunningBlockLiveActivity.swift */; };
		8B9BCD03171BB47A1FDDA0B8 /* RootView.swift in Sources */ = {isa = PBXBuildFile; fileRef = 979753C469BB46C427293E02 /* RootView.swift */; };
		8CC4CBFD19D775D120BB2467 /* TimeTapTestCase.swift in Sources */ = {isa = PBXBuildFile; fileRef = 8A9A5606319F1BD6FBB83147 /* TimeTapTestCase.swift */; };
		8EE8F052C631C9ED537F1435 /* Grammar.swift in Sources */ = {isa = PBXBuildFile; fileRef = 9D9D4875A281E3F960C3A7CD /* Grammar.swift */; };
		8F9FE98E68ABB3AAAA07D966 /* IslandActivityKitTests.swift in Sources */ = {isa = PBXBuildFile; fileRef = 1F5930FFC528A2FFBD795210 /* IslandActivityKitTests.swift */; };
		904F003F2B37E1EA155DB675 /* WatchPayload.swift in Sources */ = {isa = PBXBuildFile; fileRef = A1897757A859B65F9040F9F3 /* WatchPayload.swift */; };
		915AC4EE2BB6C4A81CC5509B /* C1Tests.swift in Sources */ = {isa = PBXBuildFile; fileRef = 7609C6A77691CD52326C9F36 /* C1Tests.swift */; };
		9384EB7759FD38EBDABFB323 /* Theme.swift in Sources */ = {isa = PBXBuildFile; fileRef = F0947EED16A8B40C767B8FA0 /* Theme.swift */; };
		94BEEDAB9A7B0C47B2E8EFB4 /* WatchSession.swift in Sources */ = {isa = PBXBuildFile; fileRef = F6B809E5461B1A85A6E1E4BD /* WatchSession.swift */; };
		956E790A0753C11234383A9A /* DayRailView.swift in Sources */ = {isa = PBXBuildFile; fileRef = 49092CA9D4C73500509BB649 /* DayRailView.swift */; };
		96016C4BB07F10683C98CC9F /* DayRailView.swift in Sources */ = {isa = PBXBuildFile; fileRef = 49092CA9D4C73500509BB649 /* DayRailView.swift */; };
		979D5EB5A36E8D6B0CC5A353 /* ApplyOps.swift in Sources */ = {isa = PBXBuildFile; fileRef = 5D9FAAEA0FBB3106BE727550 /* ApplyOps.swift */; };
		97AB5098DF0B47F26C294C34 /* SettingsView.swift in Sources */ = {isa = PBXBuildFile; fileRef = 2D55675D4A21D2C2D804358B /* SettingsView.swift */; };
		99B13BC6361E3DB4991750A0 /* PlanRailTests.swift in Sources */ = {isa = PBXBuildFile; fileRef = BAC2DE3B09600DA88FB5B052 /* PlanRailTests.swift */; };
		9AC7BE25EBF4DE73CDF946AE /* TimeTapWatchApp.swift in Sources */ = {isa = PBXBuildFile; fileRef = C4001B84009A0FB9662B7CB5 /* TimeTapWatchApp.swift */; };
		9ED3731DEF0BF69D4EAB26A6 /* RunningBlockSync.swift in Sources */ = {isa = PBXBuildFile; fileRef = 73A8E6B72917D588965E13C7 /* RunningBlockSync.swift */; };
		A0940278920551E0F63C4EC2 /* RailSyncTests.swift in Sources */ = {isa = PBXBuildFile; fileRef = BB1F0CC73C68335BC4F422A3 /* RailSyncTests.swift */; };
		A517FED50BB45AFCAD67AC72 /* Theme.swift in Sources */ = {isa = PBXBuildFile; fileRef = F0947EED16A8B40C767B8FA0 /* Theme.swift */; };
		A61B462E0F3E8C37262AA0F6 /* CalendarPickerView.swift in Sources */ = {isa = PBXBuildFile; fileRef = 31BB6E2F4AC7571D01632124 /* CalendarPickerView.swift */; };
		A7E82C59504AC1A3E80BEA76 /* SitEditSheet.swift in Sources */ = {isa = PBXBuildFile; fileRef = CF45FF913A460C9661EDF34B /* SitEditSheet.swift */; };
		A89B3764F7528E571B00FF36 /* IslandWidgetProcessTests.swift in Sources */ = {isa = PBXBuildFile; fileRef = E040026C39B4785B31695C2A /* IslandWidgetProcessTests.swift */; };
		AF5D10E1A87E27D14D970B6D /* CaptureChromeUITests.swift in Sources */ = {isa = PBXBuildFile; fileRef = 985589721A894348CA376DA2 /* CaptureChromeUITests.swift */; };
		B33172D73E144F82411C4E10 /* PostureRowTests.swift in Sources */ = {isa = PBXBuildFile; fileRef = E953503CB9FB2A7BF36BFA9C /* PostureRowTests.swift */; };
		B9F0E558866D6B8B52598714 /* SplitSheet.swift in Sources */ = {isa = PBXBuildFile; fileRef = 47B9719A4D5ACAE3A65E08CB /* SplitSheet.swift */; };
		BBE466DE1345E22BC5700126 /* TapStore.swift in Sources */ = {isa = PBXBuildFile; fileRef = C85019F7B88C8EE4DFBE85A0 /* TapStore.swift */; };
		BCBCAAB3F0CC444BD32CB1C6 /* WatchBridge.swift in Sources */ = {isa = PBXBuildFile; fileRef = 6E29BEF654D744250E5F208A /* WatchBridge.swift */; };
		C6C0E7812A05BD6D1E37CFDE /* IslandCompact.swift in Sources */ = {isa = PBXBuildFile; fileRef = 07EB54A6808D250C34B80A28 /* IslandCompact.swift */; };
		CED4B51392FE19FAA6469E64 /* LAIslandTests.swift in Sources */ = {isa = PBXBuildFile; fileRef = ACACF2CAA54ADB3781FFB466 /* LAIslandTests.swift */; };
		D7038F37EBA9B3574F33EC91 /* MacSync.swift in Sources */ = {isa = PBXBuildFile; fileRef = 232D12767793EC31BFE0C9BE /* MacSync.swift */; };
		DC1D8DE48367B8E83C66452D /* TimeTapApp.swift in Sources */ = {isa = PBXBuildFile; fileRef = 6DC9D8FAFE6CD1911BA1BA06 /* TimeTapApp.swift */; };
		DC48869C4B99583C6EED9664 /* TimeTapWatchWidgets.swift in Sources */ = {isa = PBXBuildFile; fileRef = 78A82B3A24F77ABD16DCFF36 /* TimeTapWatchWidgets.swift */; };
		DC693AE87028C02E393735BB /* A2Tests.swift in Sources */ = {isa = PBXBuildFile; fileRef = 8126B4FE3CB9C4362805622A /* A2Tests.swift */; };
		DD12ADF10F59449958957CF4 /* Format.swift in Sources */ = {isa = PBXBuildFile; fileRef = 92673D20F168B38B293C621F /* Format.swift */; };
		DD873BAE5377A7AABBAC7D34 /* Grammar.swift in Sources */ = {isa = PBXBuildFile; fileRef = 9D9D4875A281E3F960C3A7CD /* Grammar.swift */; };
		E2DB5C46EB899B34B3CC0BD8 /* CategoryEditor.swift in Sources */ = {isa = PBXBuildFile; fileRef = 93EFE857C28568DC4F285174 /* CategoryEditor.swift */; };
		E8C1C00798C335C7959CA6B8 /* Credentials.swift in Sources */ = {isa = PBXBuildFile; fileRef = EC2416C4707736A43FD2ACF6 /* Credentials.swift */; };
		E9690D9084C34359B2CA4BE0 /* RunningBlockAttributes.swift in Sources */ = {isa = PBXBuildFile; fileRef = 6905879EA2B4015915ED6D85 /* RunningBlockAttributes.swift */; };
		ED4399E69EE496C6FF815DCD /* ApplyOps.swift in Sources */ = {isa = PBXBuildFile; fileRef = 5D9FAAEA0FBB3106BE727550 /* ApplyOps.swift */; };
		EE887BB1B6C4E3954FE18778 /* TimeTapWidgetBundle.swift in Sources */ = {isa = PBXBuildFile; fileRef = DD80F6B3006ACF8E61D20600 /* TimeTapWidgetBundle.swift */; };
		F0D1D645E73776D17B15A756 /* SettingsView.swift in Sources */ = {isa = PBXBuildFile; fileRef = 2D55675D4A21D2C2D804358B /* SettingsView.swift */; };
		F300812B7D6643C70C1EBB6D /* GoogleAuth.swift in Sources */ = {isa = PBXBuildFile; fileRef = 39244103B3847640AAA55B11 /* GoogleAuth.swift */; };
		F733C108C5690B7578C71BEC /* CalendarAPI.swift in Sources */ = {isa = PBXBuildFile; fileRef = 46DD023ECACFCEE59D37F58C /* CalendarAPI.swift */; };
		F79818B7EB8597DDFF0A086F /* CaptureView.swift in Sources */ = {isa = PBXBuildFile; fileRef = 749D803612D26E9D5D20E863 /* CaptureView.swift */; };
		F80F9FE33774C44C0E469E98 /* C2Tests.swift in Sources */ = {isa = PBXBuildFile; fileRef = B8AD8C15BC946325CF02364B /* C2Tests.swift */; };
		F8A1247A10470FDF4E3E096B /* Assets.xcassets in Resources */ = {isa = PBXBuildFile; fileRef = F480CE7080FAF633ABD17E01 /* Assets.xcassets */; };
		FAF11E3081864E2D33B11B77 /* CaptureView.swift in Sources */ = {isa = PBXBuildFile; fileRef = 749D803612D26E9D5D20E863 /* CaptureView.swift */; };
		FE4C16B4DBEA5F7CCA79E6E5 /* DeadLetterSheet.swift in Sources */ = {isa = PBXBuildFile; fileRef = 67FE41A5E22FCCF25FC6FFDB /* DeadLetterSheet.swift */; };
		FF14C668B031446267AFC58D /* ElapsedTimer.swift in Sources */ = {isa = PBXBuildFile; fileRef = 89D4E7C3B275598E24D369B8 /* ElapsedTimer.swift */; };
		FF50CD03EC10A6DA85165BC4 /* D2Tests.swift in Sources */ = {isa = PBXBuildFile; fileRef = 5E8BF97CDBFD4A1958452544 /* D2Tests.swift */; };
/* End PBXBuildFile section */

/* Begin PBXContainerItemProxy section */
		17F23FC3B08766FFD68CAD70 /* PBXContainerItemProxy */ = {
			isa = PBXContainerItemProxy;
			containerPortal = F857DF8535F9DD23FF6EC550 /* Project object */;
			proxyType = 1;
			remoteGlobalIDString = 3808FD036A9F99338925BEB8;
			remoteInfo = TimeTapWidget;
		};
		6C187E3CEEEAF4345F2FD8B0 /* PBXContainerItemProxy */ = {
			isa = PBXContainerItemProxy;
			containerPortal = F857DF8535F9DD23FF6EC550 /* Project object */;
			proxyType = 1;
			remoteGlobalIDString = 706963C440EDDE47E576A2FE;
			remoteInfo = TimeTapWatchWidgets;
		};
		7528F1C1579D2BD55AB99BC7 /* PBXContainerItemProxy */ = {
			isa = PBXContainerItemProxy;
			containerPortal = F857DF8535F9DD23FF6EC550 /* Project object */;
			proxyType = 1;
			remoteGlobalIDString = 7DD2CA63DA231E2830BEADAB;
			remoteInfo = TimeTap;
		};
		A88372E5C63025DF4ADFA8F8 /* PBXContainerItemProxy */ = {
			isa = PBXContainerItemProxy;
			containerPortal = F857DF8535F9DD23FF6EC550 /* Project object */;
			proxyType = 1;
			remoteGlobalIDString = 7DD2CA63DA231E2830BEADAB;
			remoteInfo = TimeTap;
		};
		D22375101DC34F56DE95C336 /* PBXContainerItemProxy */ = {
			isa = PBXContainerItemProxy;
			containerPortal = F857DF8535F9DD23FF6EC550 /* Project object */;
			proxyType = 1;
			remoteGlobalIDString = FBD404962D92E966FD6AE900;
			remoteInfo = TimeTapWatch;
		};
		D3B0D3984B4624C49629AF20 /* PBXContainerItemProxy */ = {
			isa = PBXContainerItemProxy;
			containerPortal = F857DF8535F9DD23FF6EC550 /* Project object */;
			proxyType = 1;
			remoteGlobalIDString = EB9987D43CA994F91834932C;
			remoteInfo = TimeTapMac;
		};
/* End PBXContainerItemProxy section */

/* Begin PBXCopyFilesBuildPhase section */
		3F287D14A0FCCFF579D6C7F3 /* Embed Foundation Extensions */ = {
			isa = PBXCopyFilesBuildPhase;
			buildActionMask = 2147483647;
			dstPath = "";
			dstSubfolderSpec = 13;
			files = (
				6BBDD995479553A1E9EEB399 /* TimeTapWatchWidgets.appex in Embed Foundation Extensions */,
			);
			name = "Embed Foundation Extensions";
			runOnlyForDeploymentPostprocessing = 0;
		};
		CCB5E93B5464233B4EB0FFB2 /* Embed Watch Content */ = {
			isa = PBXCopyFilesBuildPhase;
			buildActionMask = 2147483647;
			dstPath = "$(CONTENTS_FOLDER_PATH)/Watch";
			dstSubfolderSpec = 16;
			files = (
				7F96DD504C28B4D73E8957A5 /* TimeTapWatch.app in Embed Watch Content */,
			);
			name = "Embed Watch Content";
			runOnlyForDeploymentPostprocessing = 0;
		};
		D29920C41A44887C8FAA1D59 /* Embed Foundation Extensions */ = {
			isa = PBXCopyFilesBuildPhase;
			buildActionMask = 2147483647;
			dstPath = "";
			dstSubfolderSpec = 13;
			files = (
				432271095523E83E5D0BB366 /* TimeTapWidget.appex in Embed Foundation Extensions */,
			);
			name = "Embed Foundation Extensions";
			runOnlyForDeploymentPostprocessing = 0;
		};
/* End PBXCopyFilesBuildPhase section */

/* Begin PBXFileReference section */
		039CE5BB1C222A62B5E31C03 /* RunningBlockIntents.swift */ = {isa = PBXFileReference; lastKnownFileType = sourcecode.swift; path = RunningBlockIntents.swift; sourceTree = "<group>"; };
		07EB54A6808D250C34B80A28 /* IslandCompact.swift */ = {isa = PBXFileReference; lastKnownFileType = sourcecode.swift; path = IslandCompact.swift; sourceTree = "<group>"; };
		09F16345FA3FC1CD3BDBF071 /* TimeTapMac.app */ = {isa = PBXFileReference; explicitFileType = wrapper.application; includeInIndex = 0; path = TimeTapMac.app; sourceTree = BUILT_PRODUCTS_DIR; };
		0C48DCFC2B8F43129B8031AB /* TimeTap.app */ = {isa = PBXFileReference; includeInIndex = 0; lastKnownFileType = wrapper.application; path = TimeTap.app; sourceTree = BUILT_PRODUCTS_DIR; };
		0D151859F57377AEC8118124 /* B2Tests.swift */ = {isa = PBXFileReference; lastKnownFileType = sourcecode.swift; path = B2Tests.swift; sourceTree = "<group>"; };
		18B8279D8F1187956ABD0783 /* B3Tests.swift */ = {isa = PBXFileReference; lastKnownFileType = sourcecode.swift; path = B3Tests.swift; sourceTree = "<group>"; };
		1F5930FFC528A2FFBD795210 /* IslandActivityKitTests.swift */ = {isa = PBXFileReference; lastKnownFileType = sourcecode.swift; path = IslandActivityKitTests.swift; sourceTree = "<group>"; };
		202DBF96A0E63CD41E7A516D /* Google.xcconfig */ = {isa = PBXFileReference; lastKnownFileType = text.xcconfig; path = Google.xcconfig; sourceTree = "<group>"; };
		232D12767793EC31BFE0C9BE /* MacSync.swift */ = {isa = PBXFileReference; lastKnownFileType = sourcecode.swift; path = MacSync.swift; sourceTree = "<group>"; };
		28D0D602AE6433EDCD54D134 /* DistractedTests.swift */ = {isa = PBXFileReference; lastKnownFileType = sourcecode.swift; path = DistractedTests.swift; sourceTree = "<group>"; };
		2D55675D4A21D2C2D804358B /* SettingsView.swift */ = {isa = PBXFileReference; lastKnownFileType = sourcecode.swift; path = SettingsView.swift; sourceTree = "<group>"; };
		2D740D026C2724E59E51C467 /* NowPanelTests.swift */ = {isa = PBXFileReference; lastKnownFileType = sourcecode.swift; path = NowPanelTests.swift; sourceTree = "<group>"; };
		31BB6E2F4AC7571D01632124 /* CalendarPickerView.swift */ = {isa = PBXFileReference; lastKnownFileType = sourcecode.swift; path = CalendarPickerView.swift; sourceTree = "<group>"; };
		39244103B3847640AAA55B11 /* GoogleAuth.swift */ = {isa = PBXFileReference; lastKnownFileType = sourcecode.swift; path = GoogleAuth.swift; sourceTree = "<group>"; };
		39E03606DA07F84D2D231B15 /* TimeTapWatch.app */ = {isa = PBXFileReference; explicitFileType = wrapper.application; includeInIndex = 0; path = TimeTapWatch.app; sourceTree = BUILT_PRODUCTS_DIR; };
		416881FDA0DDE709D21E55C3 /* A3Tests.swift */ = {isa = PBXFileReference; lastKnownFileType = sourcecode.swift; path = A3Tests.swift; sourceTree = "<group>"; };
		4325D3C4F6B9A54F3A3CA3E5 /* TimeTapMacTests.xctest */ = {isa = PBXFileReference; explicitFileType = wrapper.cfbundle; includeInIndex = 0; path = TimeTapMacTests.xctest; sourceTree = BUILT_PRODUCTS_DIR; };
		43B809B676BE90248BE9584E /* UTests.swift */ = {isa = PBXFileReference; lastKnownFileType = sourcecode.swift; path = UTests.swift; sourceTree = "<group>"; };
		456BAE728F9C267C4D23CAD5 /* WatchContractTests.swift */ = {isa = PBXFileReference; lastKnownFileType = sourcecode.swift; path = WatchContractTests.swift; sourceTree = "<group>"; };
		46DD023ECACFCEE59D37F58C /* CalendarAPI.swift */ = {isa = PBXFileReference; lastKnownFileType = sourcecode.swift; path = CalendarAPI.swift; sourceTree = "<group>"; };
		47B9719A4D5ACAE3A65E08CB /* SplitSheet.swift */ = {isa = PBXFileReference; lastKnownFileType = sourcecode.swift; path = SplitSheet.swift; sourceTree = "<group>"; };
		49092CA9D4C73500509BB649 /* DayRailView.swift */ = {isa = PBXFileReference; lastKnownFileType = sourcecode.swift; path = DayRailView.swift; sourceTree = "<group>"; };
		4E7744EE4EAB4173F4B3D188 /* Models.swift */ = {isa = PBXFileReference; lastKnownFileType = sourcecode.swift; path = Models.swift; sourceTree = "<group>"; };
		50A1BD01C683FF67F8F298F1 /* R7Tests.swift */ = {isa = PBXFileReference; lastKnownFileType = sourcecode.swift; path = R7Tests.swift; sourceTree = "<group>"; };
		597EAC124113F96BC3B807D8 /* WatchCaptureView.swift */ = {isa = PBXFileReference; lastKnownFileType = sourcecode.swift; path = WatchCaptureView.swift; sourceTree = "<group>"; };
		5B6E4BC029AB56DD7EB503AD /* C3Tests.swift */ = {isa = PBXFileReference; lastKnownFileType = sourcecode.swift; path = C3Tests.swift; sourceTree = "<group>"; };
		5D9FAAEA0FBB3106BE727550 /* ApplyOps.swift */ = {isa = PBXFileReference; lastKnownFileType = sourcecode.swift; path = ApplyOps.swift; sourceTree = "<group>"; };
		5E8BF97CDBFD4A1958452544 /* D2Tests.swift */ = {isa = PBXFileReference; lastKnownFileType = sourcecode.swift; path = D2Tests.swift; sourceTree = "<group>"; };
		62372ECAE115ACC89B6A24D3 /* D1Tests.swift */ = {isa = PBXFileReference; lastKnownFileType = sourcecode.swift; path = D1Tests.swift; sourceTree = "<group>"; };
		67FE41A5E22FCCF25FC6FFDB /* DeadLetterSheet.swift */ = {isa = PBXFileReference; lastKnownFileType = sourcecode.swift; path = DeadLetterSheet.swift; sourceTree = "<group>"; };
		6905879EA2B4015915ED6D85 /* RunningBlockAttributes.swift */ = {isa = PBXFileReference; lastKnownFileType = sourcecode.swift; path = RunningBlockAttributes.swift; sourceTree = "<group>"; };
		6A0D0233A5182D73E512360D /* TimeTapWatchWidgets.appex */ = {isa = PBXFileReference; explicitFileType = "wrapper.app-extension"; includeInIndex = 0; path = TimeTapWatchWidgets.appex; sourceTree = BUILT_PRODUCTS_DIR; };
		6C9E642DDAC8A5F6C60D9EF4 /* A1Tests.swift */ = {isa = PBXFileReference; lastKnownFileType = sourcecode.swift; path = A1Tests.swift; sourceTree = "<group>"; };
		6D7B42C20E98A8B8C2475C8B /* SignInView.swift */ = {isa = PBXFileReference; lastKnownFileType = sourcecode.swift; path = SignInView.swift; sourceTree = "<group>"; };
		6DC9D8FAFE6CD1911BA1BA06 /* TimeTapApp.swift */ = {isa = PBXFileReference; lastKnownFileType = sourcecode.swift; path = TimeTapApp.swift; sourceTree = "<group>"; };
		6E29BEF654D744250E5F208A /* WatchBridge.swift */ = {isa = PBXFileReference; lastKnownFileType = sourcecode.swift; path = WatchBridge.swift; sourceTree = "<group>"; };
		72AB36F224AB7588E53018B4 /* A4Tests.swift */ = {isa = PBXFileReference; lastKnownFileType = sourcecode.swift; path = A4Tests.swift; sourceTree = "<group>"; };
		73A8E6B72917D588965E13C7 /* RunningBlockSync.swift */ = {isa = PBXFileReference; lastKnownFileType = sourcecode.swift; path = RunningBlockSync.swift; sourceTree = "<group>"; };
		749D803612D26E9D5D20E863 /* CaptureView.swift */ = {isa = PBXFileReference; lastKnownFileType = sourcecode.swift; path = CaptureView.swift; sourceTree = "<group>"; };
		7609C6A77691CD52326C9F36 /* C1Tests.swift */ = {isa = PBXFileReference; lastKnownFileType = sourcecode.swift; path = C1Tests.swift; sourceTree = "<group>"; };
		78A82B3A24F77ABD16DCFF36 /* TimeTapWatchWidgets.swift */ = {isa = PBXFileReference; lastKnownFileType = sourcecode.swift; path = TimeTapWatchWidgets.swift; sourceTree = "<group>"; };
		8126B4FE3CB9C4362805622A /* A2Tests.swift */ = {isa = PBXFileReference; lastKnownFileType = sourcecode.swift; path = A2Tests.swift; sourceTree = "<group>"; };
		81CFE3A99E0CF8FBDABA38A5 /* TimeTapUITests.xctest */ = {isa = PBXFileReference; includeInIndex = 0; lastKnownFileType = wrapper.cfbundle; path = TimeTapUITests.xctest; sourceTree = BUILT_PRODUCTS_DIR; };
		89D4E7C3B275598E24D369B8 /* ElapsedTimer.swift */ = {isa = PBXFileReference; lastKnownFileType = sourcecode.swift; path = ElapsedTimer.swift; sourceTree = "<group>"; };
		8A9A5606319F1BD6FBB83147 /* TimeTapTestCase.swift */ = {isa = PBXFileReference; lastKnownFileType = sourcecode.swift; path = TimeTapTestCase.swift; sourceTree = "<group>"; };
		916221A5EC9C0A87ECE13B28 /* CaptureLayoutTests.swift */ = {isa = PBXFileReference; lastKnownFileType = sourcecode.swift; path = CaptureLayoutTests.swift; sourceTree = "<group>"; };
		92673D20F168B38B293C621F /* Format.swift */ = {isa = PBXFileReference; lastKnownFileType = sourcecode.swift; path = Format.swift; sourceTree = "<group>"; };
		93EFE857C28568DC4F285174 /* CategoryEditor.swift */ = {isa = PBXFileReference; lastKnownFileType = sourcecode.swift; path = CategoryEditor.swift; sourceTree = "<group>"; };
		947854D364BF09E649B58C60 /* LAContractTests.swift */ = {isa = PBXFileReference; lastKnownFileType = sourcecode.swift; path = LAContractTests.swift; sourceTree = "<group>"; };
		979753C469BB46C427293E02 /* RootView.swift */ = {isa = PBXFileReference; lastKnownFileType = sourcecode.swift; path = RootView.swift; sourceTree = "<group>"; };
		985589721A894348CA376DA2 /* CaptureChromeUITests.swift */ = {isa = PBXFileReference; lastKnownFileType = sourcecode.swift; path = CaptureChromeUITests.swift; sourceTree = "<group>"; };
		9D9D4875A281E3F960C3A7CD /* Grammar.swift */ = {isa = PBXFileReference; lastKnownFileType = sourcecode.swift; path = Grammar.swift; sourceTree = "<group>"; };
		A110EC0051A7A1D87110C352 /* B4Tests.swift */ = {isa = PBXFileReference; lastKnownFileType = sourcecode.swift; path = B4Tests.swift; sourceTree = "<group>"; };
		A1897757A859B65F9040F9F3 /* WatchPayload.swift */ = {isa = PBXFileReference; lastKnownFileType = sourcecode.swift; path = WatchPayload.swift; sourceTree = "<group>"; };
		AAA965FB1691DE83A3A94454 /* Info.plist */ = {isa = PBXFileReference; lastKnownFileType = text.plist; path = Info.plist; sourceTree = "<group>"; };
		AC4E8B4B190F81FB6241260B /* TimeTapMacApp.swift */ = {isa = PBXFileReference; lastKnownFileType = sourcecode.swift; path = TimeTapMacApp.swift; sourceTree = "<group>"; };
		ACACF2CAA54ADB3781FFB466 /* LAIslandTests.swift */ = {isa = PBXFileReference; lastKnownFileType = sourcecode.swift; path = LAIslandTests.swift; sourceTree = "<group>"; };
		B1FF4806EEB7A5DA1B512B3C /* Info.plist */ = {isa = PBXFileReference; lastKnownFileType = text.plist; path = Info.plist; sourceTree = "<group>"; };
		B8AD8C15BC946325CF02364B /* C2Tests.swift */ = {isa = PBXFileReference; lastKnownFileType = sourcecode.swift; path = C2Tests.swift; sourceTree = "<group>"; };
		BAC2DE3B09600DA88FB5B052 /* PlanRailTests.swift */ = {isa = PBXFileReference; lastKnownFileType = sourcecode.swift; path = PlanRailTests.swift; sourceTree = "<group>"; };
		BAC9B25DC0659D8C29467C36 /* Info.plist */ = {isa = PBXFileReference; lastKnownFileType = text.plist; path = Info.plist; sourceTree = "<group>"; };
		BB1F0CC73C68335BC4F422A3 /* RailSyncTests.swift */ = {isa = PBXFileReference; lastKnownFileType = sourcecode.swift; path = RailSyncTests.swift; sourceTree = "<group>"; };
		C4001B84009A0FB9662B7CB5 /* TimeTapWatchApp.swift */ = {isa = PBXFileReference; lastKnownFileType = sourcecode.swift; path = TimeTapWatchApp.swift; sourceTree = "<group>"; };
		C85019F7B88C8EE4DFBE85A0 /* TapStore.swift */ = {isa = PBXFileReference; lastKnownFileType = sourcecode.swift; path = TapStore.swift; sourceTree = "<group>"; };
		CAAA7DE9DBBAA54C77A78BD0 /* TimeTapTests.xctest */ = {isa = PBXFileReference; includeInIndex = 0; lastKnownFileType = wrapper.cfbundle; path = TimeTapTests.xctest; sourceTree = BUILT_PRODUCTS_DIR; };
		CF45FF913A460C9661EDF34B /* SitEditSheet.swift */ = {isa = PBXFileReference; lastKnownFileType = sourcecode.swift; path = SitEditSheet.swift; sourceTree = "<group>"; };
		D565856237848B63734F222E /* IslandCompactLayoutTests.swift */ = {isa = PBXFileReference; lastKnownFileType = sourcecode.swift; path = IslandCompactLayoutTests.swift; sourceTree = "<group>"; };
		D5D9AC587B12850A2BC55FC7 /* TimeTapWidget.appex */ = {isa = PBXFileReference; includeInIndex = 0; lastKnownFileType = "wrapper.app-extension"; path = TimeTapWidget.appex; sourceTree = BUILT_PRODUCTS_DIR; };
		D718D6E99F21872C9D001A1E /* RunningBlockLiveActivity.swift */ = {isa = PBXFileReference; lastKnownFileType = sourcecode.swift; path = RunningBlockLiveActivity.swift; sourceTree = "<group>"; };
		D943F9A6CAF5F4D8B8DCC048 /* B1Tests.swift */ = {isa = PBXFileReference; lastKnownFileType = sourcecode.swift; path = B1Tests.swift; sourceTree = "<group>"; };
		DD80F6B3006ACF8E61D20600 /* TimeTapWidgetBundle.swift */ = {isa = PBXFileReference; lastKnownFileType = sourcecode.swift; path = TimeTapWidgetBundle.swift; sourceTree = "<group>"; };
		E040026C39B4785B31695C2A /* IslandWidgetProcessTests.swift */ = {isa = PBXFileReference; lastKnownFileType = sourcecode.swift; path = IslandWidgetProcessTests.swift; sourceTree = "<group>"; };
		E1081BF06380E19CD45A1681 /* StatusItemController.swift */ = {isa = PBXFileReference; lastKnownFileType = sourcecode.swift; path = StatusItemController.swift; sourceTree = "<group>"; };
		E7EAF9A980863349CFE51CD6 /* Info.plist */ = {isa = PBXFileReference; lastKnownFileType = text.plist; path = Info.plist; sourceTree = "<group>"; };
		E953503CB9FB2A7BF36BFA9C /* PostureRowTests.swift */ = {isa = PBXFileReference; lastKnownFileType = sourcecode.swift; path = PostureRowTests.swift; sourceTree = "<group>"; };
		EC2416C4707736A43FD2ACF6 /* Credentials.swift */ = {isa = PBXFileReference; lastKnownFileType = sourcecode.swift; path = Credentials.swift; sourceTree = "<group>"; };
		F0947EED16A8B40C767B8FA0 /* Theme.swift */ = {isa = PBXFileReference; lastKnownFileType = sourcecode.swift; path = Theme.swift; sourceTree = "<group>"; };
		F183B2E57960EBCCE53ACB09 /* Info.plist */ = {isa = PBXFileReference; lastKnownFileType = text.plist; path = Info.plist; sourceTree = "<group>"; };
		F30FBDC97A8B85EE5378C6E7 /* LASyncTests.swift */ = {isa = PBXFileReference; lastKnownFileType = sourcecode.swift; path = LASyncTests.swift; sourceTree = "<group>"; };
		F480CE7080FAF633ABD17E01 /* Assets.xcassets */ = {isa = PBXFileReference; lastKnownFileType = folder.assetcatalog; path = Assets.xcassets; sourceTree = "<group>"; };
		F6B809E5461B1A85A6E1E4BD /* WatchSession.swift */ = {isa = PBXFileReference; lastKnownFileType = sourcecode.swift; path = WatchSession.swift; sourceTree = "<group>"; };
/* End PBXFileReference section */

/* Begin PBXFrameworksBuildPhase section */
		546733D032CFFAF53DEB886C /* Frameworks */ = {
			isa = PBXFrameworksBuildPhase;
			buildActionMask = 2147483647;
			files = (
				6A9A11C21C65551FCCD56E12 /* GoogleSignIn in Frameworks */,
			);
			runOnlyForDeploymentPostprocessing = 0;
		};
		E66F054E9674E3374439E4DC /* Frameworks */ = {
			isa = PBXFrameworksBuildPhase;
			buildActionMask = 2147483647;
			files = (
				81925425FD2759B8617E9D60 /* GoogleSignIn in Frameworks */,
			);
			runOnlyForDeploymentPostprocessing = 0;
		};
/* End PBXFrameworksBuildPhase section */

/* Begin PBXGroup section */
		0545239AE37D0153AEC88C40 /* TimeTapWatchWidgets */ = {
			isa = PBXGroup;
			children = (
				E7EAF9A980863349CFE51CD6 /* Info.plist */,
				78A82B3A24F77ABD16DCFF36 /* TimeTapWatchWidgets.swift */,
			);
			path = TimeTapWatchWidgets;
			sourceTree = "<group>";
		};
		233DEBCCA6357CEA8D50A9BC /* TimeTapWidget */ = {
			isa = PBXGroup;
			children = (
				BAC9B25DC0659D8C29467C36 /* Info.plist */,
				D718D6E99F21872C9D001A1E /* RunningBlockLiveActivity.swift */,
				DD80F6B3006ACF8E61D20600 /* TimeTapWidgetBundle.swift */,
			);
			path = TimeTapWidget;
			sourceTree = "<group>";
		};
		3E6FC59B3A40708FC4EDF1D1 /* Config */ = {
			isa = PBXGroup;
			children = (
				202DBF96A0E63CD41E7A516D /* Google.xcconfig */,
			);
			path = Config;
			sourceTree = "<group>";
		};
		57D17ABFC6908E1FDA3FC311 /* TimeTapUITests */ = {
			isa = PBXGroup;
			children = (
				985589721A894348CA376DA2 /* CaptureChromeUITests.swift */,
			);
			path = TimeTapUITests;
			sourceTree = "<group>";
		};
		65661EEC756AF252C8C902EE /* Models */ = {
			isa = PBXGroup;
			children = (
				4E7744EE4EAB4173F4B3D188 /* Models.swift */,
			);
			path = Models;
			sourceTree = "<group>";
		};
		6A67AE575CE2550792AF5F0F /* LiveActivity */ = {
			isa = PBXGroup;
			children = (
				89D4E7C3B275598E24D369B8 /* ElapsedTimer.swift */,
				07EB54A6808D250C34B80A28 /* IslandCompact.swift */,
				6905879EA2B4015915ED6D85 /* RunningBlockAttributes.swift */,
				039CE5BB1C222A62B5E31C03 /* RunningBlockIntents.swift */,
				73A8E6B72917D588965E13C7 /* RunningBlockSync.swift */,
			);
			path = LiveActivity;
			sourceTree = "<group>";
		};
		8111C3878835167A57F059B1 /* TimeTapMac */ = {
			isa = PBXGroup;
			children = (
				AAA965FB1691DE83A3A94454 /* Info.plist */,
				E1081BF06380E19CD45A1681 /* StatusItemController.swift */,
				AC4E8B4B190F81FB6241260B /* TimeTapMacApp.swift */,
			);
			path = TimeTapMac;
			sourceTree = "<group>";
		};
		AB85A8E9997F93FEF628CDE1 /* TimeTap */ = {
			isa = PBXGroup;
			children = (
				F480CE7080FAF633ABD17E01 /* Assets.xcassets */,
				92673D20F168B38B293C621F /* Format.swift */,
				B1FF4806EEB7A5DA1B512B3C /* Info.plist */,
				F0947EED16A8B40C767B8FA0 /* Theme.swift */,
				6DC9D8FAFE6CD1911BA1BA06 /* TimeTapApp.swift */,
				3E6FC59B3A40708FC4EDF1D1 /* Config */,
				6A67AE575CE2550792AF5F0F /* LiveActivity */,
				E8D4857D3C52832F9A862C23 /* Mac */,
				65661EEC756AF252C8C902EE /* Models */,
				B4A439978C48A6D87AD9D481 /* Services */,
				CD89DEDEA4606A0558A58718 /* Views */,
				F009E34A31EA4FA07D406EAD /* Watch */,
			);
			path = TimeTap;
			sourceTree = "<group>";
		};
		B4A439978C48A6D87AD9D481 /* Services */ = {
			isa = PBXGroup;
			children = (
				5D9FAAEA0FBB3106BE727550 /* ApplyOps.swift */,
				46DD023ECACFCEE59D37F58C /* CalendarAPI.swift */,
				EC2416C4707736A43FD2ACF6 /* Credentials.swift */,
				39244103B3847640AAA55B11 /* GoogleAuth.swift */,
				9D9D4875A281E3F960C3A7CD /* Grammar.swift */,
				C85019F7B88C8EE4DFBE85A0 /* TapStore.swift */,
			);
			path = Services;
			sourceTree = "<group>";
		};
		B6C31230AC23D7C2FD05A374 = {
			isa = PBXGroup;
			children = (
				AB85A8E9997F93FEF628CDE1 /* TimeTap */,
				8111C3878835167A57F059B1 /* TimeTapMac */,
				FCB7DBEE5C9F6392D87F4410 /* TimeTapMacTests */,
				B854C4CFD46444295D8ACE04 /* TimeTapTests */,
				57D17ABFC6908E1FDA3FC311 /* TimeTapUITests */,
				F5EC9AAD7623CCC24C99E347 /* TimeTapWatch */,
				0545239AE37D0153AEC88C40 /* TimeTapWatchWidgets */,
				233DEBCCA6357CEA8D50A9BC /* TimeTapWidget */,
				E6FD22C9DCD904BE6FEB037D /* Products */,
			);
			sourceTree = "<group>";
		};
		B854C4CFD46444295D8ACE04 /* TimeTapTests */ = {
			isa = PBXGroup;
			children = (
				6C9E642DDAC8A5F6C60D9EF4 /* A1Tests.swift */,
				8126B4FE3CB9C4362805622A /* A2Tests.swift */,
				416881FDA0DDE709D21E55C3 /* A3Tests.swift */,
				72AB36F224AB7588E53018B4 /* A4Tests.swift */,
				D943F9A6CAF5F4D8B8DCC048 /* B1Tests.swift */,
				0D151859F57377AEC8118124 /* B2Tests.swift */,
				18B8279D8F1187956ABD0783 /* B3Tests.swift */,
				A110EC0051A7A1D87110C352 /* B4Tests.swift */,
				7609C6A77691CD52326C9F36 /* C1Tests.swift */,
				B8AD8C15BC946325CF02364B /* C2Tests.swift */,
				5B6E4BC029AB56DD7EB503AD /* C3Tests.swift */,
				916221A5EC9C0A87ECE13B28 /* CaptureLayoutTests.swift */,
				62372ECAE115ACC89B6A24D3 /* D1Tests.swift */,
				5E8BF97CDBFD4A1958452544 /* D2Tests.swift */,
				28D0D602AE6433EDCD54D134 /* DistractedTests.swift */,
				1F5930FFC528A2FFBD795210 /* IslandActivityKitTests.swift */,
				D565856237848B63734F222E /* IslandCompactLayoutTests.swift */,
				E040026C39B4785B31695C2A /* IslandWidgetProcessTests.swift */,
				947854D364BF09E649B58C60 /* LAContractTests.swift */,
				ACACF2CAA54ADB3781FFB466 /* LAIslandTests.swift */,
				F30FBDC97A8B85EE5378C6E7 /* LASyncTests.swift */,
				2D740D026C2724E59E51C467 /* NowPanelTests.swift */,
				BAC2DE3B09600DA88FB5B052 /* PlanRailTests.swift */,
				E953503CB9FB2A7BF36BFA9C /* PostureRowTests.swift */,
				50A1BD01C683FF67F8F298F1 /* R7Tests.swift */,
				BB1F0CC73C68335BC4F422A3 /* RailSyncTests.swift */,
				8A9A5606319F1BD6FBB83147 /* TimeTapTestCase.swift */,
				43B809B676BE90248BE9584E /* UTests.swift */,
				456BAE728F9C267C4D23CAD5 /* WatchContractTests.swift */,
			);
			path = TimeTapTests;
			sourceTree = "<group>";
		};
		CD89DEDEA4606A0558A58718 /* Views */ = {
			isa = PBXGroup;
			children = (
				31BB6E2F4AC7571D01632124 /* CalendarPickerView.swift */,
				749D803612D26E9D5D20E863 /* CaptureView.swift */,
				93EFE857C28568DC4F285174 /* CategoryEditor.swift */,
				49092CA9D4C73500509BB649 /* DayRailView.swift */,
				67FE41A5E22FCCF25FC6FFDB /* DeadLetterSheet.swift */,
				979753C469BB46C427293E02 /* RootView.swift */,
				2D55675D4A21D2C2D804358B /* SettingsView.swift */,
				6D7B42C20E98A8B8C2475C8B /* SignInView.swift */,
				CF45FF913A460C9661EDF34B /* SitEditSheet.swift */,
				47B9719A4D5ACAE3A65E08CB /* SplitSheet.swift */,
			);
			path = Views;
			sourceTree = "<group>";
		};
		E6FD22C9DCD904BE6FEB037D /* Products */ = {
			isa = PBXGroup;
			children = (
				0C48DCFC2B8F43129B8031AB /* TimeTap.app */,
				09F16345FA3FC1CD3BDBF071 /* TimeTapMac.app */,
				4325D3C4F6B9A54F3A3CA3E5 /* TimeTapMacTests.xctest */,
				CAAA7DE9DBBAA54C77A78BD0 /* TimeTapTests.xctest */,
				81CFE3A99E0CF8FBDABA38A5 /* TimeTapUITests.xctest */,
				39E03606DA07F84D2D231B15 /* TimeTapWatch.app */,
				6A0D0233A5182D73E512360D /* TimeTapWatchWidgets.appex */,
				D5D9AC587B12850A2BC55FC7 /* TimeTapWidget.appex */,
			);
			name = Products;
			sourceTree = "<group>";
		};
		E8D4857D3C52832F9A862C23 /* Mac */ = {
			isa = PBXGroup;
			children = (
				232D12767793EC31BFE0C9BE /* MacSync.swift */,
			);
			path = Mac;
			sourceTree = "<group>";
		};
		F009E34A31EA4FA07D406EAD /* Watch */ = {
			isa = PBXGroup;
			children = (
				6E29BEF654D744250E5F208A /* WatchBridge.swift */,
				A1897757A859B65F9040F9F3 /* WatchPayload.swift */,
			);
			path = Watch;
			sourceTree = "<group>";
		};
		F5EC9AAD7623CCC24C99E347 /* TimeTapWatch */ = {
			isa = PBXGroup;
			children = (
				F183B2E57960EBCCE53ACB09 /* Info.plist */,
				C4001B84009A0FB9662B7CB5 /* TimeTapWatchApp.swift */,
				597EAC124113F96BC3B807D8 /* WatchCaptureView.swift */,
				F6B809E5461B1A85A6E1E4BD /* WatchSession.swift */,
			);
			path = TimeTapWatch;
			sourceTree = "<group>";
		};
		FCB7DBEE5C9F6392D87F4410 /* TimeTapMacTests */ = {
			isa = PBXGroup;
			children = (
			);
			path = TimeTapMacTests;
			sourceTree = "<group>";
		};
/* End PBXGroup section */

/* Begin PBXNativeTarget section */
		2FABA00A70E3E5F3EE9C003E /* TimeTapTests */ = {
			isa = PBXNativeTarget;
			buildConfigurationList = 3A0BF1D90697F777287CABD5 /* Build configuration list for PBXNativeTarget "TimeTapTests" */;
			buildPhases = (
				2AC55B306D7AADF5A1480BB1 /* Sources */,
			);
			buildRules = (
			);
			dependencies = (
				2575BCA25260533E8A620E39 /* PBXTargetDependency */,
			);
			name = TimeTapTests;
			packageProductDependencies = (
			);
			productName = TimeTapTests;
			productReference = CAAA7DE9DBBAA54C77A78BD0 /* TimeTapTests.xctest */;
			productType = "com.apple.product-type.bundle.unit-test";
		};
		3808FD036A9F99338925BEB8 /* TimeTapWidget */ = {
			isa = PBXNativeTarget;
			buildConfigurationList = 99BE51B1C1F25995A01FE0F1 /* Build configuration list for PBXNativeTarget "TimeTapWidget" */;
			buildPhases = (
				A520D67861FF96D41914B8CE /* Sources */,
			);
			buildRules = (
			);
			dependencies = (
			);
			name = TimeTapWidget;
			packageProductDependencies = (
			);
			productName = TimeTapWidget;
			productReference = D5D9AC587B12850A2BC55FC7 /* TimeTapWidget.appex */;
			productType = "com.apple.product-type.app-extension";
		};
		706963C440EDDE47E576A2FE /* TimeTapWatchWidgets */ = {
			isa = PBXNativeTarget;
			buildConfigurationList = 831FB85119C502312FE6EE28 /* Build configuration list for PBXNativeTarget "TimeTapWatchWidgets" */;
			buildPhases = (
				16930F041EA129E593E84A23 /* Sources */,
			);
			buildRules = (
			);
			dependencies = (
			);
			name = TimeTapWatchWidgets;
			packageProductDependencies = (
			);
			productName = TimeTapWatchWidgets;
			productReference = 6A0D0233A5182D73E512360D /* TimeTapWatchWidgets.appex */;
			productType = "com.apple.product-type.app-extension";
		};
		7DD2CA63DA231E2830BEADAB /* TimeTap */ = {
			isa = PBXNativeTarget;
			buildConfigurationList = D4AFCFCA5C9F8D7527F8F5A5 /* Build configuration list for PBXNativeTarget "TimeTap" */;
			buildPhases = (
				488A7E2840BC86FAA0E471FF /* Sources */,
				35200B8D54A900C23603F4D9 /* Resources */,
				E66F054E9674E3374439E4DC /* Frameworks */,
				D29920C41A44887C8FAA1D59 /* Embed Foundation Extensions */,
				CCB5E93B5464233B4EB0FFB2 /* Embed Watch Content */,
			);
			buildRules = (
			);
			dependencies = (
				2E97F7ECF25DFFD6C487CDC4 /* PBXTargetDependency */,
				0C03CF01D9FA1715CDCD1796 /* PBXTargetDependency */,
			);
			name = TimeTap;
			packageProductDependencies = (
				E2AC37527A1324DCA04213C6 /* GoogleSignIn */,
			);
			productName = TimeTap;
			productReference = 0C48DCFC2B8F43129B8031AB /* TimeTap.app */;
			productType = "com.apple.product-type.application";
		};
		8E7B3E1883B4FE47C6917EAA /* TimeTapUITests */ = {
			isa = PBXNativeTarget;
			buildConfigurationList = 818A917009E6D618E4D47223 /* Build configuration list for PBXNativeTarget "TimeTapUITests" */;
			buildPhases = (
				0163AD3601A42DE32E0BB95B /* Sources */,
			);
			buildRules = (
			);
			dependencies = (
				A08351000EAA978B124A2937 /* PBXTargetDependency */,
			);
			name = TimeTapUITests;
			packageProductDependencies = (
			);
			productName = TimeTapUITests;
			productReference = 81CFE3A99E0CF8FBDABA38A5 /* TimeTapUITests.xctest */;
			productType = "com.apple.product-type.bundle.ui-testing";
		};
		B27DD9507128E653F7AFBCF7 /* TimeTapMacTests */ = {
			isa = PBXNativeTarget;
			buildConfigurationList = B34ACA12381749845C853FC8 /* Build configuration list for PBXNativeTarget "TimeTapMacTests" */;
			buildPhases = (
				D741EBF9657FEA3A90744FB3 /* Sources */,
			);
			buildRules = (
			);
			dependencies = (
				ED6B698C71272C4DF1D3A1E2 /* PBXTargetDependency */,
			);
			name = TimeTapMacTests;
			packageProductDependencies = (
			);
			productName = TimeTapMacTests;
			productReference = 4325D3C4F6B9A54F3A3CA3E5 /* TimeTapMacTests.xctest */;
			productType = "com.apple.product-type.bundle.unit-test";
		};
		EB9987D43CA994F91834932C /* TimeTapMac */ = {
			isa = PBXNativeTarget;
			buildConfigurationList = 34E1F7D644B1C632235446E0 /* Build configuration list for PBXNativeTarget "TimeTapMac" */;
			buildPhases = (
				CE6A39BC505330082D025E5B /* Sources */,
				768BD89481DB70BCA08D59E5 /* Resources */,
				546733D032CFFAF53DEB886C /* Frameworks */,
			);
			buildRules = (
			);
			dependencies = (
			);
			name = TimeTapMac;
			packageProductDependencies = (
				4D27F5530B55EE483C679F27 /* GoogleSignIn */,
			);
			productName = TimeTapMac;
			productReference = 09F16345FA3FC1CD3BDBF071 /* TimeTapMac.app */;
			productType = "com.apple.product-type.application";
		};
		FBD404962D92E966FD6AE900 /* TimeTapWatch */ = {
			isa = PBXNativeTarget;
			buildConfigurationList = CFAAC48D5111F92B157B4134 /* Build configuration list for PBXNativeTarget "TimeTapWatch" */;
			buildPhases = (
				A426642AD909A989DEAC4B2A /* Sources */,
				3F287D14A0FCCFF579D6C7F3 /* Embed Foundation Extensions */,
			);
			buildRules = (
			);
			dependencies = (
				AAE2111B2580D15BBA39FCB8 /* PBXTargetDependency */,
			);
			name = TimeTapWatch;
			packageProductDependencies = (
			);
			productName = TimeTapWatch;
			productReference = 39E03606DA07F84D2D231B15 /* TimeTapWatch.app */;
			productType = "com.apple.product-type.application";
		};
/* End PBXNativeTarget section */

/* Begin PBXProject section */
		F857DF8535F9DD23FF6EC550 /* Project object */ = {
			isa = PBXProject;
			attributes = {
				BuildIndependentTargetsInParallel = YES;
				LastUpgradeCheck = 1600;
				TargetAttributes = {
					2FABA00A70E3E5F3EE9C003E = {
						DevelopmentTeam = Y3NGT7263T;
						ProvisioningStyle = Automatic;
					};
					3808FD036A9F99338925BEB8 = {
						DevelopmentTeam = Y3NGT7263T;
						ProvisioningStyle = Automatic;
					};
					706963C440EDDE47E576A2FE = {
						DevelopmentTeam = Y3NGT7263T;
						ProvisioningStyle = Automatic;
					};
					7DD2CA63DA231E2830BEADAB = {
						DevelopmentTeam = Y3NGT7263T;
						ProvisioningStyle = Automatic;
					};
					8E7B3E1883B4FE47C6917EAA = {
						DevelopmentTeam = Y3NGT7263T;
						ProvisioningStyle = Automatic;
						TestTargetID = 7DD2CA63DA231E2830BEADAB;
					};
					B27DD9507128E653F7AFBCF7 = {
						DevelopmentTeam = Y3NGT7263T;
						ProvisioningStyle = Automatic;
					};
					EB9987D43CA994F91834932C = {
						DevelopmentTeam = Y3NGT7263T;
						ProvisioningStyle = Automatic;
					};
					FBD404962D92E966FD6AE900 = {
						DevelopmentTeam = Y3NGT7263T;
						ProvisioningStyle = Automatic;
					};
				};
			};
			buildConfigurationList = E315CC12703E7166E8A82DCE /* Build configuration list for PBXProject "TimeTap" */;
			developmentRegion = en;
			hasScannedForEncodings = 0;
			knownRegions = (
				Base,
				en,
			);
			mainGroup = B6C31230AC23D7C2FD05A374;
			minimizedProjectReferenceProxies = 1;
			packageReferences = (
				5D1FFC1F0E7276BB3472F1ED /* XCRemoteSwiftPackageReference "GoogleSignIn-iOS" */,
			);
			preferredProjectObjectVersion = 77;
			productRefGroup = E6FD22C9DCD904BE6FEB037D /* Products */;
			projectDirPath = "";
			projectRoot = "";
			targets = (
				7DD2CA63DA231E2830BEADAB /* TimeTap */,
				FBD404962D92E966FD6AE900 /* TimeTapWatch */,
				706963C440EDDE47E576A2FE /* TimeTapWatchWidgets */,
				3808FD036A9F99338925BEB8 /* TimeTapWidget */,
				EB9987D43CA994F91834932C /* TimeTapMac */,
				B27DD9507128E653F7AFBCF7 /* TimeTapMacTests */,
				2FABA00A70E3E5F3EE9C003E /* TimeTapTests */,
				8E7B3E1883B4FE47C6917EAA /* TimeTapUITests */,
			);
		};
/* End PBXProject section */

/* Begin PBXResourcesBuildPhase section */
		35200B8D54A900C23603F4D9 /* Resources */ = {
			isa = PBXResourcesBuildPhase;
			buildActionMask = 2147483647;
			files = (
				40D059EFA67A504708D25447 /* Assets.xcassets in Resources */,
			);
			runOnlyForDeploymentPostprocessing = 0;
		};
		768BD89481DB70BCA08D59E5 /* Resources */ = {
			isa = PBXResourcesBuildPhase;
			buildActionMask = 2147483647;
			files = (
				F8A1247A10470FDF4E3E096B /* Assets.xcassets in Resources */,
				34CD2DF182EC017BEC54F0FA /* Info.plist in Resources */,
			);
			runOnlyForDeploymentPostprocessing = 0;
		};
/* End PBXResourcesBuildPhase section */

/* Begin PBXSourcesBuildPhase section */
		0163AD3601A42DE32E0BB95B /* Sources */ = {
			isa = PBXSourcesBuildPhase;
			buildActionMask = 2147483647;
			files = (
				AF5D10E1A87E27D14D970B6D /* CaptureChromeUITests.swift in Sources */,
			);
			runOnlyForDeploymentPostprocessing = 0;
		};
		16930F041EA129E593E84A23 /* Sources */ = {
			isa = PBXSourcesBuildPhase;
			buildActionMask = 2147483647;
			files = (
				DC48869C4B99583C6EED9664 /* TimeTapWatchWidgets.swift in Sources */,
				53244A7997D264D55D061671 /* WatchPayload.swift in Sources */,
			);
			runOnlyForDeploymentPostprocessing = 0;
		};
		2AC55B306D7AADF5A1480BB1 /* Sources */ = {
			isa = PBXSourcesBuildPhase;
			buildActionMask = 2147483647;
			files = (
				58F7E0C393D62920F700C37E /* A1Tests.swift in Sources */,
				DC693AE87028C02E393735BB /* A2Tests.swift in Sources */,
				3D742B0CFBC1B8A0D3969583 /* A3Tests.swift in Sources */,
				2D0897E0A6B3231F37BEB32F /* A4Tests.swift in Sources */,
				2FB00CD640D7409118A8E4E2 /* B1Tests.swift in Sources */,
				581EFFC879088FD71F1DC717 /* B2Tests.swift in Sources */,
				099D42E94F480B0F26A3C5B9 /* B3Tests.swift in Sources */,
				036E218AE8B64A72E79FA10F /* B4Tests.swift in Sources */,
				915AC4EE2BB6C4A81CC5509B /* C1Tests.swift in Sources */,
				F80F9FE33774C44C0E469E98 /* C2Tests.swift in Sources */,
				55E5C00C72D20DF5332F9921 /* C3Tests.swift in Sources */,
				2FC7B8D83007D33089079266 /* CaptureLayoutTests.swift in Sources */,
				2EA116BE2281759FD8359C24 /* D1Tests.swift in Sources */,
				FF50CD03EC10A6DA85165BC4 /* D2Tests.swift in Sources */,
				160690DFC16F03439ACE5274 /* DistractedTests.swift in Sources */,
				8F9FE98E68ABB3AAAA07D966 /* IslandActivityKitTests.swift in Sources */,
				0CB4DD25A6E542AE087FE070 /* IslandCompactLayoutTests.swift in Sources */,
				A89B3764F7528E571B00FF36 /* IslandWidgetProcessTests.swift in Sources */,
				76714B8B45CC80A8FD787338 /* LAContractTests.swift in Sources */,
				CED4B51392FE19FAA6469E64 /* LAIslandTests.swift in Sources */,
				6C1626B3B6E0ECE23BB71658 /* LASyncTests.swift in Sources */,
				06778033684CE4B834E03DFA /* NowPanelTests.swift in Sources */,
				99B13BC6361E3DB4991750A0 /* PlanRailTests.swift in Sources */,
				B33172D73E144F82411C4E10 /* PostureRowTests.swift in Sources */,
				03749D68D801BE2CDF6B7AA3 /* R7Tests.swift in Sources */,
				A0940278920551E0F63C4EC2 /* RailSyncTests.swift in Sources */,
				8CC4CBFD19D775D120BB2467 /* TimeTapTestCase.swift in Sources */,
				84CC97FF9426A9CE8AA98F91 /* UTests.swift in Sources */,
				1182BE33CCA7EDFC56B2F1FC /* WatchContractTests.swift in Sources */,
			);
			runOnlyForDeploymentPostprocessing = 0;
		};
		488A7E2840BC86FAA0E471FF /* Sources */ = {
			isa = PBXSourcesBuildPhase;
			buildActionMask = 2147483647;
			files = (
				ED4399E69EE496C6FF815DCD /* ApplyOps.swift in Sources */,
				6C3F4C2381A713E29945746B /* CalendarAPI.swift in Sources */,
				6A17E8C8E7A7E5DCEAA82108 /* CalendarPickerView.swift in Sources */,
				FAF11E3081864E2D33B11B77 /* CaptureView.swift in Sources */,
				58C8DE293C24E23827804DF9 /* CategoryEditor.swift in Sources */,
				E8C1C00798C335C7959CA6B8 /* Credentials.swift in Sources */,
				956E790A0753C11234383A9A /* DayRailView.swift in Sources */,
				FE4C16B4DBEA5F7CCA79E6E5 /* DeadLetterSheet.swift in Sources */,
				FF14C668B031446267AFC58D /* ElapsedTimer.swift in Sources */,
				674A0AB9AE587F11D9091E36 /* Format.swift in Sources */,
				46EAECF479D1F77CC70D37E8 /* GoogleAuth.swift in Sources */,
				DD873BAE5377A7AABBAC7D34 /* Grammar.swift in Sources */,
				C6C0E7812A05BD6D1E37CFDE /* IslandCompact.swift in Sources */,
				D7038F37EBA9B3574F33EC91 /* MacSync.swift in Sources */,
				155752CD3F60C3AC82969373 /* Models.swift in Sources */,
				8B9BCD03171BB47A1FDDA0B8 /* RootView.swift in Sources */,
				E9690D9084C34359B2CA4BE0 /* RunningBlockAttributes.swift in Sources */,
				6C6BD82B6B90AB6AE376B39C /* RunningBlockIntents.swift in Sources */,
				9ED3731DEF0BF69D4EAB26A6 /* RunningBlockSync.swift in Sources */,
				F0D1D645E73776D17B15A756 /* SettingsView.swift in Sources */,
				6815C88AE2DF31036A8B5A8B /* SignInView.swift in Sources */,
				3BE07A0305050503BCA5CE8D /* SitEditSheet.swift in Sources */,
				02FC0D91E87A14D4F678123C /* SplitSheet.swift in Sources */,
				BBE466DE1345E22BC5700126 /* TapStore.swift in Sources */,
				A517FED50BB45AFCAD67AC72 /* Theme.swift in Sources */,
				DC1D8DE48367B8E83C66452D /* TimeTapApp.swift in Sources */,
				BCBCAAB3F0CC444BD32CB1C6 /* WatchBridge.swift in Sources */,
				60111423B44AB33FD6C50AFB /* WatchPayload.swift in Sources */,
			);
			runOnlyForDeploymentPostprocessing = 0;
		};
		A426642AD909A989DEAC4B2A /* Sources */ = {
			isa = PBXSourcesBuildPhase;
			buildActionMask = 2147483647;
			files = (
				9AC7BE25EBF4DE73CDF946AE /* TimeTapWatchApp.swift in Sources */,
				45701EABF5EB33A446D59637 /* WatchCaptureView.swift in Sources */,
				904F003F2B37E1EA155DB675 /* WatchPayload.swift in Sources */,
				94BEEDAB9A7B0C47B2E8EFB4 /* WatchSession.swift in Sources */,
			);
			runOnlyForDeploymentPostprocessing = 0;
		};
		A520D67861FF96D41914B8CE /* Sources */ = {
			isa = PBXSourcesBuildPhase;
			buildActionMask = 2147483647;
			files = (
				771F53452D9A17420293FDCD /* ElapsedTimer.swift in Sources */,
				3CAC6B775714033E3E41F3A9 /* IslandCompact.swift in Sources */,
				0CEC9C9EB6392DBAD6FA0167 /* RunningBlockAttributes.swift in Sources */,
				35470FB9689707A27867C3C0 /* RunningBlockIntents.swift in Sources */,
				8932106E4F3D829158AF1A70 /* RunningBlockLiveActivity.swift in Sources */,
				9384EB7759FD38EBDABFB323 /* Theme.swift in Sources */,
				EE887BB1B6C4E3954FE18778 /* TimeTapWidgetBundle.swift in Sources */,
			);
			runOnlyForDeploymentPostprocessing = 0;
		};
		CE6A39BC505330082D025E5B /* Sources */ = {
			isa = PBXSourcesBuildPhase;
			buildActionMask = 2147483647;
			files = (
				979D5EB5A36E8D6B0CC5A353 /* ApplyOps.swift in Sources */,
				F733C108C5690B7578C71BEC /* CalendarAPI.swift in Sources */,
				A61B462E0F3E8C37262AA0F6 /* CalendarPickerView.swift in Sources */,
				F79818B7EB8597DDFF0A086F /* CaptureView.swift in Sources */,
				E2DB5C46EB899B34B3CC0BD8 /* CategoryEditor.swift in Sources */,
				0A557793982EA6F8209DCB13 /* Credentials.swift in Sources */,
				96016C4BB07F10683C98CC9F /* DayRailView.swift in Sources */,
				6A7A0282C771688E8E58A91A /* DeadLetterSheet.swift in Sources */,
				DD12ADF10F59449958957CF4 /* Format.swift in Sources */,
				F300812B7D6643C70C1EBB6D /* GoogleAuth.swift in Sources */,
				8EE8F052C631C9ED537F1435 /* Grammar.swift in Sources */,
				3F75D53705FFE74C7195C292 /* MacSync.swift in Sources */,
				66468097ED8EEBC386A51880 /* Models.swift in Sources */,
				393C9F54F8FC8AB9F86F3702 /* RootView.swift in Sources */,
				97AB5098DF0B47F26C294C34 /* SettingsView.swift in Sources */,
				786C2A11064E547BBFFD01B8 /* SignInView.swift in Sources */,
				A7E82C59504AC1A3E80BEA76 /* SitEditSheet.swift in Sources */,
				B9F0E558866D6B8B52598714 /* SplitSheet.swift in Sources */,
				81216B098D58281B39C759A3 /* StatusItemController.swift in Sources */,
				3B3F44EB571FBBB65987B6D4 /* TapStore.swift in Sources */,
				3BF728804A4E219403C7B80E /* Theme.swift in Sources */,
				6942ADCD3625603DA37B56F5 /* TimeTapMacApp.swift in Sources */,
				2A9A391B39A1AF3040FBF1FA /* WatchPayload.swift in Sources */,
			);
			runOnlyForDeploymentPostprocessing = 0;
		};
		D741EBF9657FEA3A90744FB3 /* Sources */ = {
			isa = PBXSourcesBuildPhase;
			buildActionMask = 2147483647;
			files = (
			);
			runOnlyForDeploymentPostprocessing = 0;
		};
/* End PBXSourcesBuildPhase section */

/* Begin PBXTargetDependency section */
		0C03CF01D9FA1715CDCD1796 /* PBXTargetDependency */ = {
			isa = PBXTargetDependency;
			target = FBD404962D92E966FD6AE900 /* TimeTapWatch */;
			targetProxy = D22375101DC34F56DE95C336 /* PBXContainerItemProxy */;
		};
		2575BCA25260533E8A620E39 /* PBXTargetDependency */ = {
			isa = PBXTargetDependency;
			target = 7DD2CA63DA231E2830BEADAB /* TimeTap */;
			targetProxy = 7528F1C1579D2BD55AB99BC7 /* PBXContainerItemProxy */;
		};
		2E97F7ECF25DFFD6C487CDC4 /* PBXTargetDependency */ = {
			isa = PBXTargetDependency;
			target = 3808FD036A9F99338925BEB8 /* TimeTapWidget */;
			targetProxy = 17F23FC3B08766FFD68CAD70 /* PBXContainerItemProxy */;
		};
		A08351000EAA978B124A2937 /* PBXTargetDependency */ = {
			isa = PBXTargetDependency;
			target = 7DD2CA63DA231E2830BEADAB /* TimeTap */;
			targetProxy = A88372E5C63025DF4ADFA8F8 /* PBXContainerItemProxy */;
		};
		AAE2111B2580D15BBA39FCB8 /* PBXTargetDependency */ = {
			isa = PBXTargetDependency;
			target = 706963C440EDDE47E576A2FE /* TimeTapWatchWidgets */;
			targetProxy = 6C187E3CEEEAF4345F2FD8B0 /* PBXContainerItemProxy */;
		};
		ED6B698C71272C4DF1D3A1E2 /* PBXTargetDependency */ = {
			isa = PBXTargetDependency;
			target = EB9987D43CA994F91834932C /* TimeTapMac */;
			targetProxy = D3B0D3984B4624C49629AF20 /* PBXContainerItemProxy */;
		};
/* End PBXTargetDependency section */

/* Begin XCBuildConfiguration section */
		0CD6FCFB71269C0BD6D24469 /* Release */ = {
			isa = XCBuildConfiguration;
			buildSettings = {
				CODE_SIGN_STYLE = Automatic;
				DEVELOPMENT_TEAM = Y3NGT7263T;
				INFOPLIST_FILE = TimeTapWidget/Info.plist;
				INFOPLIST_KEY_CFBundleDisplayName = timetap;
				INFOPLIST_KEY_UIApplicationSceneManifest_Generation = NO;
				INFOPLIST_KEY_UILaunchScreen_Generation = NO;
				LD_RUNPATH_SEARCH_PATHS = "$(inherited) @executable_path/Frameworks @executable_path/../../Frameworks";
				PRODUCT_BUNDLE_IDENTIFIER = app.timetap.ios.widget;
				SDKROOT = iphoneos;
				SKIP_INSTALL = YES;
				TARGETED_DEVICE_FAMILY = 1;
			};
			name = Release;
		};
		1631CA3EABE939D926181E14 /* Release */ = {
			isa = XCBuildConfiguration;
			buildSettings = {
				ALWAYS_SEARCH_USER_PATHS = NO;
				CLANG_ANALYZER_NONNULL = YES;
				CLANG_ANALYZER_NUMBER_OBJECT_CONVERSION = YES_AGGRESSIVE;
				CLANG_CXX_LANGUAGE_STANDARD = "gnu++14";
				CLANG_CXX_LIBRARY = "libc++";
				CLANG_ENABLE_MODULES = YES;
				CLANG_ENABLE_OBJC_ARC = YES;
				CLANG_ENABLE_OBJC_WEAK = YES;
				CLANG_WARN_BLOCK_CAPTURE_AUTORELEASING = YES;
				CLANG_WARN_BOOL_CONVERSION = YES;
				CLANG_WARN_COMMA = YES;
				CLANG_WARN_CONSTANT_CONVERSION = YES;
				CLANG_WARN_DEPRECATED_OBJC_IMPLEMENTATIONS = YES;
				CLANG_WARN_DIRECT_OBJC_ISA_USAGE = YES_ERROR;
				CLANG_WARN_DOCUMENTATION_COMMENTS = YES;
				CLANG_WARN_EMPTY_BODY = YES;
				CLANG_WARN_ENUM_CONVERSION = YES;
				CLANG_WARN_INFINITE_RECURSION = YES;
				CLANG_WARN_INT_CONVERSION = YES;
				CLANG_WARN_NON_LITERAL_NULL_CONVERSION = YES;
				CLANG_WARN_OBJC_IMPLICIT_RETAIN_SELF = YES;
				CLANG_WARN_OBJC_LITERAL_CONVERSION = YES;
				CLANG_WARN_OBJC_ROOT_CLASS = YES_ERROR;
				CLANG_WARN_QUOTED_INCLUDE_IN_FRAMEWORK_HEADER = YES;
				CLANG_WARN_RANGE_LOOP_ANALYSIS = YES;
				CLANG_WARN_STRICT_PROTOTYPES = YES;
				CLANG_WARN_SUSPICIOUS_MOVE = YES;
				CLANG_WARN_UNGUARDED_AVAILABILITY = YES_AGGRESSIVE;
				CLANG_WARN_UNREACHABLE_CODE = YES;
				CLANG_WARN__DUPLICATE_METHOD_MATCH = YES;
				COPY_PHASE_STRIP = NO;
				CURRENT_PROJECT_VERSION = 1;
				DEBUG_INFORMATION_FORMAT = "dwarf-with-dsym";
				ENABLE_NS_ASSERTIONS = NO;
				ENABLE_STRICT_OBJC_MSGSEND = YES;
				GCC_C_LANGUAGE_STANDARD = gnu11;
				GCC_NO_COMMON_BLOCKS = YES;
				GCC_WARN_64_TO_32_BIT_CONVERSION = YES;
				GCC_WARN_ABOUT_RETURN_TYPE = YES_ERROR;
				GCC_WARN_UNDECLARED_SELECTOR = YES;
				GCC_WARN_UNINITIALIZED_AUTOS = YES_AGGRESSIVE;
				GCC_WARN_UNUSED_FUNCTION = YES;
				GCC_WARN_UNUSED_VARIABLE = YES;
				GENERATE_INFOPLIST_FILE = YES;
				INFOPLIST_KEY_CFBundleDisplayName = timetap;
				INFOPLIST_KEY_UIApplicationSceneManifest_Generation = YES;
				INFOPLIST_KEY_UILaunchScreen_Generation = YES;
				INFOPLIST_KEY_UIStatusBarStyle = UIStatusBarStyleLightContent;
				INFOPLIST_KEY_UISupportedInterfaceOrientations = UIInterfaceOrientationPortrait;
				IPHONEOS_DEPLOYMENT_TARGET = 17.2;
				MACOSX_DEPLOYMENT_TARGET = 14.0;
				MARKETING_VERSION = 0.1.0;
				MTL_ENABLE_DEBUG_INFO = NO;
				MTL_FAST_MATH = YES;
				PRODUCT_NAME = "$(TARGET_NAME)";
				SWIFT_COMPILATION_MODE = wholemodule;
				SWIFT_OPTIMIZATION_LEVEL = "-O";
				SWIFT_VERSION = 5.0;
				TARGETED_DEVICE_FAMILY = 1;
				WATCHOS_DEPLOYMENT_TARGET = 10.0;
			};
			name = Release;
		};
		3869B6401665B254A1E9B22B /* Debug */ = {
			isa = XCBuildConfiguration;
			buildSettings = {
				BUNDLE_LOADER = "$(TEST_HOST)";
				CODE_SIGN_STYLE = Automatic;
				DEVELOPMENT_TEAM = Y3NGT7263T;
				GENERATE_INFOPLIST_FILE = YES;
				LD_RUNPATH_SEARCH_PATHS = (
					"$(inherited)",
					"@executable_path/Frameworks",
					"@loader_path/Frameworks",
				);
				PRODUCT_BUNDLE_IDENTIFIER = app.timetap.ios.uitests;
				SDKROOT = iphoneos;
				TARGETED_DEVICE_FAMILY = "1,2";
				TEST_TARGET_NAME = TimeTap;
			};
			name = Debug;
		};
		3A7CAD792769D91398DA75D0 /* Release */ = {
			isa = XCBuildConfiguration;
			buildSettings = {
				CODE_SIGN_STYLE = Automatic;
				DEVELOPMENT_TEAM = Y3NGT7263T;
				INFOPLIST_FILE = TimeTapWatchWidgets/Info.plist;
				INFOPLIST_KEY_CFBundleDisplayName = timetap;
				LD_RUNPATH_SEARCH_PATHS = (
					"$(inherited)",
					"@executable_path/Frameworks",
					"@executable_path/../../Frameworks",
				);
				PRODUCT_BUNDLE_IDENTIFIER = app.timetap.ios.watchkitapp.widgets;
				SDKROOT = watchos;
				SKIP_INSTALL = YES;
				TARGETED_DEVICE_FAMILY = 4;
			};
			name = Release;
		};
		4FCBE738215D3B204F0A8A79 /* Debug */ = {
			isa = XCBuildConfiguration;
			buildSettings = {
				CODE_SIGN_STYLE = Automatic;
				DEVELOPMENT_TEAM = Y3NGT7263T;
				INFOPLIST_FILE = TimeTapWatchWidgets/Info.plist;
				INFOPLIST_KEY_CFBundleDisplayName = timetap;
				LD_RUNPATH_SEARCH_PATHS = (
					"$(inherited)",
					"@executable_path/Frameworks",
					"@executable_path/../../Frameworks",
				);
				PRODUCT_BUNDLE_IDENTIFIER = app.timetap.ios.watchkitapp.widgets;
				SDKROOT = watchos;
				SKIP_INSTALL = YES;
				TARGETED_DEVICE_FAMILY = 4;
			};
			name = Debug;
		};
		5E0AA8B0902C19DA364421A8 /* Release */ = {
			isa = XCBuildConfiguration;
			baseConfigurationReference = 202DBF96A0E63CD41E7A516D /* Google.xcconfig */;
			buildSettings = {
				ASSETCATALOG_COMPILER_APPICON_NAME = AppIcon;
				CODE_SIGN_STYLE = Automatic;
				COMBINE_HIDPI_IMAGES = YES;
				DEVELOPMENT_TEAM = Y3NGT7263T;
				ENABLE_TESTABILITY = YES;
				GENERATE_INFOPLIST_FILE = YES;
				INFOPLIST_FILE = TimeTapMac/Info.plist;
				INFOPLIST_KEY_CFBundleDisplayName = timetap;
				INFOPLIST_KEY_UIApplicationSceneManifest_Generation = NO;
				INFOPLIST_KEY_UILaunchScreen_Generation = NO;
				LD_RUNPATH_SEARCH_PATHS = (
					"$(inherited)",
					"@executable_path/../Frameworks",
				);
				PRODUCT_BUNDLE_IDENTIFIER = app.timetap.mac;
				SDKROOT = macosx;
			};
			name = Release;
		};
		6576C88405A80022A3080C05 /* Debug */ = {
			isa = XCBuildConfiguration;
			buildSettings = {
				CODE_SIGN_STYLE = Automatic;
				DEVELOPMENT_TEAM = Y3NGT7263T;
				INFOPLIST_FILE = TimeTapWidget/Info.plist;
				INFOPLIST_KEY_CFBundleDisplayName = timetap;
				INFOPLIST_KEY_UIApplicationSceneManifest_Generation = NO;
				INFOPLIST_KEY_UILaunchScreen_Generation = NO;
				LD_RUNPATH_SEARCH_PATHS = "$(inherited) @executable_path/Frameworks @executable_path/../../Frameworks";
				PRODUCT_BUNDLE_IDENTIFIER = app.timetap.ios.widget;
				SDKROOT = iphoneos;
				SKIP_INSTALL = YES;
				TARGETED_DEVICE_FAMILY = 1;
			};
			name = Debug;
		};
		67A9E6C5498D67CA40515307 /* Release */ = {
			isa = XCBuildConfiguration;
			buildSettings = {
				BUNDLE_LOADER = "$(TEST_HOST)";
				CODE_SIGN_STYLE = Automatic;
				COMBINE_HIDPI_IMAGES = YES;
				DEVELOPMENT_TEAM = Y3NGT7263T;
				GENERATE_INFOPLIST_FILE = YES;
				LD_RUNPATH_SEARCH_PATHS = (
					"$(inherited)",
					"@executable_path/../Frameworks",
					"@loader_path/../Frameworks",
				);
				PRODUCT_BUNDLE_IDENTIFIER = app.timetap.mac.tests;
				SDKROOT = macosx;
				TEST_HOST = "$(BUILT_PRODUCTS_DIR)/TimeTapMac.app/Contents/MacOS/TimeTapMac";
			};
			name = Release;
		};
		81DBD6A8A750DF895B86BE99 /* Release */ = {
			isa = XCBuildConfiguration;
			buildSettings = {
				BUNDLE_LOADER = "$(TEST_HOST)";
				CODE_SIGN_STYLE = Automatic;
				DEVELOPMENT_TEAM = Y3NGT7263T;
				GENERATE_INFOPLIST_FILE = YES;
				LD_RUNPATH_SEARCH_PATHS = (
					"$(inherited)",
					"@executable_path/Frameworks",
					"@loader_path/Frameworks",
				);
				PRODUCT_BUNDLE_IDENTIFIER = app.timetap.ios.uitests;
				SDKROOT = iphoneos;
				TARGETED_DEVICE_FAMILY = "1,2";
				TEST_TARGET_NAME = TimeTap;
			};
			name = Release;
		};
		84F57BD0A8382B125013C589 /* Debug */ = {
			isa = XCBuildConfiguration;
			baseConfigurationReference = 202DBF96A0E63CD41E7A516D /* Google.xcconfig */;
			buildSettings = {
				ASSETCATALOG_COMPILER_APPICON_NAME = AppIcon;
				CODE_SIGN_STYLE = Automatic;
				COMBINE_HIDPI_IMAGES = YES;
				DEVELOPMENT_TEAM = Y3NGT7263T;
				ENABLE_TESTABILITY = YES;
				GENERATE_INFOPLIST_FILE = YES;
				INFOPLIST_FILE = TimeTapMac/Info.plist;
				INFOPLIST_KEY_CFBundleDisplayName = timetap;
				INFOPLIST_KEY_UIApplicationSceneManifest_Generation = NO;
				INFOPLIST_KEY_UILaunchScreen_Generation = NO;
				LD_RUNPATH_SEARCH_PATHS = (
					"$(inherited)",
					"@executable_path/../Frameworks",
				);
				PRODUCT_BUNDLE_IDENTIFIER = app.timetap.mac;
				SDKROOT = macosx;
			};
			name = Debug;
		};
		8C58DEABDFAE67E7A8BCA86B /* Debug */ = {
			isa = XCBuildConfiguration;
			buildSettings = {
				ASSETCATALOG_COMPILER_APPICON_NAME = AppIcon;
				CODE_SIGN_STYLE = Automatic;
				DEVELOPMENT_TEAM = Y3NGT7263T;
				GENERATE_INFOPLIST_FILE = YES;
				INFOPLIST_FILE = TimeTapWatch/Info.plist;
				INFOPLIST_KEY_CFBundleDisplayName = timetap;
				PRODUCT_BUNDLE_IDENTIFIER = app.timetap.ios.watchkitapp;
				SDKROOT = watchos;
				SKIP_INSTALL = YES;
				TARGETED_DEVICE_FAMILY = 4;
				WKCompanionAppBundleIdentifier = app.timetap.ios;
			};
			name = Debug;
		};
		969BBB051D97C896278011BB /* Release */ = {
			isa = XCBuildConfiguration;
			baseConfigurationReference = 202DBF96A0E63CD41E7A516D /* Google.xcconfig */;
			buildSettings = {
				ASSETCATALOG_COMPILER_APPICON_NAME = AppIcon;
				CODE_SIGN_IDENTITY = "iPhone Developer";
				CODE_SIGN_STYLE = Automatic;
				DEVELOPMENT_TEAM = Y3NGT7263T;
				ENABLE_PREVIEWS = YES;
				ENABLE_TESTABILITY = YES;
				INFOPLIST_FILE = TimeTap/Info.plist;
				LD_RUNPATH_SEARCH_PATHS = (
					"$(inherited)",
					"@executable_path/Frameworks",
				);
				PRODUCT_BUNDLE_IDENTIFIER = app.timetap.ios;
				SDKROOT = iphoneos;
				TARGETED_DEVICE_FAMILY = "1,2";
			};
			name = Release;
		};
		9D2E36937CCBBEE397D31E2A /* Debug */ = {
			isa = XCBuildConfiguration;
			buildSettings = {
				BUNDLE_LOADER = "$(TEST_HOST)";
				CODE_SIGN_STYLE = Automatic;
				COMBINE_HIDPI_IMAGES = YES;
				DEVELOPMENT_TEAM = Y3NGT7263T;
				GENERATE_INFOPLIST_FILE = YES;
				LD_RUNPATH_SEARCH_PATHS = (
					"$(inherited)",
					"@executable_path/../Frameworks",
					"@loader_path/../Frameworks",
				);
				PRODUCT_BUNDLE_IDENTIFIER = app.timetap.mac.tests;
				SDKROOT = macosx;
				TEST_HOST = "$(BUILT_PRODUCTS_DIR)/TimeTapMac.app/Contents/MacOS/TimeTapMac";
			};
			name = Debug;
		};
		A32D03C9D7826D48AF175622 /* Release */ = {
			isa = XCBuildConfiguration;
			buildSettings = {
				BUNDLE_LOADER = "$(TEST_HOST)";
				CODE_SIGN_STYLE = Automatic;
				DEVELOPMENT_TEAM = Y3NGT7263T;
				GENERATE_INFOPLIST_FILE = YES;
				LD_RUNPATH_SEARCH_PATHS = (
					"$(inherited)",
					"@executable_path/Frameworks",
					"@loader_path/Frameworks",
				);
				PRODUCT_BUNDLE_IDENTIFIER = app.timetap.ios.tests;
				SDKROOT = iphoneos;
				TARGETED_DEVICE_FAMILY = "1,2";
				TEST_HOST = "$(BUILT_PRODUCTS_DIR)/TimeTap.app/TimeTap";
			};
			name = Release;
		};
		A8EB69D394AC547038F6808F /* Release */ = {
			isa = XCBuildConfiguration;
			buildSettings = {
				ASSETCATALOG_COMPILER_APPICON_NAME = AppIcon;
				CODE_SIGN_STYLE = Automatic;
				DEVELOPMENT_TEAM = Y3NGT7263T;
				GENERATE_INFOPLIST_FILE = YES;
				INFOPLIST_FILE = TimeTapWatch/Info.plist;
				INFOPLIST_KEY_CFBundleDisplayName = timetap;
				PRODUCT_BUNDLE_IDENTIFIER = app.timetap.ios.watchkitapp;
				SDKROOT = watchos;
				SKIP_INSTALL = YES;
				TARGETED_DEVICE_FAMILY = 4;
				WKCompanionAppBundleIdentifier = app.timetap.ios;
			};
			name = Release;
		};
		D3B5B11C17A6687800CA4370 /* Debug */ = {
			isa = XCBuildConfiguration;
			baseConfigurationReference = 202DBF96A0E63CD41E7A516D /* Google.xcconfig */;
			buildSettings = {
				ASSETCATALOG_COMPILER_APPICON_NAME = AppIcon;
				CODE_SIGN_IDENTITY = "iPhone Developer";
				CODE_SIGN_STYLE = Automatic;
				DEVELOPMENT_TEAM = Y3NGT7263T;
				ENABLE_PREVIEWS = YES;
				ENABLE_TESTABILITY = YES;
				INFOPLIST_FILE = TimeTap/Info.plist;
				LD_RUNPATH_SEARCH_PATHS = (
					"$(inherited)",
					"@executable_path/Frameworks",
				);
				PRODUCT_BUNDLE_IDENTIFIER = app.timetap.ios;
				SDKROOT = iphoneos;
				TARGETED_DEVICE_FAMILY = "1,2";
			};
			name = Debug;
		};
		DC3B149A3A7D2402113670F2 /* Debug */ = {
			isa = XCBuildConfiguration;
			buildSettings = {
				BUNDLE_LOADER = "$(TEST_HOST)";
				CODE_SIGN_STYLE = Automatic;
				DEVELOPMENT_TEAM = Y3NGT7263T;
				GENERATE_INFOPLIST_FILE = YES;
				LD_RUNPATH_SEARCH_PATHS = (
					"$(inherited)",
					"@executable_path/Frameworks",
					"@loader_path/Frameworks",
				);
				PRODUCT_BUNDLE_IDENTIFIER = app.timetap.ios.tests;
				SDKROOT = iphoneos;
				TARGETED_DEVICE_FAMILY = "1,2";
				TEST_HOST = "$(BUILT_PRODUCTS_DIR)/TimeTap.app/TimeTap";
			};
			name = Debug;
		};
		DD47701F118C2BB599AC272C /* Debug */ = {
			isa = XCBuildConfiguration;
			buildSettings = {
				ALWAYS_SEARCH_USER_PATHS = NO;
				CLANG_ANALYZER_NONNULL = YES;
				CLANG_ANALYZER_NUMBER_OBJECT_CONVERSION = YES_AGGRESSIVE;
				CLANG_CXX_LANGUAGE_STANDARD = "gnu++14";
				CLANG_CXX_LIBRARY = "libc++";
				CLANG_ENABLE_MODULES = YES;
				CLANG_ENABLE_OBJC_ARC = YES;
				CLANG_ENABLE_OBJC_WEAK = YES;
				CLANG_WARN_BLOCK_CAPTURE_AUTORELEASING = YES;
				CLANG_WARN_BOOL_CONVERSION = YES;
				CLANG_WARN_COMMA = YES;
				CLANG_WARN_CONSTANT_CONVERSION = YES;
				CLANG_WARN_DEPRECATED_OBJC_IMPLEMENTATIONS = YES;
				CLANG_WARN_DIRECT_OBJC_ISA_USAGE = YES_ERROR;
				CLANG_WARN_DOCUMENTATION_COMMENTS = YES;
				CLANG_WARN_EMPTY_BODY = YES;
				CLANG_WARN_ENUM_CONVERSION = YES;
				CLANG_WARN_INFINITE_RECURSION = YES;
				CLANG_WARN_INT_CONVERSION = YES;
				CLANG_WARN_NON_LITERAL_NULL_CONVERSION = YES;
				CLANG_WARN_OBJC_IMPLICIT_RETAIN_SELF = YES;
				CLANG_WARN_OBJC_LITERAL_CONVERSION = YES;
				CLANG_WARN_OBJC_ROOT_CLASS = YES_ERROR;
				CLANG_WARN_QUOTED_INCLUDE_IN_FRAMEWORK_HEADER = YES;
				CLANG_WARN_RANGE_LOOP_ANALYSIS = YES;
				CLANG_WARN_STRICT_PROTOTYPES = YES;
				CLANG_WARN_SUSPICIOUS_MOVE = YES;
				CLANG_WARN_UNGUARDED_AVAILABILITY = YES_AGGRESSIVE;
				CLANG_WARN_UNREACHABLE_CODE = YES;
				CLANG_WARN__DUPLICATE_METHOD_MATCH = YES;
				COPY_PHASE_STRIP = NO;
				CURRENT_PROJECT_VERSION = 1;
				DEBUG_INFORMATION_FORMAT = dwarf;
				ENABLE_STRICT_OBJC_MSGSEND = YES;
				ENABLE_TESTABILITY = YES;
				GCC_C_LANGUAGE_STANDARD = gnu11;
				GCC_DYNAMIC_NO_PIC = NO;
				GCC_NO_COMMON_BLOCKS = YES;
				GCC_OPTIMIZATION_LEVEL = 0;
				GCC_PREPROCESSOR_DEFINITIONS = (
					"$(inherited)",
					"DEBUG=1",
				);
				GCC_WARN_64_TO_32_BIT_CONVERSION = YES;
				GCC_WARN_ABOUT_RETURN_TYPE = YES_ERROR;
				GCC_WARN_UNDECLARED_SELECTOR = YES;
				GCC_WARN_UNINITIALIZED_AUTOS = YES_AGGRESSIVE;
				GCC_WARN_UNUSED_FUNCTION = YES;
				GCC_WARN_UNUSED_VARIABLE = YES;
				GENERATE_INFOPLIST_FILE = YES;
				INFOPLIST_KEY_CFBundleDisplayName = timetap;
				INFOPLIST_KEY_UIApplicationSceneManifest_Generation = YES;
				INFOPLIST_KEY_UILaunchScreen_Generation = YES;
				INFOPLIST_KEY_UIStatusBarStyle = UIStatusBarStyleLightContent;
				INFOPLIST_KEY_UISupportedInterfaceOrientations = UIInterfaceOrientationPortrait;
				IPHONEOS_DEPLOYMENT_TARGET = 17.2;
				MACOSX_DEPLOYMENT_TARGET = 14.0;
				MARKETING_VERSION = 0.1.0;
				MTL_ENABLE_DEBUG_INFO = INCLUDE_SOURCE;
				MTL_FAST_MATH = YES;
				ONLY_ACTIVE_ARCH = YES;
				PRODUCT_NAME = "$(TARGET_NAME)";
				SWIFT_ACTIVE_COMPILATION_CONDITIONS = DEBUG;
				SWIFT_OPTIMIZATION_LEVEL = "-Onone";
				SWIFT_VERSION = 5.0;
				TARGETED_DEVICE_FAMILY = 1;
				WATCHOS_DEPLOYMENT_TARGET = 10.0;
			};
			name = Debug;
		};
/* End XCBuildConfiguration section */

/* Begin XCConfigurationList section */
		34E1F7D644B1C632235446E0 /* Build configuration list for PBXNativeTarget "TimeTapMac" */ = {
			isa = XCConfigurationList;
			buildConfigurations = (
				84F57BD0A8382B125013C589 /* Debug */,
				5E0AA8B0902C19DA364421A8 /* Release */,
			);
			defaultConfigurationIsVisible = 0;
			defaultConfigurationName = Debug;
		};
		3A0BF1D90697F777287CABD5 /* Build configuration list for PBXNativeTarget "TimeTapTests" */ = {
			isa = XCConfigurationList;
			buildConfigurations = (
				DC3B149A3A7D2402113670F2 /* Debug */,
				A32D03C9D7826D48AF175622 /* Release */,
			);
			defaultConfigurationIsVisible = 0;
			defaultConfigurationName = Debug;
		};
		818A917009E6D618E4D47223 /* Build configuration list for PBXNativeTarget "TimeTapUITests" */ = {
			isa = XCConfigurationList;
			buildConfigurations = (
				3869B6401665B254A1E9B22B /* Debug */,
				81DBD6A8A750DF895B86BE99 /* Release */,
			);
			defaultConfigurationIsVisible = 0;
			defaultConfigurationName = Debug;
		};
		831FB85119C502312FE6EE28 /* Build configuration list for PBXNativeTarget "TimeTapWatchWidgets" */ = {
			isa = XCConfigurationList;
			buildConfigurations = (
				4FCBE738215D3B204F0A8A79 /* Debug */,
				3A7CAD792769D91398DA75D0 /* Release */,
			);
			defaultConfigurationIsVisible = 0;
			defaultConfigurationName = Debug;
		};
		99BE51B1C1F25995A01FE0F1 /* Build configuration list for PBXNativeTarget "TimeTapWidget" */ = {
			isa = XCConfigurationList;
			buildConfigurations = (
				6576C88405A80022A3080C05 /* Debug */,
				0CD6FCFB71269C0BD6D24469 /* Release */,
			);
			defaultConfigurationIsVisible = 0;
			defaultConfigurationName = Debug;
		};
		B34ACA12381749845C853FC8 /* Build configuration list for PBXNativeTarget "TimeTapMacTests" */ = {
			isa = XCConfigurationList;
			buildConfigurations = (
				9D2E36937CCBBEE397D31E2A /* Debug */,
				67A9E6C5498D67CA40515307 /* Release */,
			);
			defaultConfigurationIsVisible = 0;
			defaultConfigurationName = Debug;
		};
		CFAAC48D5111F92B157B4134 /* Build configuration list for PBXNativeTarget "TimeTapWatch" */ = {
			isa = XCConfigurationList;
			buildConfigurations = (
				8C58DEABDFAE67E7A8BCA86B /* Debug */,
				A8EB69D394AC547038F6808F /* Release */,
			);
			defaultConfigurationIsVisible = 0;
			defaultConfigurationName = Debug;
		};
		D4AFCFCA5C9F8D7527F8F5A5 /* Build configuration list for PBXNativeTarget "TimeTap" */ = {
			isa = XCConfigurationList;
			buildConfigurations = (
				D3B5B11C17A6687800CA4370 /* Debug */,
				969BBB051D97C896278011BB /* Release */,
			);
			defaultConfigurationIsVisible = 0;
			defaultConfigurationName = Debug;
		};
		E315CC12703E7166E8A82DCE /* Build configuration list for PBXProject "TimeTap" */ = {
			isa = XCConfigurationList;
			buildConfigurations = (
				DD47701F118C2BB599AC272C /* Debug */,
				1631CA3EABE939D926181E14 /* Release */,
			);
			defaultConfigurationIsVisible = 0;
			defaultConfigurationName = Debug;
		};
/* End XCConfigurationList section */

/* Begin XCRemoteSwiftPackageReference section */
		5D1FFC1F0E7276BB3472F1ED /* XCRemoteSwiftPackageReference "GoogleSignIn-iOS" */ = {
			isa = XCRemoteSwiftPackageReference;
			repositoryURL = "https://github.com/google/GoogleSignIn-iOS";
			requirement = {
				kind = upToNextMajorVersion;
				minimumVersion = 8.0.0;
			};
		};
/* End XCRemoteSwiftPackageReference section */

/* Begin XCSwiftPackageProductDependency section */
		4D27F5530B55EE483C679F27 /* GoogleSignIn */ = {
			isa = XCSwiftPackageProductDependency;
			package = 5D1FFC1F0E7276BB3472F1ED /* XCRemoteSwiftPackageReference "GoogleSignIn-iOS" */;
			productName = GoogleSignIn;
		};
		E2AC37527A1324DCA04213C6 /* GoogleSignIn */ = {
			isa = XCSwiftPackageProductDependency;
			package = 5D1FFC1F0E7276BB3472F1ED /* XCRemoteSwiftPackageReference "GoogleSignIn-iOS" */;
			productName = GoogleSignIn;
		};
/* End XCSwiftPackageProductDependency section */
	};
	rootObject = F857DF8535F9DD23FF6EC550 /* Project object */;
}
