// !$*UTF8*$!
{
	archiveVersion = 1;
	classes = {
	};
	objectVersion = 77;
	objects = {

/* Begin PBXBuildFile section */
		02FC0D91E87A14D4F678123C /* SplitSheet.swift in Sources */ = {isa = PBXBuildFile; fileRef = 47B9719A4D5ACAE3A65E08CB /* SplitSheet.swift */; };
		036E218AE8B64A72E79FA10F /* B4Tests.swift in Sources */ = {isa = PBXBuildFile; fileRef = A110EC0051A7A1D87110C352 /* B4Tests.swift */; };
		03749D68D801BE2CDF6B7AA3 /* R7Tests.swift in Sources */ = {isa = PBXBuildFile; fileRef = 50A1BD01C683FF67F8F298F1 /* R7Tests.swift */; };
		06778033684CE4B834E03DFA /* NowPanelTests.swift in Sources */ = {isa = PBXBuildFile; fileRef = 2D740D026C2724E59E51C467 /* NowPanelTests.swift */; };
		099D42E94F480B0F26A3C5B9 /* B3Tests.swift in Sources */ = {isa = PBXBuildFile; fileRef = 18B8279D8F1187956ABD0783 /* B3Tests.swift */; };
		0CB4DD25A6E542AE087FE070 /* IslandCompactLayoutTests.swift in Sources */ = {isa = PBXBuildFile; fileRef = D565856237848B63734F222E /* IslandCompactLayoutTests.swift */; };
		0CEC9C9EB6392DBAD6FA0167 /* RunningBlockAttributes.swift in Sources */ = {isa = PBXBuildFile; fileRef = 6905879EA2B4015915ED6D85 /* RunningBlockAttributes.swift */; };
		155752CD3F60C3AC82969373 /* Models.swift in Sources */ = {isa = PBXBuildFile; fileRef = 4E7744EE4EAB4173F4B3D188 /* Models.swift */; };
		2D0897E0A6B3231F37BEB32F /* A4Tests.swift in Sources */ = {isa = PBXBuildFile; fileRef = 72AB36F224AB7588E53018B4 /* A4Tests.swift */; };
		2EA116BE2281759FD8359C24 /* D1Tests.swift in Sources */ = {isa = PBXBuildFile; fileRef = 62372ECAE115ACC89B6A24D3 /* D1Tests.swift */; };
		2FB00CD640D7409118A8E4E2 /* B1Tests.swift in Sources */ = {isa = PBXBuildFile; fileRef = D943F9A6CAF5F4D8B8DCC048 /* B1Tests.swift */; };
		2FC7B8D83007D33089079266 /* CaptureLayoutTests.swift in Sources */ = {isa = PBXBuildFile; fileRef = 916221A5EC9C0A87ECE13B28 /* CaptureLayoutTests.swift */; };
		35470FB9689707A27867C3C0 /* RunningBlockIntents.swift in Sources */ = {isa = PBXBuildFile; fileRef = 039CE5BB1C222A62B5E31C03 /* RunningBlockIntents.swift */; };
		3BE07A0305050503BCA5CE8D /* SitEditSheet.swift in Sources */ = {isa = PBXBuildFile; fileRef = CF45FF913A460C9661EDF34B /* SitEditSheet.swift */; };
		3CAC6B775714033E3E41F3A9 /* IslandCompact.swift in Sources */ = {isa = PBXBuildFile; fileRef = 07EB54A6808D250C34B80A28 /* IslandCompact.swift */; };
		3D742B0CFBC1B8A0D3969583 /* A3Tests.swift in Sources */ = {isa = PBXBuildFile; fileRef = 416881FDA0DDE709D21E55C3 /* A3Tests.swift */; };
		40D059EFA67A504708D25447 /* Assets.xcassets in Resources */ = {isa = PBXBuildFile; fileRef = F480CE7080FAF633ABD17E01 /* Assets.xcassets */; };
		432271095523E83E5D0BB366 /* TimeTapWidget.appex in Embed Foundation Extensions */ = {isa = PBXBuildFile; fileRef = D5D9AC587B12850A2BC55FC7 /* TimeTapWidget.appex */; settings = {ATTRIBUTES = (CodeSignOnCopy, RemoveHeadersOnCopy, ); }; };
		46EAECF479D1F77CC70D37E8 /* GoogleAuth.swift in Sources */ = {isa = PBXBuildFile; fileRef = 39244103B3847640AAA55B11 /* GoogleAuth.swift */; };
		55E5C00C72D20DF5332F9921 /* C3Tests.swift in Sources */ = {isa = PBXBuildFile; fileRef = 5B6E4BC029AB56DD7EB503AD /* C3Tests.swift */; };
		581EFFC879088FD71F1DC717 /* B2Tests.swift in Sources */ = {isa = PBXBuildFile; fileRef = 0D151859F57377AEC8118124 /* B2Tests.swift */; };
		58F7E0C393D62920F700C37E /* A1Tests.swift in Sources */ = {isa = PBXBuildFile; fileRef = 6C9E642DDAC8A5F6C60D9EF4 /* A1Tests.swift */; };
		674A0AB9AE587F11D9091E36 /* Format.swift in Sources */ = {isa = PBXBuildFile; fileRef = 92673D20F168B38B293C621F /* Format.swift */; };
		6815C88AE2DF31036A8B5A8B /* SignInView.swift in Sources */ = {isa = PBXBuildFile; fileRef = 6D7B42C20E98A8B8C2475C8B /* SignInView.swift */; };
		6A17E8C8E7A7E5DCEAA82108 /* CalendarPickerView.swift in Sources */ = {isa = PBXBuildFile; fileRef = 31BB6E2F4AC7571D01632124 /* CalendarPickerView.swift */; };
		6C1626B3B6E0ECE23BB71658 /* LASyncTests.swift in Sources */ = {isa = PBXBuildFile; fileRef = F30FBDC97A8B85EE5378C6E7 /* LASyncTests.swift */; };
		6C3F4C2381A713E29945746B /* CalendarAPI.swift in Sources */ = {isa = PBXBuildFile; fileRef = 46DD023ECACFCEE59D37F58C /* CalendarAPI.swift */; };
		6C6BD82B6B90AB6AE376B39C /* RunningBlockIntents.swift in Sources */ = {isa = PBXBuildFile; fileRef = 039CE5BB1C222A62B5E31C03 /* RunningBlockIntents.swift */; };
		76714B8B45CC80A8FD787338 /* LAContractTests.swift in Sources */ = {isa = PBXBuildFile; fileRef = 947854D364BF09E649B58C60 /* LAContractTests.swift */; };
		771F53452D9A17420293FDCD /* ElapsedTimer.swift in Sources */ = {isa = PBXBuildFile; fileRef = 89D4E7C3B275598E24D369B8 /* ElapsedTimer.swift */; };
		81925425FD2759B8617E9D60 /* GoogleSignIn in Frameworks */ = {isa = PBXBuildFile; productRef = E2AC37527A1324DCA04213C6 /* GoogleSignIn */; };
		84CC97FF9426A9CE8AA98F91 /* UTests.swift in Sources */ = {isa = PBXBuildFile; fileRef = 43B809B676BE90248BE9584E /* UTests.swift */; };
		8932106E4F3D829158AF1A70 /* RunningBlockLiveActivity.swift in Sources */ = {isa = PBXBuildFile; fileRef = D718D6E99F21872C9D001A1E /* RunningBlockLiveActivity.swift */; };
		8B9BCD03171BB47A1FDDA0B8 /* RootView.swift in Sources */ = {isa = PBXBuildFile; fileRef = 979753C469BB46C427293E02 /* RootView.swift */; };
		8CC4CBFD19D775D120BB2467 /* TimeTapTestCase.swift in Sources */ = {isa = PBXBuildFile; fileRef = 8A9A5606319F1BD6FBB83147 /* TimeTapTestCase.swift */; };
		8F9FE98E68ABB3AAAA07D966 /* IslandActivityKitTests.swift in Sources */ = {isa = PBXBuildFile; fileRef = 1F5930FFC528A2FFBD795210 /* IslandActivityKitTests.swift */; };
		915AC4EE2BB6C4A81CC5509B /* C1Tests.swift in Sources */ = {isa = PBXBuildFile; fileRef = 7609C6A77691CD52326C9F36 /* C1Tests.swift */; };
		9384EB7759FD38EBDABFB323 /* Theme.swift in Sources */ = {isa = PBXBuildFile; fileRef = F0947EED16A8B40C767B8FA0 /* Theme.swift */; };
		956E790A0753C11234383A9A /* DayRailView.swift in Sources */ = {isa = PBXBuildFile; fileRef = 49092CA9D4C73500509BB649 /* DayRailView.swift */; };
		9ED3731DEF0BF69D4EAB26A6 /* RunningBlockSync.swift in Sources */ = {isa = PBXBuildFile; fileRef = 73A8E6B72917D588965E13C7 /* RunningBlockSync.swift */; };
		A0940278920551E0F63C4EC2 /* RailSyncTests.swift in Sources */ = {isa = PBXBuildFile; fileRef = BB1F0CC73C68335BC4F422A3 /* RailSyncTests.swift */; };
		A517FED50BB45AFCAD67AC72 /* Theme.swift in Sources */ = {isa = PBXBuildFile; fileRef = F0947EED16A8B40C767B8FA0 /* Theme.swift */; };
		A89B3764F7528E571B00FF36 /* IslandWidgetProcessTests.swift in Sources */ = {isa = PBXBuildFile; fileRef = E040026C39B4785B31695C2A /* IslandWidgetProcessTests.swift */; };
		AF5D10E1A87E27D14D970B6D /* CaptureChromeUITests.swift in Sources */ = {isa = PBXBuildFile; fileRef = 985589721A894348CA376DA2 /* CaptureChromeUITests.swift */; };
		B33172D73E144F82411C4E10 /* PostureRowTests.swift in Sources */ = {isa = PBXBuildFile; fileRef = E953503CB9FB2A7BF36BFA9C /* PostureRowTests.swift */; };
		BBE466DE1345E22BC5700126 /* TapStore.swift in Sources */ = {isa = PBXBuildFile; fileRef = C85019F7B88C8EE4DFBE85A0 /* TapStore.swift */; };
		C6C0E7812A05BD6D1E37CFDE /* IslandCompact.swift in Sources */ = {isa = PBXBuildFile; fileRef = 07EB54A6808D250C34B80A28 /* IslandCompact.swift */; };
		CED4B51392FE19FAA6469E64 /* LAIslandTests.swift in Sources */ = {isa = PBXBuildFile; fileRef = ACACF2CAA54ADB3781FFB466 /* LAIslandTests.swift */; };
		DC1D8DE48367B8E83C66452D /* TimeTapApp.swift in Sources */ = {isa = PBXBuildFile; fileRef = 6DC9D8FAFE6CD1911BA1BA06 /* TimeTapApp.swift */; };
		DC693AE87028C02E393735BB /* A2Tests.swift in Sources */ = {isa = PBXBuildFile; fileRef = 8126B4FE3CB9C4362805622A /* A2Tests.swift */; };
		DD873BAE5377A7AABBAC7D34 /* Grammar.swift in Sources */ = {isa = PBXBuildFile; fileRef = 9D9D4875A281E3F960C3A7CD /* Grammar.swift */; };
		E8C1C00798C335C7959CA6B8 /* Credentials.swift in Sources */ = {isa = PBXBuildFile; fileRef = EC2416C4707736A43FD2ACF6 /* Credentials.swift */; };
		E9690D9084C34359B2CA4BE0 /* RunningBlockAttributes.swift in Sources */ = {isa = PBXBuildFile; fileRef = 6905879EA2B4015915ED6D85 /* RunningBlockAttributes.swift */; };
		ED4399E69EE496C6FF815DCD /* ApplyOps.swift in Sources */ = {isa = PBXBuildFile; fileRef = 5D9FAAEA0FBB3106BE727550 /* ApplyOps.swift */; };
		EE887BB1B6C4E3954FE18778 /* TimeTapWidgetBundle.swift in Sources */ = {isa = PBXBuildFile; fileRef = DD80F6B3006ACF8E61D20600 /* TimeTapWidgetBundle.swift */; };
		F0D1D645E73776D17B15A756 /* SettingsView.swift in Sources */ = {isa = PBXBuildFile; fileRef = 2D55675D4A21D2C2D804358B /* SettingsView.swift */; };
		A8E1C2D3F405162738495A6B /* CategoryEditor.swift in Sources */ = {isa = PBXBuildFile; fileRef = A8E1C2D3F405162738495A6A /* CategoryEditor.swift */; };
		F80F9FE33774C44C0E469E98 /* C2Tests.swift in Sources */ = {isa = PBXBuildFile; fileRef = B8AD8C15BC946325CF02364B /* C2Tests.swift */; };
		FAF11E3081864E2D33B11B77 /* CaptureView.swift in Sources */ = {isa = PBXBuildFile; fileRef = 749D803612D26E9D5D20E863 /* CaptureView.swift */; };
		FE4C16B4DBEA5F7CCA79E6E5 /* DeadLetterSheet.swift in Sources */ = {isa = PBXBuildFile; fileRef = 67FE41A5E22FCCF25FC6FFDB /* DeadLetterSheet.swift */; };
		FF14C668B031446267AFC58D /* ElapsedTimer.swift in Sources */ = {isa = PBXBuildFile; fileRef = 89D4E7C3B275598E24D369B8 /* ElapsedTimer.swift */; };
		FF50CD03EC10A6DA85165BC4 /* D2Tests.swift in Sources */ = {isa = PBXBuildFile; fileRef = 5E8BF97CDBFD4A1958452544 /* D2Tests.swift */; };
/* End PBXBuildFile section */

/* Begin PBXContainerItemProxy section */
		17F23FC3B08766FFD68CAD70 /* PBXContainerItemProxy */ = {
			isa = PBXContainerItemProxy;
			containerPortal = F857DF8535F9DD23FF6EC550 /* Project object */;
			proxyType = 1;
			remoteGlobalIDString = 3808FD036A9F99338925BEB8;
			remoteInfo = TimeTapWidget;
		};
		7528F1C1579D2BD55AB99BC7 /* PBXContainerItemProxy */ = {
			isa = PBXContainerItemProxy;
			containerPortal = F857DF8535F9DD23FF6EC550 /* Project object */;
			proxyType = 1;
			remoteGlobalIDString = 7DD2CA63DA231E2830BEADAB;
			remoteInfo = TimeTap;
		};
		A88372E5C63025DF4ADFA8F8 /* PBXContainerItemProxy */ = {
			isa = PBXContainerItemProxy;
			containerPortal = F857DF8535F9DD23FF6EC550 /* Project object */;
			proxyType = 1;
			remoteGlobalIDString = 7DD2CA63DA231E2830BEADAB;
			remoteInfo = TimeTap;
		};
/* End PBXContainerItemProxy section */

/* Begin PBXCopyFilesBuildPhase section */
		D29920C41A44887C8FAA1D59 /* Embed Foundation Extensions */ = {
			isa = PBXCopyFilesBuildPhase;
			buildActionMask = 2147483647;
			dstPath = "";
			dstSubfolderSpec = 13;
			files = (
				432271095523E83E5D0BB366 /* TimeTapWidget.appex in Embed Foundation Extensions */,
			);
			name = "Embed Foundation Extensions";
			runOnlyForDeploymentPostprocessing = 0;
		};
/* End PBXCopyFilesBuildPhase section */

/* Begin PBXFileReference section */
		039CE5BB1C222A62B5E31C03 /* RunningBlockIntents.swift */ = {isa = PBXFileReference; lastKnownFileType = sourcecode.swift; path = RunningBlockIntents.swift; sourceTree = "<group>"; };
		07EB54A6808D250C34B80A28 /* IslandCompact.swift */ = {isa = PBXFileReference; lastKnownFileType = sourcecode.swift; path = IslandCompact.swift; sourceTree = "<group>"; };
		0C48DCFC2B8F43129B8031AB /* TimeTap.app */ = {isa = PBXFileReference; includeInIndex = 0; lastKnownFileType = wrapper.application; path = TimeTap.app; sourceTree = BUILT_PRODUCTS_DIR; };
		0D151859F57377AEC8118124 /* B2Tests.swift */ = {isa = PBXFileReference; lastKnownFileType = sourcecode.swift; path = B2Tests.swift; sourceTree = "<group>"; };
		18B8279D8F1187956ABD0783 /* B3Tests.swift */ = {isa = PBXFileReference; lastKnownFileType = sourcecode.swift; path = B3Tests.swift; sourceTree = "<group>"; };
		1F5930FFC528A2FFBD795210 /* IslandActivityKitTests.swift */ = {isa = PBXFileReference; lastKnownFileType = sourcecode.swift; path = IslandActivityKitTests.swift; sourceTree = "<group>"; };
		202DBF96A0E63CD41E7A516D /* Google.xcconfig */ = {isa = PBXFileReference; lastKnownFileType = text.xcconfig; path = Google.xcconfig; sourceTree = "<group>"; };
		2D55675D4A21D2C2D804358B /* SettingsView.swift */ = {isa = PBXFileReference; lastKnownFileType = sourcecode.swift; path = SettingsView.swift; sourceTree = "<group>"; };
		A8E1C2D3F405162738495A6A /* CategoryEditor.swift */ = {isa = PBXFileReference; lastKnownFileType = sourcecode.swift; path = CategoryEditor.swift; sourceTree = "<group>"; };
		2D740D026C2724E59E51C467 /* NowPanelTests.swift */ = {isa = PBXFileReference; lastKnownFileType = sourcecode.swift; path = NowPanelTests.swift; sourceTree = "<group>"; };
		31BB6E2F4AC7571D01632124 /* CalendarPickerView.swift */ = {isa = PBXFileReference; lastKnownFileType = sourcecode.swift; path = CalendarPickerView.swift; sourceTree = "<group>"; };
		39244103B3847640AAA55B11 /* GoogleAuth.swift */ = {isa = PBXFileReference; lastKnownFileType = sourcecode.swift; path = GoogleAuth.swift; sourceTree = "<group>"; };
		416881FDA0DDE709D21E55C3 /* A3Tests.swift */ = {isa = PBXFileReference; lastKnownFileType = sourcecode.swift; path = A3Tests.swift; sourceTree = "<group>"; };
		43B809B676BE90248BE9584E /* UTests.swift */ = {isa = PBXFileReference; lastKnownFileType = sourcecode.swift; path = UTests.swift; sourceTree = "<group>"; };
		46DD023ECACFCEE59D37F58C /* CalendarAPI.swift */ = {isa = PBXFileReference; lastKnownFileType = sourcecode.swift; path = CalendarAPI.swift; sourceTree = "<group>"; };
		47B9719A4D5ACAE3A65E08CB /* SplitSheet.swift */ = {isa = PBXFileReference; lastKnownFileType = sourcecode.swift; path = SplitSheet.swift; sourceTree = "<group>"; };
		49092CA9D4C73500509BB649 /* DayRailView.swift */ = {isa = PBXFileReference; lastKnownFileType = sourcecode.swift; path = DayRailView.swift; sourceTree = "<group>"; };
		4E7744EE4EAB4173F4B3D188 /* Models.swift */ = {isa = PBXFileReference; lastKnownFileType = sourcecode.swift; path = Models.swift; sourceTree = "<group>"; };
		50A1BD01C683FF67F8F298F1 /* R7Tests.swift */ = {isa = PBXFileReference; lastKnownFileType = sourcecode.swift; path = R7Tests.swift; sourceTree = "<group>"; };
		5B6E4BC029AB56DD7EB503AD /* C3Tests.swift */ = {isa = PBXFileReference; lastKnownFileType = sourcecode.swift; path = C3Tests.swift; sourceTree = "<group>"; };
		5D9FAAEA0FBB3106BE727550 /* ApplyOps.swift */ = {isa = PBXFileReference; lastKnownFileType = sourcecode.swift; path = ApplyOps.swift; sourceTree = "<group>"; };
		5E8BF97CDBFD4A1958452544 /* D2Tests.swift */ = {isa = PBXFileReference; lastKnownFileType = sourcecode.swift; path = D2Tests.swift; sourceTree = "<group>"; };
		62372ECAE115ACC89B6A24D3 /* D1Tests.swift */ = {isa = PBXFileReference; lastKnownFileType = sourcecode.swift; path = D1Tests.swift; sourceTree = "<group>"; };
		67FE41A5E22FCCF25FC6FFDB /* DeadLetterSheet.swift */ = {isa = PBXFileReference; lastKnownFileType = sourcecode.swift; path = DeadLetterSheet.swift; sourceTree = "<group>"; };
		6905879EA2B4015915ED6D85 /* RunningBlockAttributes.swift */ = {isa = PBXFileReference; lastKnownFileType = sourcecode.swift; path = RunningBlockAttributes.swift; sourceTree = "<group>"; };
		6C9E642DDAC8A5F6C60D9EF4 /* A1Tests.swift */ = {isa = PBXFileReference; lastKnownFileType = sourcecode.swift; path = A1Tests.swift; sourceTree = "<group>"; };
		6D7B42C20E98A8B8C2475C8B /* SignInView.swift */ = {isa = PBXFileReference; lastKnownFileType = sourcecode.swift; path = SignInView.swift; sourceTree = "<group>"; };
		6DC9D8FAFE6CD1911BA1BA06 /* TimeTapApp.swift */ = {isa = PBXFileReference; lastKnownFileType = sourcecode.swift; path = TimeTapApp.swift; sourceTree = "<group>"; };
		72AB36F224AB7588E53018B4 /* A4Tests.swift */ = {isa = PBXFileReference; lastKnownFileType = sourcecode.swift; path = A4Tests.swift; sourceTree = "<group>"; };
		73A8E6B72917D588965E13C7 /* RunningBlockSync.swift */ = {isa = PBXFileReference; lastKnownFileType = sourcecode.swift; path = RunningBlockSync.swift; sourceTree = "<group>"; };
		749D803612D26E9D5D20E863 /* CaptureView.swift */ = {isa = PBXFileReference; lastKnownFileType = sourcecode.swift; path = CaptureView.swift; sourceTree = "<group>"; };
		7609C6A77691CD52326C9F36 /* C1Tests.swift */ = {isa = PBXFileReference; lastKnownFileType = sourcecode.swift; path = C1Tests.swift; sourceTree = "<group>"; };
		8126B4FE3CB9C4362805622A /* A2Tests.swift */ = {isa = PBXFileReference; lastKnownFileType = sourcecode.swift; path = A2Tests.swift; sourceTree = "<group>"; };
		81CFE3A99E0CF8FBDABA38A5 /* TimeTapUITests.xctest */ = {isa = PBXFileReference; includeInIndex = 0; lastKnownFileType = wrapper.cfbundle; path = TimeTapUITests.xctest; sourceTree = BUILT_PRODUCTS_DIR; };
		89D4E7C3B275598E24D369B8 /* ElapsedTimer.swift */ = {isa = PBXFileReference; lastKnownFileType = sourcecode.swift; path = ElapsedTimer.swift; sourceTree = "<group>"; };
		8A9A5606319F1BD6FBB83147 /* TimeTapTestCase.swift */ = {isa = PBXFileReference; lastKnownFileType = sourcecode.swift; path = TimeTapTestCase.swift; sourceTree = "<group>"; };
		916221A5EC9C0A87ECE13B28 /* CaptureLayoutTests.swift */ = {isa = PBXFileReference; lastKnownFileType = sourcecode.swift; path = CaptureLayoutTests.swift; sourceTree = "<group>"; };
		92673D20F168B38B293C621F /* Format.swift */ = {isa = PBXFileReference; lastKnownFileType = sourcecode.swift; path = Format.swift; sourceTree = "<group>"; };
		947854D364BF09E649B58C60 /* LAContractTests.swift */ = {isa = PBXFileReference; lastKnownFileType = sourcecode.swift; path = LAContractTests.swift; sourceTree = "<group>"; };
		979753C469BB46C427293E02 /* RootView.swift */ = {isa = PBXFileReference; lastKnownFileType = sourcecode.swift; path = RootView.swift; sourceTree = "<group>"; };
		985589721A894348CA376DA2 /* CaptureChromeUITests.swift */ = {isa = PBXFileReference; lastKnownFileType = sourcecode.swift; path = CaptureChromeUITests.swift; sourceTree = "<group>"; };
		9D9D4875A281E3F960C3A7CD /* Grammar.swift */ = {isa = PBXFileReference; lastKnownFileType = sourcecode.swift; path = Grammar.swift; sourceTree = "<group>"; };
		A110EC0051A7A1D87110C352 /* B4Tests.swift */ = {isa = PBXFileReference; lastKnownFileType = sourcecode.swift; path = B4Tests.swift; sourceTree = "<group>"; };
		ACACF2CAA54ADB3781FFB466 /* LAIslandTests.swift */ = {isa = PBXFileReference; lastKnownFileType = sourcecode.swift; path = LAIslandTests.swift; sourceTree = "<group>"; };
		B1FF4806EEB7A5DA1B512B3C /* Info.plist */ = {isa = PBXFileReference; lastKnownFileType = text.plist; path = Info.plist; sourceTree = "<group>"; };
		B8AD8C15BC946325CF02364B /* C2Tests.swift */ = {isa = PBXFileReference; lastKnownFileType = sourcecode.swift; path = C2Tests.swift; sourceTree = "<group>"; };
		BAC9B25DC0659D8C29467C36 /* Info.plist */ = {isa = PBXFileReference; lastKnownFileType = text.plist; path = Info.plist; sourceTree = "<group>"; };
		BB1F0CC73C68335BC4F422A3 /* RailSyncTests.swift */ = {isa = PBXFileReference; lastKnownFileType = sourcecode.swift; path = RailSyncTests.swift; sourceTree = "<group>"; };
		C85019F7B88C8EE4DFBE85A0 /* TapStore.swift */ = {isa = PBXFileReference; lastKnownFileType = sourcecode.swift; path = TapStore.swift; sourceTree = "<group>"; };
		CAAA7DE9DBBAA54C77A78BD0 /* TimeTapTests.xctest */ = {isa = PBXFileReference; includeInIndex = 0; lastKnownFileType = wrapper.cfbundle; path = TimeTapTests.xctest; sourceTree = BUILT_PRODUCTS_DIR; };
		CF45FF913A460C9661EDF34B /* SitEditSheet.swift */ = {isa = PBXFileReference; lastKnownFileType = sourcecode.swift; path = SitEditSheet.swift; sourceTree = "<group>"; };
		D565856237848B63734F222E /* IslandCompactLayoutTests.swift */ = {isa = PBXFileReference; lastKnownFileType = sourcecode.swift; path = IslandCompactLayoutTests.swift; sourceTree = "<group>"; };
		D5D9AC587B12850A2BC55FC7 /* TimeTapWidget.appex */ = {isa = PBXFileReference; includeInIndex = 0; lastKnownFileType = "wrapper.app-extension"; path = TimeTapWidget.appex; sourceTree = BUILT_PRODUCTS_DIR; };
		D718D6E99F21872C9D001A1E /* RunningBlockLiveActivity.swift */ = {isa = PBXFileReference; lastKnownFileType = sourcecode.swift; path = RunningBlockLiveActivity.swift; sourceTree = "<group>"; };
		D943F9A6CAF5F4D8B8DCC048 /* B1Tests.swift */ = {isa = PBXFileReference; lastKnownFileType = sourcecode.swift; path = B1Tests.swift; sourceTree = "<group>"; };
		DD80F6B3006ACF8E61D20600 /* TimeTapWidgetBundle.swift */ = {isa = PBXFileReference; lastKnownFileType = sourcecode.swift; path = TimeTapWidgetBundle.swift; sourceTree = "<group>"; };
		E040026C39B4785B31695C2A /* IslandWidgetProcessTests.swift */ = {isa = PBXFileReference; lastKnownFileType = sourcecode.swift; path = IslandWidgetProcessTests.swift; sourceTree = "<group>"; };
		E953503CB9FB2A7BF36BFA9C /* PostureRowTests.swift */ = {isa = PBXFileReference; lastKnownFileType = sourcecode.swift; path = PostureRowTests.swift; sourceTree = "<group>"; };
		EC2416C4707736A43FD2ACF6 /* Credentials.swift */ = {isa = PBXFileReference; lastKnownFileType = sourcecode.swift; path = Credentials.swift; sourceTree = "<group>"; };
		F0947EED16A8B40C767B8FA0 /* Theme.swift */ = {isa = PBXFileReference; lastKnownFileType = sourcecode.swift; path = Theme.swift; sourceTree = "<group>"; };
		F30FBDC97A8B85EE5378C6E7 /* LASyncTests.swift */ = {isa = PBXFileReference; lastKnownFileType = sourcecode.swift; path = LASyncTests.swift; sourceTree = "<group>"; };
		F480CE7080FAF633ABD17E01 /* Assets.xcassets */ = {isa = PBXFileReference; lastKnownFileType = folder.assetcatalog; path = Assets.xcassets; sourceTree = "<group>"; };
/* End PBXFileReference section */

/* Begin PBXFrameworksBuildPhase section */
		E66F054E9674E3374439E4DC /* Frameworks */ = {
			isa = PBXFrameworksBuildPhase;
			buildActionMask = 2147483647;
			files = (
				81925425FD2759B8617E9D60 /* GoogleSignIn in Frameworks */,
			);
			runOnlyForDeploymentPostprocessing = 0;
		};
/* End PBXFrameworksBuildPhase section */

/* Begin PBXGroup section */
		233DEBCCA6357CEA8D50A9BC /* TimeTapWidget */ = {
			isa = PBXGroup;
			children = (
				BAC9B25DC0659D8C29467C36 /* Info.plist */,
				D718D6E99F21872C9D001A1E /* RunningBlockLiveActivity.swift */,
				DD80F6B3006ACF8E61D20600 /* TimeTapWidgetBundle.swift */,
			);
			path = TimeTapWidget;
			sourceTree = "<group>";
		};
		3E6FC59B3A40708FC4EDF1D1 /* Config */ = {
			isa = PBXGroup;
			children = (
				202DBF96A0E63CD41E7A516D /* Google.xcconfig */,
			);
			path = Config;
			sourceTree = "<group>";
		};
		57D17ABFC6908E1FDA3FC311 /* TimeTapUITests */ = {
			isa = PBXGroup;
			children = (
				985589721A894348CA376DA2 /* CaptureChromeUITests.swift */,
			);
			path = TimeTapUITests;
			sourceTree = "<group>";
		};
		65661EEC756AF252C8C902EE /* Models */ = {
			isa = PBXGroup;
			children = (
				4E7744EE4EAB4173F4B3D188 /* Models.swift */,
			);
			path = Models;
			sourceTree = "<group>";
		};
		6A67AE575CE2550792AF5F0F /* LiveActivity */ = {
			isa = PBXGroup;
			children = (
				89D4E7C3B275598E24D369B8 /* ElapsedTimer.swift */,
				07EB54A6808D250C34B80A28 /* IslandCompact.swift */,
				6905879EA2B4015915ED6D85 /* RunningBlockAttributes.swift */,
				039CE5BB1C222A62B5E31C03 /* RunningBlockIntents.swift */,
				73A8E6B72917D588965E13C7 /* RunningBlockSync.swift */,
			);
			path = LiveActivity;
			sourceTree = "<group>";
		};
		AB85A8E9997F93FEF628CDE1 /* TimeTap */ = {
			isa = PBXGroup;
			children = (
				F480CE7080FAF633ABD17E01 /* Assets.xcassets */,
				92673D20F168B38B293C621F /* Format.swift */,
				B1FF4806EEB7A5DA1B512B3C /* Info.plist */,
				F0947EED16A8B40C767B8FA0 /* Theme.swift */,
				6DC9D8FAFE6CD1911BA1BA06 /* TimeTapApp.swift */,
				3E6FC59B3A40708FC4EDF1D1 /* Config */,
				6A67AE575CE2550792AF5F0F /* LiveActivity */,
				65661EEC756AF252C8C902EE /* Models */,
				B4A439978C48A6D87AD9D481 /* Services */,
				CD89DEDEA4606A0558A58718 /* Views */,
			);
			path = TimeTap;
			sourceTree = "<group>";
		};
		B4A439978C48A6D87AD9D481 /* Services */ = {
			isa = PBXGroup;
			children = (
				5D9FAAEA0FBB3106BE727550 /* ApplyOps.swift */,
				46DD023ECACFCEE59D37F58C /* CalendarAPI.swift */,
				EC2416C4707736A43FD2ACF6 /* Credentials.swift */,
				39244103B3847640AAA55B11 /* GoogleAuth.swift */,
				9D9D4875A281E3F960C3A7CD /* Grammar.swift */,
				C85019F7B88C8EE4DFBE85A0 /* TapStore.swift */,
			);
			path = Services;
			sourceTree = "<group>";
		};
		B6C31230AC23D7C2FD05A374 = {
			isa = PBXGroup;
			children = (
				AB85A8E9997F93FEF628CDE1 /* TimeTap */,
				B854C4CFD46444295D8ACE04 /* TimeTapTests */,
				57D17ABFC6908E1FDA3FC311 /* TimeTapUITests */,
				233DEBCCA6357CEA8D50A9BC /* TimeTapWidget */,
				E6FD22C9DCD904BE6FEB037D /* Products */,
			);
			sourceTree = "<group>";
		};
		B854C4CFD46444295D8ACE04 /* TimeTapTests */ = {
			isa = PBXGroup;
			children = (
				6C9E642DDAC8A5F6C60D9EF4 /* A1Tests.swift */,
				8126B4FE3CB9C4362805622A /* A2Tests.swift */,
				416881FDA0DDE709D21E55C3 /* A3Tests.swift */,
				72AB36F224AB7588E53018B4 /* A4Tests.swift */,
				D943F9A6CAF5F4D8B8DCC048 /* B1Tests.swift */,
				0D151859F57377AEC8118124 /* B2Tests.swift */,
				18B8279D8F1187956ABD0783 /* B3Tests.swift */,
				A110EC0051A7A1D87110C352 /* B4Tests.swift */,
				7609C6A77691CD52326C9F36 /* C1Tests.swift */,
				B8AD8C15BC946325CF02364B /* C2Tests.swift */,
				5B6E4BC029AB56DD7EB503AD /* C3Tests.swift */,
				916221A5EC9C0A87ECE13B28 /* CaptureLayoutTests.swift */,
				62372ECAE115ACC89B6A24D3 /* D1Tests.swift */,
				5E8BF97CDBFD4A1958452544 /* D2Tests.swift */,
				1F5930FFC528A2FFBD795210 /* IslandActivityKitTests.swift */,
				D565856237848B63734F222E /* IslandCompactLayoutTests.swift */,
				E040026C39B4785B31695C2A /* IslandWidgetProcessTests.swift */,
				947854D364BF09E649B58C60 /* LAContractTests.swift */,
				ACACF2CAA54ADB3781FFB466 /* LAIslandTests.swift */,
				F30FBDC97A8B85EE5378C6E7 /* LASyncTests.swift */,
				2D740D026C2724E59E51C467 /* NowPanelTests.swift */,
				E953503CB9FB2A7BF36BFA9C /* PostureRowTests.swift */,
				50A1BD01C683FF67F8F298F1 /* R7Tests.swift */,
				BB1F0CC73C68335BC4F422A3 /* RailSyncTests.swift */,
				8A9A5606319F1BD6FBB83147 /* TimeTapTestCase.swift */,
				43B809B676BE90248BE9584E /* UTests.swift */,
			);
			path = TimeTapTests;
			sourceTree = "<group>";
		};
		CD89DEDEA4606A0558A58718 /* Views */ = {
			isa = PBXGroup;
			children = (
				31BB6E2F4AC7571D01632124 /* CalendarPickerView.swift */,
				749D803612D26E9D5D20E863 /* CaptureView.swift */,
				49092CA9D4C73500509BB649 /* DayRailView.swift */,
				67FE41A5E22FCCF25FC6FFDB /* DeadLetterSheet.swift */,
				979753C469BB46C427293E02 /* RootView.swift */,
				A8E1C2D3F405162738495A6A /* CategoryEditor.swift */,
				2D55675D4A21D2C2D804358B /* SettingsView.swift */,
				6D7B42C20E98A8B8C2475C8B /* SignInView.swift */,
				CF45FF913A460C9661EDF34B /* SitEditSheet.swift */,
				47B9719A4D5ACAE3A65E08CB /* SplitSheet.swift */,
			);
			path = Views;
			sourceTree = "<group>";
		};
		E6FD22C9DCD904BE6FEB037D /* Products */ = {
			isa = PBXGroup;
			children = (
				0C48DCFC2B8F43129B8031AB /* TimeTap.app */,
				CAAA7DE9DBBAA54C77A78BD0 /* TimeTapTests.xctest */,
				81CFE3A99E0CF8FBDABA38A5 /* TimeTapUITests.xctest */,
				D5D9AC587B12850A2BC55FC7 /* TimeTapWidget.appex */,
			);
			name = Products;
			sourceTree = "<group>";
		};
/* End PBXGroup section */

/* Begin PBXNativeTarget section */
		2FABA00A70E3E5F3EE9C003E /* TimeTapTests */ = {
			isa = PBXNativeTarget;
			buildConfigurationList = 3A0BF1D90697F777287CABD5 /* Build configuration list for PBXNativeTarget "TimeTapTests" */;
			buildPhases = (
				2AC55B306D7AADF5A1480BB1 /* Sources */,
			);
			buildRules = (
			);
			dependencies = (
				2575BCA25260533E8A620E39 /* PBXTargetDependency */,
			);
			name = TimeTapTests;
			packageProductDependencies = (
			);
			productName = TimeTapTests;
			productReference = CAAA7DE9DBBAA54C77A78BD0 /* TimeTapTests.xctest */;
			productType = "com.apple.product-type.bundle.unit-test";
		};
		3808FD036A9F99338925BEB8 /* TimeTapWidget */ = {
			isa = PBXNativeTarget;
			buildConfigurationList = 99BE51B1C1F25995A01FE0F1 /* Build configuration list for PBXNativeTarget "TimeTapWidget" */;
			buildPhases = (
				A520D67861FF96D41914B8CE /* Sources */,
			);
			buildRules = (
			);
			dependencies = (
			);
			name = TimeTapWidget;
			packageProductDependencies = (
			);
			productName = TimeTapWidget;
			productReference = D5D9AC587B12850A2BC55FC7 /* TimeTapWidget.appex */;
			productType = "com.apple.product-type.app-extension";
		};
		7DD2CA63DA231E2830BEADAB /* TimeTap */ = {
			isa = PBXNativeTarget;
			buildConfigurationList = D4AFCFCA5C9F8D7527F8F5A5 /* Build configuration list for PBXNativeTarget "TimeTap" */;
			buildPhases = (
				488A7E2840BC86FAA0E471FF /* Sources */,
				35200B8D54A900C23603F4D9 /* Resources */,
				E66F054E9674E3374439E4DC /* Frameworks */,
				D29920C41A44887C8FAA1D59 /* Embed Foundation Extensions */,
			);
			buildRules = (
			);
			dependencies = (
				2E97F7ECF25DFFD6C487CDC4 /* PBXTargetDependency */,
			);
			name = TimeTap;
			packageProductDependencies = (
				E2AC37527A1324DCA04213C6 /* GoogleSignIn */,
			);
			productName = TimeTap;
			productReference = 0C48DCFC2B8F43129B8031AB /* TimeTap.app */;
			productType = "com.apple.product-type.application";
		};
		8E7B3E1883B4FE47C6917EAA /* TimeTapUITests */ = {
			isa = PBXNativeTarget;
			buildConfigurationList = 818A917009E6D618E4D47223 /* Build configuration list for PBXNativeTarget "TimeTapUITests" */;
			buildPhases = (
				0163AD3601A42DE32E0BB95B /* Sources */,
			);
			buildRules = (
			);
			dependencies = (
				A08351000EAA978B124A2937 /* PBXTargetDependency */,
			);
			name = TimeTapUITests;
			packageProductDependencies = (
			);
			productName = TimeTapUITests;
			productReference = 81CFE3A99E0CF8FBDABA38A5 /* TimeTapUITests.xctest */;
			productType = "com.apple.product-type.bundle.ui-testing";
		};
/* End PBXNativeTarget section */

/* Begin PBXProject section */
		F857DF8535F9DD23FF6EC550 /* Project object */ = {
			isa = PBXProject;
			attributes = {
				BuildIndependentTargetsInParallel = YES;
				LastUpgradeCheck = 1600;
				TargetAttributes = {
					2FABA00A70E3E5F3EE9C003E = {
						DevelopmentTeam = Y3NGT7263T;
						ProvisioningStyle = Automatic;
					};
					3808FD036A9F99338925BEB8 = {
						DevelopmentTeam = Y3NGT7263T;
						ProvisioningStyle = Automatic;
					};
					7DD2CA63DA231E2830BEADAB = {
						DevelopmentTeam = Y3NGT7263T;
						ProvisioningStyle = Automatic;
					};
					8E7B3E1883B4FE47C6917EAA = {
						DevelopmentTeam = Y3NGT7263T;
						ProvisioningStyle = Automatic;
						TestTargetID = 7DD2CA63DA231E2830BEADAB;
					};
				};
			};
			buildConfigurationList = E315CC12703E7166E8A82DCE /* Build configuration list for PBXProject "TimeTap" */;
			developmentRegion = en;
			hasScannedForEncodings = 0;
			knownRegions = (
				Base,
				en,
			);
			mainGroup = B6C31230AC23D7C2FD05A374;
			minimizedProjectReferenceProxies = 1;
			packageReferences = (
				5D1FFC1F0E7276BB3472F1ED /* XCRemoteSwiftPackageReference "GoogleSignIn-iOS" */,
			);
			preferredProjectObjectVersion = 77;
			productRefGroup = E6FD22C9DCD904BE6FEB037D /* Products */;
			projectDirPath = "";
			projectRoot = "";
			targets = (
				7DD2CA63DA231E2830BEADAB /* TimeTap */,
				3808FD036A9F99338925BEB8 /* TimeTapWidget */,
				2FABA00A70E3E5F3EE9C003E /* TimeTapTests */,
				8E7B3E1883B4FE47C6917EAA /* TimeTapUITests */,
			);
		};
/* End PBXProject section */

/* Begin PBXResourcesBuildPhase section */
		35200B8D54A900C23603F4D9 /* Resources */ = {
			isa = PBXResourcesBuildPhase;
			buildActionMask = 2147483647;
			files = (
				40D059EFA67A504708D25447 /* Assets.xcassets in Resources */,
			);
			runOnlyForDeploymentPostprocessing = 0;
		};
/* End PBXResourcesBuildPhase section */

/* Begin PBXSourcesBuildPhase section */
		0163AD3601A42DE32E0BB95B /* Sources */ = {
			isa = PBXSourcesBuildPhase;
			buildActionMask = 2147483647;
			files = (
				AF5D10E1A87E27D14D970B6D /* CaptureChromeUITests.swift in Sources */,
			);
			runOnlyForDeploymentPostprocessing = 0;
		};
		2AC55B306D7AADF5A1480BB1 /* Sources */ = {
			isa = PBXSourcesBuildPhase;
			buildActionMask = 2147483647;
			files = (
				58F7E0C393D62920F700C37E /* A1Tests.swift in Sources */,
				DC693AE87028C02E393735BB /* A2Tests.swift in Sources */,
				3D742B0CFBC1B8A0D3969583 /* A3Tests.swift in Sources */,
				2D0897E0A6B3231F37BEB32F /* A4Tests.swift in Sources */,
				2FB00CD640D7409118A8E4E2 /* B1Tests.swift in Sources */,
				581EFFC879088FD71F1DC717 /* B2Tests.swift in Sources */,
				099D42E94F480B0F26A3C5B9 /* B3Tests.swift in Sources */,
				036E218AE8B64A72E79FA10F /* B4Tests.swift in Sources */,
				915AC4EE2BB6C4A81CC5509B /* C1Tests.swift in Sources */,
				F80F9FE33774C44C0E469E98 /* C2Tests.swift in Sources */,
				55E5C00C72D20DF5332F9921 /* C3Tests.swift in Sources */,
				2FC7B8D83007D33089079266 /* CaptureLayoutTests.swift in Sources */,
				2EA116BE2281759FD8359C24 /* D1Tests.swift in Sources */,
				FF50CD03EC10A6DA85165BC4 /* D2Tests.swift in Sources */,
				8F9FE98E68ABB3AAAA07D966 /* IslandActivityKitTests.swift in Sources */,
				0CB4DD25A6E542AE087FE070 /* IslandCompactLayoutTests.swift in Sources */,
				A89B3764F7528E571B00FF36 /* IslandWidgetProcessTests.swift in Sources */,
				76714B8B45CC80A8FD787338 /* LAContractTests.swift in Sources */,
				CED4B51392FE19FAA6469E64 /* LAIslandTests.swift in Sources */,
				6C1626B3B6E0ECE23BB71658 /* LASyncTests.swift in Sources */,
				06778033684CE4B834E03DFA /* NowPanelTests.swift in Sources */,
				B33172D73E144F82411C4E10 /* PostureRowTests.swift in Sources */,
				03749D68D801BE2CDF6B7AA3 /* R7Tests.swift in Sources */,
				A0940278920551E0F63C4EC2 /* RailSyncTests.swift in Sources */,
				8CC4CBFD19D775D120BB2467 /* TimeTapTestCase.swift in Sources */,
				84CC97FF9426A9CE8AA98F91 /* UTests.swift in Sources */,
			);
			runOnlyForDeploymentPostprocessing = 0;
		};
		488A7E2840BC86FAA0E471FF /* Sources */ = {
			isa = PBXSourcesBuildPhase;
			buildActionMask = 2147483647;
			files = (
				ED4399E69EE496C6FF815DCD /* ApplyOps.swift in Sources */,
				6C3F4C2381A713E29945746B /* CalendarAPI.swift in Sources */,
				6A17E8C8E7A7E5DCEAA82108 /* CalendarPickerView.swift in Sources */,
				FAF11E3081864E2D33B11B77 /* CaptureView.swift in Sources */,
				E8C1C00798C335C7959CA6B8 /* Credentials.swift in Sources */,
				956E790A0753C11234383A9A /* DayRailView.swift in Sources */,
				FE4C16B4DBEA5F7CCA79E6E5 /* DeadLetterSheet.swift in Sources */,
				FF14C668B031446267AFC58D /* ElapsedTimer.swift in Sources */,
				674A0AB9AE587F11D9091E36 /* Format.swift in Sources */,
				46EAECF479D1F77CC70D37E8 /* GoogleAuth.swift in Sources */,
				DD873BAE5377A7AABBAC7D34 /* Grammar.swift in Sources */,
				C6C0E7812A05BD6D1E37CFDE /* IslandCompact.swift in Sources */,
				155752CD3F60C3AC82969373 /* Models.swift in Sources */,
				8B9BCD03171BB47A1FDDA0B8 /* RootView.swift in Sources */,
				E9690D9084C34359B2CA4BE0 /* RunningBlockAttributes.swift in Sources */,
				6C6BD82B6B90AB6AE376B39C /* RunningBlockIntents.swift in Sources */,
				9ED3731DEF0BF69D4EAB26A6 /* RunningBlockSync.swift in Sources */,
				A8E1C2D3F405162738495A6B /* CategoryEditor.swift in Sources */,
				F0D1D645E73776D17B15A756 /* SettingsView.swift in Sources */,
				6815C88AE2DF31036A8B5A8B /* SignInView.swift in Sources */,
				3BE07A0305050503BCA5CE8D /* SitEditSheet.swift in Sources */,
				02FC0D91E87A14D4F678123C /* SplitSheet.swift in Sources */,
				BBE466DE1345E22BC5700126 /* TapStore.swift in Sources */,
				A517FED50BB45AFCAD67AC72 /* Theme.swift in Sources */,
				DC1D8DE48367B8E83C66452D /* TimeTapApp.swift in Sources */,
			);
			runOnlyForDeploymentPostprocessing = 0;
		};
		A520D67861FF96D41914B8CE /* Sources */ = {
			isa = PBXSourcesBuildPhase;
			buildActionMask = 2147483647;
			files = (
				771F53452D9A17420293FDCD /* ElapsedTimer.swift in Sources */,
				3CAC6B775714033E3E41F3A9 /* IslandCompact.swift in Sources */,
				0CEC9C9EB6392DBAD6FA0167 /* RunningBlockAttributes.swift in Sources */,
				35470FB9689707A27867C3C0 /* RunningBlockIntents.swift in Sources */,
				8932106E4F3D829158AF1A70 /* RunningBlockLiveActivity.swift in Sources */,
				9384EB7759FD38EBDABFB323 /* Theme.swift in Sources */,
				EE887BB1B6C4E3954FE18778 /* TimeTapWidgetBundle.swift in Sources */,
			);
			runOnlyForDeploymentPostprocessing = 0;
		};
/* End PBXSourcesBuildPhase section */

/* Begin PBXTargetDependency section */
		2575BCA25260533E8A620E39 /* PBXTargetDependency */ = {
			isa = PBXTargetDependency;
			target = 7DD2CA63DA231E2830BEADAB /* TimeTap */;
			targetProxy = 7528F1C1579D2BD55AB99BC7 /* PBXContainerItemProxy */;
		};
		2E97F7ECF25DFFD6C487CDC4 /* PBXTargetDependency */ = {
			isa = PBXTargetDependency;
			target = 3808FD036A9F99338925BEB8 /* TimeTapWidget */;
			targetProxy = 17F23FC3B08766FFD68CAD70 /* PBXContainerItemProxy */;
		};
		A08351000EAA978B124A2937 /* PBXTargetDependency */ = {
			isa = PBXTargetDependency;
			target = 7DD2CA63DA231E2830BEADAB /* TimeTap */;
			targetProxy = A88372E5C63025DF4ADFA8F8 /* PBXContainerItemProxy */;
		};
/* End PBXTargetDependency section */

/* Begin XCBuildConfiguration section */
		0CD6FCFB71269C0BD6D24469 /* Release */ = {
			isa = XCBuildConfiguration;
			buildSettings = {
				CODE_SIGN_STYLE = Automatic;
				DEVELOPMENT_TEAM = Y3NGT7263T;
				INFOPLIST_FILE = TimeTapWidget/Info.plist;
				INFOPLIST_KEY_CFBundleDisplayName = timetap;
				INFOPLIST_KEY_UIApplicationSceneManifest_Generation = NO;
				INFOPLIST_KEY_UILaunchScreen_Generation = NO;
				LD_RUNPATH_SEARCH_PATHS = "$(inherited) @executable_path/Frameworks @executable_path/../../Frameworks";
				PRODUCT_BUNDLE_IDENTIFIER = app.timetap.ios.widget;
				SDKROOT = iphoneos;
				SKIP_INSTALL = YES;
				TARGETED_DEVICE_FAMILY = 1;
			};
			name = Release;
		};
		1631CA3EABE939D926181E14 /* Release */ = {
			isa = XCBuildConfiguration;
			buildSettings = {
				ALWAYS_SEARCH_USER_PATHS = NO;
				CLANG_ANALYZER_NONNULL = YES;
				CLANG_ANALYZER_NUMBER_OBJECT_CONVERSION = YES_AGGRESSIVE;
				CLANG_CXX_LANGUAGE_STANDARD = "gnu++14";
				CLANG_CXX_LIBRARY = "libc++";
				CLANG_ENABLE_MODULES = YES;
				CLANG_ENABLE_OBJC_ARC = YES;
				CLANG_ENABLE_OBJC_WEAK = YES;
				CLANG_WARN_BLOCK_CAPTURE_AUTORELEASING = YES;
				CLANG_WARN_BOOL_CONVERSION = YES;
				CLANG_WARN_COMMA = YES;
				CLANG_WARN_CONSTANT_CONVERSION = YES;
				CLANG_WARN_DEPRECATED_OBJC_IMPLEMENTATIONS = YES;
				CLANG_WARN_DIRECT_OBJC_ISA_USAGE = YES_ERROR;
				CLANG_WARN_DOCUMENTATION_COMMENTS = YES;
				CLANG_WARN_EMPTY_BODY = YES;
				CLANG_WARN_ENUM_CONVERSION = YES;
				CLANG_WARN_INFINITE_RECURSION = YES;
				CLANG_WARN_INT_CONVERSION = YES;
				CLANG_WARN_NON_LITERAL_NULL_CONVERSION = YES;
				CLANG_WARN_OBJC_IMPLICIT_RETAIN_SELF = YES;
				CLANG_WARN_OBJC_LITERAL_CONVERSION = YES;
				CLANG_WARN_OBJC_ROOT_CLASS = YES_ERROR;
				CLANG_WARN_QUOTED_INCLUDE_IN_FRAMEWORK_HEADER = YES;
				CLANG_WARN_RANGE_LOOP_ANALYSIS = YES;
				CLANG_WARN_STRICT_PROTOTYPES = YES;
				CLANG_WARN_SUSPICIOUS_MOVE = YES;
				CLANG_WARN_UNGUARDED_AVAILABILITY = YES_AGGRESSIVE;
				CLANG_WARN_UNREACHABLE_CODE = YES;
				CLANG_WARN__DUPLICATE_METHOD_MATCH = YES;
				COPY_PHASE_STRIP = NO;
				CURRENT_PROJECT_VERSION = 1;
				DEBUG_INFORMATION_FORMAT = "dwarf-with-dsym";
				ENABLE_NS_ASSERTIONS = NO;
				ENABLE_STRICT_OBJC_MSGSEND = YES;
				GCC_C_LANGUAGE_STANDARD = gnu11;
				GCC_NO_COMMON_BLOCKS = YES;
				GCC_WARN_64_TO_32_BIT_CONVERSION = YES;
				GCC_WARN_ABOUT_RETURN_TYPE = YES_ERROR;
				GCC_WARN_UNDECLARED_SELECTOR = YES;
				GCC_WARN_UNINITIALIZED_AUTOS = YES_AGGRESSIVE;
				GCC_WARN_UNUSED_FUNCTION = YES;
				GCC_WARN_UNUSED_VARIABLE = YES;
				GENERATE_INFOPLIST_FILE = YES;
				INFOPLIST_KEY_CFBundleDisplayName = timetap;
				INFOPLIST_KEY_UIApplicationSceneManifest_Generation = YES;
				INFOPLIST_KEY_UILaunchScreen_Generation = YES;
				INFOPLIST_KEY_UIStatusBarStyle = UIStatusBarStyleLightContent;
				INFOPLIST_KEY_UISupportedInterfaceOrientations = UIInterfaceOrientationPortrait;
				IPHONEOS_DEPLOYMENT_TARGET = 17.2;
				MARKETING_VERSION = 0.1.0;
				MTL_ENABLE_DEBUG_INFO = NO;
				MTL_FAST_MATH = YES;
				PRODUCT_NAME = "$(TARGET_NAME)";
				SDKROOT = iphoneos;
				SWIFT_COMPILATION_MODE = wholemodule;
				SWIFT_OPTIMIZATION_LEVEL = "-O";
				SWIFT_VERSION = 5.0;
				TARGETED_DEVICE_FAMILY = 1;
			};
			name = Release;
		};
		3869B6401665B254A1E9B22B /* Debug */ = {
			isa = XCBuildConfiguration;
			buildSettings = {
				BUNDLE_LOADER = "$(TEST_HOST)";
				CODE_SIGN_STYLE = Automatic;
				DEVELOPMENT_TEAM = Y3NGT7263T;
				GENERATE_INFOPLIST_FILE = YES;
				LD_RUNPATH_SEARCH_PATHS = (
					"$(inherited)",
					"@executable_path/Frameworks",
					"@loader_path/Frameworks",
				);
				PRODUCT_BUNDLE_IDENTIFIER = app.timetap.ios.uitests;
				SDKROOT = iphoneos;
				TARGETED_DEVICE_FAMILY = "1,2";
				TEST_TARGET_NAME = TimeTap;
			};
			name = Debug;
		};
		6576C88405A80022A3080C05 /* Debug */ = {
			isa = XCBuildConfiguration;
			buildSettings = {
				CODE_SIGN_STYLE = Automatic;
				DEVELOPMENT_TEAM = Y3NGT7263T;
				INFOPLIST_FILE = TimeTapWidget/Info.plist;
				INFOPLIST_KEY_CFBundleDisplayName = timetap;
				INFOPLIST_KEY_UIApplicationSceneManifest_Generation = NO;
				INFOPLIST_KEY_UILaunchScreen_Generation = NO;
				LD_RUNPATH_SEARCH_PATHS = "$(inherited) @executable_path/Frameworks @executable_path/../../Frameworks";
				PRODUCT_BUNDLE_IDENTIFIER = app.timetap.ios.widget;
				SDKROOT = iphoneos;
				SKIP_INSTALL = YES;
				TARGETED_DEVICE_FAMILY = 1;
			};
			name = Debug;
		};
		81DBD6A8A750DF895B86BE99 /* Release */ = {
			isa = XCBuildConfiguration;
			buildSettings = {
				BUNDLE_LOADER = "$(TEST_HOST)";
				CODE_SIGN_STYLE = Automatic;
				DEVELOPMENT_TEAM = Y3NGT7263T;
				GENERATE_INFOPLIST_FILE = YES;
				LD_RUNPATH_SEARCH_PATHS = (
					"$(inherited)",
					"@executable_path/Frameworks",
					"@loader_path/Frameworks",
				);
				PRODUCT_BUNDLE_IDENTIFIER = app.timetap.ios.uitests;
				SDKROOT = iphoneos;
				TARGETED_DEVICE_FAMILY = "1,2";
				TEST_TARGET_NAME = TimeTap;
			};
			name = Release;
		};
		969BBB051D97C896278011BB /* Release */ = {
			isa = XCBuildConfiguration;
			baseConfigurationReference = 202DBF96A0E63CD41E7A516D /* Google.xcconfig */;
			buildSettings = {
				ASSETCATALOG_COMPILER_APPICON_NAME = AppIcon;
				CODE_SIGN_IDENTITY = "iPhone Developer";
				CODE_SIGN_STYLE = Automatic;
				DEVELOPMENT_TEAM = Y3NGT7263T;
				ENABLE_PREVIEWS = YES;
				ENABLE_TESTABILITY = YES;
				INFOPLIST_FILE = TimeTap/Info.plist;
				LD_RUNPATH_SEARCH_PATHS = (
					"$(inherited)",
					"@executable_path/Frameworks",
				);
				PRODUCT_BUNDLE_IDENTIFIER = app.timetap.ios;
				SDKROOT = iphoneos;
				TARGETED_DEVICE_FAMILY = "1,2";
			};
			name = Release;
		};
		A32D03C9D7826D48AF175622 /* Release */ = {
			isa = XCBuildConfiguration;
			buildSettings = {
				BUNDLE_LOADER = "$(TEST_HOST)";
				CODE_SIGN_STYLE = Automatic;
				DEVELOPMENT_TEAM = Y3NGT7263T;
				GENERATE_INFOPLIST_FILE = YES;
				LD_RUNPATH_SEARCH_PATHS = (
					"$(inherited)",
					"@executable_path/Frameworks",
					"@loader_path/Frameworks",
				);
				PRODUCT_BUNDLE_IDENTIFIER = app.timetap.ios.tests;
				SDKROOT = iphoneos;
				TARGETED_DEVICE_FAMILY = "1,2";
				TEST_HOST = "$(BUILT_PRODUCTS_DIR)/TimeTap.app/TimeTap";
			};
			name = Release;
		};
		D3B5B11C17A6687800CA4370 /* Debug */ = {
			isa = XCBuildConfiguration;
			baseConfigurationReference = 202DBF96A0E63CD41E7A516D /* Google.xcconfig */;
			buildSettings = {
				ASSETCATALOG_COMPILER_APPICON_NAME = AppIcon;
				CODE_SIGN_IDENTITY = "iPhone Developer";
				CODE_SIGN_STYLE = Automatic;
				DEVELOPMENT_TEAM = Y3NGT7263T;
				ENABLE_PREVIEWS = YES;
				ENABLE_TESTABILITY = YES;
				INFOPLIST_FILE = TimeTap/Info.plist;
				LD_RUNPATH_SEARCH_PATHS = (
					"$(inherited)",
					"@executable_path/Frameworks",
				);
				PRODUCT_BUNDLE_IDENTIFIER = app.timetap.ios;
				SDKROOT = iphoneos;
				TARGETED_DEVICE_FAMILY = "1,2";
			};
			name = Debug;
		};
		DC3B149A3A7D2402113670F2 /* Debug */ = {
			isa = XCBuildConfiguration;
			buildSettings = {
				BUNDLE_LOADER = "$(TEST_HOST)";
				CODE_SIGN_STYLE = Automatic;
				DEVELOPMENT_TEAM = Y3NGT7263T;
				GENERATE_INFOPLIST_FILE = YES;
				LD_RUNPATH_SEARCH_PATHS = (
					"$(inherited)",
					"@executable_path/Frameworks",
					"@loader_path/Frameworks",
				);
				PRODUCT_BUNDLE_IDENTIFIER = app.timetap.ios.tests;
				SDKROOT = iphoneos;
				TARGETED_DEVICE_FAMILY = "1,2";
				TEST_HOST = "$(BUILT_PRODUCTS_DIR)/TimeTap.app/TimeTap";
			};
			name = Debug;
		};
		DD47701F118C2BB599AC272C /* Debug */ = {
			isa = XCBuildConfiguration;
			buildSettings = {
				ALWAYS_SEARCH_USER_PATHS = NO;
				CLANG_ANALYZER_NONNULL = YES;
				CLANG_ANALYZER_NUMBER_OBJECT_CONVERSION = YES_AGGRESSIVE;
				CLANG_CXX_LANGUAGE_STANDARD = "gnu++14";
				CLANG_CXX_LIBRARY = "libc++";
				CLANG_ENABLE_MODULES = YES;
				CLANG_ENABLE_OBJC_ARC = YES;
				CLANG_ENABLE_OBJC_WEAK = YES;
				CLANG_WARN_BLOCK_CAPTURE_AUTORELEASING = YES;
				CLANG_WARN_BOOL_CONVERSION = YES;
				CLANG_WARN_COMMA = YES;
				CLANG_WARN_CONSTANT_CONVERSION = YES;
				CLANG_WARN_DEPRECATED_OBJC_IMPLEMENTATIONS = YES;
				CLANG_WARN_DIRECT_OBJC_ISA_USAGE = YES_ERROR;
				CLANG_WARN_DOCUMENTATION_COMMENTS = YES;
				CLANG_WARN_EMPTY_BODY = YES;
				CLANG_WARN_ENUM_CONVERSION = YES;
				CLANG_WARN_INFINITE_RECURSION = YES;
				CLANG_WARN_INT_CONVERSION = YES;
				CLANG_WARN_NON_LITERAL_NULL_CONVERSION = YES;
				CLANG_WARN_OBJC_IMPLICIT_RETAIN_SELF = YES;
				CLANG_WARN_OBJC_LITERAL_CONVERSION = YES;
				CLANG_WARN_OBJC_ROOT_CLASS = YES_ERROR;
				CLANG_WARN_QUOTED_INCLUDE_IN_FRAMEWORK_HEADER = YES;
				CLANG_WARN_RANGE_LOOP_ANALYSIS = YES;
				CLANG_WARN_STRICT_PROTOTYPES = YES;
				CLANG_WARN_SUSPICIOUS_MOVE = YES;
				CLANG_WARN_UNGUARDED_AVAILABILITY = YES_AGGRESSIVE;
				CLANG_WARN_UNREACHABLE_CODE = YES;
				CLANG_WARN__DUPLICATE_METHOD_MATCH = YES;
				COPY_PHASE_STRIP = NO;
				CURRENT_PROJECT_VERSION = 1;
				DEBUG_INFORMATION_FORMAT = dwarf;
				ENABLE_STRICT_OBJC_MSGSEND = YES;
				ENABLE_TESTABILITY = YES;
				GCC_C_LANGUAGE_STANDARD = gnu11;
				GCC_DYNAMIC_NO_PIC = NO;
				GCC_NO_COMMON_BLOCKS = YES;
				GCC_OPTIMIZATION_LEVEL = 0;
				GCC_PREPROCESSOR_DEFINITIONS = (
					"$(inherited)",
					"DEBUG=1",
				);
				GCC_WARN_64_TO_32_BIT_CONVERSION = YES;
				GCC_WARN_ABOUT_RETURN_TYPE = YES_ERROR;
				GCC_WARN_UNDECLARED_SELECTOR = YES;
				GCC_WARN_UNINITIALIZED_AUTOS = YES_AGGRESSIVE;
				GCC_WARN_UNUSED_FUNCTION = YES;
				GCC_WARN_UNUSED_VARIABLE = YES;
				GENERATE_INFOPLIST_FILE = YES;
				INFOPLIST_KEY_CFBundleDisplayName = timetap;
				INFOPLIST_KEY_UIApplicationSceneManifest_Generation = YES;
				INFOPLIST_KEY_UILaunchScreen_Generation = YES;
				INFOPLIST_KEY_UIStatusBarStyle = UIStatusBarStyleLightContent;
				INFOPLIST_KEY_UISupportedInterfaceOrientations = UIInterfaceOrientationPortrait;
				IPHONEOS_DEPLOYMENT_TARGET = 17.2;
				MARKETING_VERSION = 0.1.0;
				MTL_ENABLE_DEBUG_INFO = INCLUDE_SOURCE;
				MTL_FAST_MATH = YES;
				ONLY_ACTIVE_ARCH = YES;
				PRODUCT_NAME = "$(TARGET_NAME)";
				SDKROOT = iphoneos;
				SWIFT_ACTIVE_COMPILATION_CONDITIONS = DEBUG;
				SWIFT_OPTIMIZATION_LEVEL = "-Onone";
				SWIFT_VERSION = 5.0;
				TARGETED_DEVICE_FAMILY = 1;
			};
			name = Debug;
		};
/* End XCBuildConfiguration section */

/* Begin XCConfigurationList section */
		3A0BF1D90697F777287CABD5 /* Build configuration list for PBXNativeTarget "TimeTapTests" */ = {
			isa = XCConfigurationList;
			buildConfigurations = (
				DC3B149A3A7D2402113670F2 /* Debug */,
				A32D03C9D7826D48AF175622 /* Release */,
			);
			defaultConfigurationIsVisible = 0;
			defaultConfigurationName = Debug;
		};
		818A917009E6D618E4D47223 /* Build configuration list for PBXNativeTarget "TimeTapUITests" */ = {
			isa = XCConfigurationList;
			buildConfigurations = (
				3869B6401665B254A1E9B22B /* Debug */,
				81DBD6A8A750DF895B86BE99 /* Release */,
			);
			defaultConfigurationIsVisible = 0;
			defaultConfigurationName = Debug;
		};
		99BE51B1C1F25995A01FE0F1 /* Build configuration list for PBXNativeTarget "TimeTapWidget" */ = {
			isa = XCConfigurationList;
			buildConfigurations = (
				6576C88405A80022A3080C05 /* Debug */,
				0CD6FCFB71269C0BD6D24469 /* Release */,
			);
			defaultConfigurationIsVisible = 0;
			defaultConfigurationName = Debug;
		};
		D4AFCFCA5C9F8D7527F8F5A5 /* Build configuration list for PBXNativeTarget "TimeTap" */ = {
			isa = XCConfigurationList;
			buildConfigurations = (
				D3B5B11C17A6687800CA4370 /* Debug */,
				969BBB051D97C896278011BB /* Release */,
			);
			defaultConfigurationIsVisible = 0;
			defaultConfigurationName = Debug;
		};
		E315CC12703E7166E8A82DCE /* Build configuration list for PBXProject "TimeTap" */ = {
			isa = XCConfigurationList;
			buildConfigurations = (
				DD47701F118C2BB599AC272C /* Debug */,
				1631CA3EABE939D926181E14 /* Release */,
			);
			defaultConfigurationIsVisible = 0;
			defaultConfigurationName = Debug;
		};
/* End XCConfigurationList section */

/* Begin XCRemoteSwiftPackageReference section */
		5D1FFC1F0E7276BB3472F1ED /* XCRemoteSwiftPackageReference "GoogleSignIn-iOS" */ = {
			isa = XCRemoteSwiftPackageReference;
			repositoryURL = "https://github.com/google/GoogleSignIn-iOS";
			requirement = {
				kind = upToNextMajorVersion;
				minimumVersion = 8.0.0;
			};
		};
/* End XCRemoteSwiftPackageReference section */

/* Begin XCSwiftPackageProductDependency section */
		E2AC37527A1324DCA04213C6 /* GoogleSignIn */ = {
			isa = XCSwiftPackageProductDependency;
			package = 5D1FFC1F0E7276BB3472F1ED /* XCRemoteSwiftPackageReference "GoogleSignIn-iOS" */;
			productName = GoogleSignIn;
		};
/* End XCSwiftPackageProductDependency section */
	};
	rootObject = F857DF8535F9DD23FF6EC550 /* Project object */;
}
