// !$*UTF8*$!
{
	archiveVersion = 1;
	classes = {
	};
	objectVersion = 77;
	objects = {

/* Begin PBXBuildFile section */
		02FC0D91E87A14D4F678123C /* SplitSheet.swift in Sources */ = {isa = PBXBuildFile; fileRef = 47B9719A4D5ACAE3A65E08CB /* SplitSheet.swift */; };
		036E218AE8B64A72E79FA10F /* B4Tests.swift in Sources */ = {isa = PBXBuildFile; fileRef = A110EC0051A7A1D87110C352 /* B4Tests.swift */; };
		099D42E94F480B0F26A3C5B9 /* B3Tests.swift in Sources */ = {isa = PBXBuildFile; fileRef = 18B8279D8F1187956ABD0783 /* B3Tests.swift */; };
		155752CD3F60C3AC82969373 /* Models.swift in Sources */ = {isa = PBXBuildFile; fileRef = 4E7744EE4EAB4173F4B3D188 /* Models.swift */; };
		2D0897E0A6B3231F37BEB32F /* A4Tests.swift in Sources */ = {isa = PBXBuildFile; fileRef = 72AB36F224AB7588E53018B4 /* A4Tests.swift */; };
		2FB00CD640D7409118A8E4E2 /* B1Tests.swift in Sources */ = {isa = PBXBuildFile; fileRef = D943F9A6CAF5F4D8B8DCC048 /* B1Tests.swift */; };
		3BE07A0305050503BCA5CE8D /* SitEditSheet.swift in Sources */ = {isa = PBXBuildFile; fileRef = CF45FF913A460C9661EDF34B /* SitEditSheet.swift */; };
		3D742B0CFBC1B8A0D3969583 /* A3Tests.swift in Sources */ = {isa = PBXBuildFile; fileRef = 416881FDA0DDE709D21E55C3 /* A3Tests.swift */; };
		40D059EFA67A504708D25447 /* Assets.xcassets in Resources */ = {isa = PBXBuildFile; fileRef = F480CE7080FAF633ABD17E01 /* Assets.xcassets */; };
		46EAECF479D1F77CC70D37E8 /* GoogleAuth.swift in Sources */ = {isa = PBXBuildFile; fileRef = 39244103B3847640AAA55B11 /* GoogleAuth.swift */; };
		55E5C00C72D20DF5332F9921 /* C3Tests.swift in Sources */ = {isa = PBXBuildFile; fileRef = 5B6E4BC029AB56DD7EB503AD /* C3Tests.swift */; };
		581EFFC879088FD71F1DC717 /* B2Tests.swift in Sources */ = {isa = PBXBuildFile; fileRef = 0D151859F57377AEC8118124 /* B2Tests.swift */; };
		58F7E0C393D62920F700C37E /* A1Tests.swift in Sources */ = {isa = PBXBuildFile; fileRef = 6C9E642DDAC8A5F6C60D9EF4 /* A1Tests.swift */; };
		674A0AB9AE587F11D9091E36 /* Format.swift in Sources */ = {isa = PBXBuildFile; fileRef = 92673D20F168B38B293C621F /* Format.swift */; };
		6815C88AE2DF31036A8B5A8B /* SignInView.swift in Sources */ = {isa = PBXBuildFile; fileRef = 6D7B42C20E98A8B8C2475C8B /* SignInView.swift */; };
		6A17E8C8E7A7E5DCEAA82108 /* CalendarPickerView.swift in Sources */ = {isa = PBXBuildFile; fileRef = 31BB6E2F4AC7571D01632124 /* CalendarPickerView.swift */; };
		6C3F4C2381A713E29945746B /* CalendarAPI.swift in Sources */ = {isa = PBXBuildFile; fileRef = 46DD023ECACFCEE59D37F58C /* CalendarAPI.swift */; };
		81925425FD2759B8617E9D60 /* GoogleSignIn in Frameworks */ = {isa = PBXBuildFile; productRef = E2AC37527A1324DCA04213C6 /* GoogleSignIn */; };
		8B9BCD03171BB47A1FDDA0B8 /* RootView.swift in Sources */ = {isa = PBXBuildFile; fileRef = 979753C469BB46C427293E02 /* RootView.swift */; };
		915AC4EE2BB6C4A81CC5509B /* C1Tests.swift in Sources */ = {isa = PBXBuildFile; fileRef = 7609C6A77691CD52326C9F36 /* C1Tests.swift */; };
		956E790A0753C11234383A9A /* DayRailView.swift in Sources */ = {isa = PBXBuildFile; fileRef = 49092CA9D4C73500509BB649 /* DayRailView.swift */; };
		A517FED50BB45AFCAD67AC72 /* Theme.swift in Sources */ = {isa = PBXBuildFile; fileRef = F0947EED16A8B40C767B8FA0 /* Theme.swift */; };
		BBE466DE1345E22BC5700126 /* TapStore.swift in Sources */ = {isa = PBXBuildFile; fileRef = C85019F7B88C8EE4DFBE85A0 /* TapStore.swift */; };
		DC1D8DE48367B8E83C66452D /* TimeTapApp.swift in Sources */ = {isa = PBXBuildFile; fileRef = 6DC9D8FAFE6CD1911BA1BA06 /* TimeTapApp.swift */; };
		DC693AE87028C02E393735BB /* A2Tests.swift in Sources */ = {isa = PBXBuildFile; fileRef = 8126B4FE3CB9C4362805622A /* A2Tests.swift */; };
		DD873BAE5377A7AABBAC7D34 /* Grammar.swift in Sources */ = {isa = PBXBuildFile; fileRef = 9D9D4875A281E3F960C3A7CD /* Grammar.swift */; };
		E8C1C00798C335C7959CA6B8 /* Credentials.swift in Sources */ = {isa = PBXBuildFile; fileRef = EC2416C4707736A43FD2ACF6 /* Credentials.swift */; };
		ED4399E69EE496C6FF815DCD /* ApplyOps.swift in Sources */ = {isa = PBXBuildFile; fileRef = 5D9FAAEA0FBB3106BE727550 /* ApplyOps.swift */; };
		F0D1D645E73776D17B15A756 /* SettingsView.swift in Sources */ = {isa = PBXBuildFile; fileRef = 2D55675D4A21D2C2D804358B /* SettingsView.swift */; };
		F80F9FE33774C44C0E469E98 /* C2Tests.swift in Sources */ = {isa = PBXBuildFile; fileRef = B8AD8C15BC946325CF02364B /* C2Tests.swift */; };
		FAF11E3081864E2D33B11B77 /* CaptureView.swift in Sources */ = {isa = PBXBuildFile; fileRef = 749D803612D26E9D5D20E863 /* CaptureView.swift */; };
		FE4C16B4DBEA5F7CCA79E6E5 /* DeadLetterSheet.swift in Sources */ = {isa = PBXBuildFile; fileRef = 67FE41A5E22FCCF25FC6FFDB /* DeadLetterSheet.swift */; };
/* End PBXBuildFile section */

/* Begin PBXContainerItemProxy section */
		7528F1C1579D2BD55AB99BC7 /* PBXContainerItemProxy */ = {
			isa = PBXContainerItemProxy;
			containerPortal = F857DF8535F9DD23FF6EC550 /* Project object */;
			proxyType = 1;
			remoteGlobalIDString = 7DD2CA63DA231E2830BEADAB;
			remoteInfo = TimeTap;
		};
/* End PBXContainerItemProxy section */

/* Begin PBXFileReference section */
		0C48DCFC2B8F43129B8031AB /* TimeTap.app */ = {isa = PBXFileReference; includeInIndex = 0; lastKnownFileType = wrapper.application; path = TimeTap.app; sourceTree = BUILT_PRODUCTS_DIR; };
		0D151859F57377AEC8118124 /* B2Tests.swift */ = {isa = PBXFileReference; lastKnownFileType = sourcecode.swift; path = B2Tests.swift; sourceTree = "<group>"; };
		18B8279D8F1187956ABD0783 /* B3Tests.swift */ = {isa = PBXFileReference; lastKnownFileType = sourcecode.swift; path = B3Tests.swift; sourceTree = "<group>"; };
		202DBF96A0E63CD41E7A516D /* Google.xcconfig */ = {isa = PBXFileReference; lastKnownFileType = text.xcconfig; path = Google.xcconfig; sourceTree = "<group>"; };
		2D55675D4A21D2C2D804358B /* SettingsView.swift */ = {isa = PBXFileReference; lastKnownFileType = sourcecode.swift; path = SettingsView.swift; sourceTree = "<group>"; };
		31BB6E2F4AC7571D01632124 /* CalendarPickerView.swift */ = {isa = PBXFileReference; lastKnownFileType = sourcecode.swift; path = CalendarPickerView.swift; sourceTree = "<group>"; };
		39244103B3847640AAA55B11 /* GoogleAuth.swift */ = {isa = PBXFileReference; lastKnownFileType = sourcecode.swift; path = GoogleAuth.swift; sourceTree = "<group>"; };
		416881FDA0DDE709D21E55C3 /* A3Tests.swift */ = {isa = PBXFileReference; lastKnownFileType = sourcecode.swift; path = A3Tests.swift; sourceTree = "<group>"; };
		46DD023ECACFCEE59D37F58C /* CalendarAPI.swift */ = {isa = PBXFileReference; lastKnownFileType = sourcecode.swift; path = CalendarAPI.swift; sourceTree = "<group>"; };
		47B9719A4D5ACAE3A65E08CB /* SplitSheet.swift */ = {isa = PBXFileReference; lastKnownFileType = sourcecode.swift; path = SplitSheet.swift; sourceTree = "<group>"; };
		49092CA9D4C73500509BB649 /* DayRailView.swift */ = {isa = PBXFileReference; lastKnownFileType = sourcecode.swift; path = DayRailView.swift; sourceTree = "<group>"; };
		4E7744EE4EAB4173F4B3D188 /* Models.swift */ = {isa = PBXFileReference; lastKnownFileType = sourcecode.swift; path = Models.swift; sourceTree = "<group>"; };
		5B6E4BC029AB56DD7EB503AD /* C3Tests.swift */ = {isa = PBXFileReference; lastKnownFileType = sourcecode.swift; path = C3Tests.swift; sourceTree = "<group>"; };
		5D9FAAEA0FBB3106BE727550 /* ApplyOps.swift */ = {isa = PBXFileReference; lastKnownFileType = sourcecode.swift; path = ApplyOps.swift; sourceTree = "<group>"; };
		67FE41A5E22FCCF25FC6FFDB /* DeadLetterSheet.swift */ = {isa = PBXFileReference; lastKnownFileType = sourcecode.swift; path = DeadLetterSheet.swift; sourceTree = "<group>"; };
		6C9E642DDAC8A5F6C60D9EF4 /* A1Tests.swift */ = {isa = PBXFileReference; lastKnownFileType = sourcecode.swift; path = A1Tests.swift; sourceTree = "<group>"; };
		6D7B42C20E98A8B8C2475C8B /* SignInView.swift */ = {isa = PBXFileReference; lastKnownFileType = sourcecode.swift; path = SignInView.swift; sourceTree = "<group>"; };
		6DC9D8FAFE6CD1911BA1BA06 /* TimeTapApp.swift */ = {isa = PBXFileReference; lastKnownFileType = sourcecode.swift; path = TimeTapApp.swift; sourceTree = "<group>"; };
		72AB36F224AB7588E53018B4 /* A4Tests.swift */ = {isa = PBXFileReference; lastKnownFileType = sourcecode.swift; path = A4Tests.swift; sourceTree = "<group>"; };
		749D803612D26E9D5D20E863 /* CaptureView.swift */ = {isa = PBXFileReference; lastKnownFileType = sourcecode.swift; path = CaptureView.swift; sourceTree = "<group>"; };
		7609C6A77691CD52326C9F36 /* C1Tests.swift */ = {isa = PBXFileReference; lastKnownFileType = sourcecode.swift; path = C1Tests.swift; sourceTree = "<group>"; };
		8126B4FE3CB9C4362805622A /* A2Tests.swift */ = {isa = PBXFileReference; lastKnownFileType = sourcecode.swift; path = A2Tests.swift; sourceTree = "<group>"; };
		92673D20F168B38B293C621F /* Format.swift */ = {isa = PBXFileReference; lastKnownFileType = sourcecode.swift; path = Format.swift; sourceTree = "<group>"; };
		979753C469BB46C427293E02 /* RootView.swift */ = {isa = PBXFileReference; lastKnownFileType = sourcecode.swift; path = RootView.swift; sourceTree = "<group>"; };
		9D9D4875A281E3F960C3A7CD /* Grammar.swift */ = {isa = PBXFileReference; lastKnownFileType = sourcecode.swift; path = Grammar.swift; sourceTree = "<group>"; };
		A110EC0051A7A1D87110C352 /* B4Tests.swift */ = {isa = PBXFileReference; lastKnownFileType = sourcecode.swift; path = B4Tests.swift; sourceTree = "<group>"; };
		B1FF4806EEB7A5DA1B512B3C /* Info.plist */ = {isa = PBXFileReference; lastKnownFileType = text.plist; path = Info.plist; sourceTree = "<group>"; };
		B8AD8C15BC946325CF02364B /* C2Tests.swift */ = {isa = PBXFileReference; lastKnownFileType = sourcecode.swift; path = C2Tests.swift; sourceTree = "<group>"; };
		C85019F7B88C8EE4DFBE85A0 /* TapStore.swift */ = {isa = PBXFileReference; lastKnownFileType = sourcecode.swift; path = TapStore.swift; sourceTree = "<group>"; };
		CAAA7DE9DBBAA54C77A78BD0 /* TimeTapTests.xctest */ = {isa = PBXFileReference; includeInIndex = 0; lastKnownFileType = wrapper.cfbundle; path = TimeTapTests.xctest; sourceTree = BUILT_PRODUCTS_DIR; };
		CF45FF913A460C9661EDF34B /* SitEditSheet.swift */ = {isa = PBXFileReference; lastKnownFileType = sourcecode.swift; path = SitEditSheet.swift; sourceTree = "<group>"; };
		D943F9A6CAF5F4D8B8DCC048 /* B1Tests.swift */ = {isa = PBXFileReference; lastKnownFileType = sourcecode.swift; path = B1Tests.swift; sourceTree = "<group>"; };
		EC2416C4707736A43FD2ACF6 /* Credentials.swift */ = {isa = PBXFileReference; lastKnownFileType = sourcecode.swift; path = Credentials.swift; sourceTree = "<group>"; };
		F0947EED16A8B40C767B8FA0 /* Theme.swift */ = {isa = PBXFileReference; lastKnownFileType = sourcecode.swift; path = Theme.swift; sourceTree = "<group>"; };
		F480CE7080FAF633ABD17E01 /* Assets.xcassets */ = {isa = PBXFileReference; lastKnownFileType = folder.assetcatalog; path = Assets.xcassets; sourceTree = "<group>"; };
/* End PBXFileReference section */

/* Begin PBXFrameworksBuildPhase section */
		E66F054E9674E3374439E4DC /* Frameworks */ = {
			isa = PBXFrameworksBuildPhase;
			buildActionMask = 2147483647;
			files = (
				81925425FD2759B8617E9D60 /* GoogleSignIn in Frameworks */,
			);
			runOnlyForDeploymentPostprocessing = 0;
		};
/* End PBXFrameworksBuildPhase section */

/* Begin PBXGroup section */
		3E6FC59B3A40708FC4EDF1D1 /* Config */ = {
			isa = PBXGroup;
			children = (
				202DBF96A0E63CD41E7A516D /* Google.xcconfig */,
			);
			path = Config;
			sourceTree = "<group>";
		};
		65661EEC756AF252C8C902EE /* Models */ = {
			isa = PBXGroup;
			children = (
				4E7744EE4EAB4173F4B3D188 /* Models.swift */,
			);
			path = Models;
			sourceTree = "<group>";
		};
		AB85A8E9997F93FEF628CDE1 /* TimeTap */ = {
			isa = PBXGroup;
			children = (
				F480CE7080FAF633ABD17E01 /* Assets.xcassets */,
				92673D20F168B38B293C621F /* Format.swift */,
				B1FF4806EEB7A5DA1B512B3C /* Info.plist */,
				F0947EED16A8B40C767B8FA0 /* Theme.swift */,
				6DC9D8FAFE6CD1911BA1BA06 /* TimeTapApp.swift */,
				3E6FC59B3A40708FC4EDF1D1 /* Config */,
				65661EEC756AF252C8C902EE /* Models */,
				B4A439978C48A6D87AD9D481 /* Services */,
				CD89DEDEA4606A0558A58718 /* Views */,
			);
			path = TimeTap;
			sourceTree = "<group>";
		};
		B4A439978C48A6D87AD9D481 /* Services */ = {
			isa = PBXGroup;
			children = (
				5D9FAAEA0FBB3106BE727550 /* ApplyOps.swift */,
				46DD023ECACFCEE59D37F58C /* CalendarAPI.swift */,
				EC2416C4707736A43FD2ACF6 /* Credentials.swift */,
				39244103B3847640AAA55B11 /* GoogleAuth.swift */,
				9D9D4875A281E3F960C3A7CD /* Grammar.swift */,
				C85019F7B88C8EE4DFBE85A0 /* TapStore.swift */,
			);
			path = Services;
			sourceTree = "<group>";
		};
		B6C31230AC23D7C2FD05A374 = {
			isa = PBXGroup;
			children = (
				AB85A8E9997F93FEF628CDE1 /* TimeTap */,
				B854C4CFD46444295D8ACE04 /* TimeTapTests */,
				E6FD22C9DCD904BE6FEB037D /* Products */,
			);
			sourceTree = "<group>";
		};
		B854C4CFD46444295D8ACE04 /* TimeTapTests */ = {
			isa = PBXGroup;
			children = (
				6C9E642DDAC8A5F6C60D9EF4 /* A1Tests.swift */,
				8126B4FE3CB9C4362805622A /* A2Tests.swift */,
				416881FDA0DDE709D21E55C3 /* A3Tests.swift */,
				72AB36F224AB7588E53018B4 /* A4Tests.swift */,
				D943F9A6CAF5F4D8B8DCC048 /* B1Tests.swift */,
				0D151859F57377AEC8118124 /* B2Tests.swift */,
				18B8279D8F1187956ABD0783 /* B3Tests.swift */,
				A110EC0051A7A1D87110C352 /* B4Tests.swift */,
				7609C6A77691CD52326C9F36 /* C1Tests.swift */,
				B8AD8C15BC946325CF02364B /* C2Tests.swift */,
				5B6E4BC029AB56DD7EB503AD /* C3Tests.swift */,
			);
			path = TimeTapTests;
			sourceTree = "<group>";
		};
		CD89DEDEA4606A0558A58718 /* Views */ = {
			isa = PBXGroup;
			children = (
				31BB6E2F4AC7571D01632124 /* CalendarPickerView.swift */,
				749D803612D26E9D5D20E863 /* CaptureView.swift */,
				49092CA9D4C73500509BB649 /* DayRailView.swift */,
				67FE41A5E22FCCF25FC6FFDB /* DeadLetterSheet.swift */,
				979753C469BB46C427293E02 /* RootView.swift */,
				2D55675D4A21D2C2D804358B /* SettingsView.swift */,
				6D7B42C20E98A8B8C2475C8B /* SignInView.swift */,
				CF45FF913A460C9661EDF34B /* SitEditSheet.swift */,
				47B9719A4D5ACAE3A65E08CB /* SplitSheet.swift */,
			);
			path = Views;
			sourceTree = "<group>";
		};
		E6FD22C9DCD904BE6FEB037D /* Products */ = {
			isa = PBXGroup;
			children = (
				0C48DCFC2B8F43129B8031AB /* TimeTap.app */,
				CAAA7DE9DBBAA54C77A78BD0 /* TimeTapTests.xctest */,
			);
			name = Products;
			sourceTree = "<group>";
		};
/* End PBXGroup section */

/* Begin PBXNativeTarget section */
		2FABA00A70E3E5F3EE9C003E /* TimeTapTests */ = {
			isa = PBXNativeTarget;
			buildConfigurationList = 3A0BF1D90697F777287CABD5 /* Build configuration list for PBXNativeTarget "TimeTapTests" */;
			buildPhases = (
				2AC55B306D7AADF5A1480BB1 /* Sources */,
			);
			buildRules = (
			);
			dependencies = (
				2575BCA25260533E8A620E39 /* PBXTargetDependency */,
			);
			name = TimeTapTests;
			packageProductDependencies = (
			);
			productName = TimeTapTests;
			productReference = CAAA7DE9DBBAA54C77A78BD0 /* TimeTapTests.xctest */;
			productType = "com.apple.product-type.bundle.unit-test";
		};
		7DD2CA63DA231E2830BEADAB /* TimeTap */ = {
			isa = PBXNativeTarget;
			buildConfigurationList = D4AFCFCA5C9F8D7527F8F5A5 /* Build configuration list for PBXNativeTarget "TimeTap" */;
			buildPhases = (
				488A7E2840BC86FAA0E471FF /* Sources */,
				35200B8D54A900C23603F4D9 /* Resources */,
				E66F054E9674E3374439E4DC /* Frameworks */,
			);
			buildRules = (
			);
			dependencies = (
			);
			name = TimeTap;
			packageProductDependencies = (
				E2AC37527A1324DCA04213C6 /* GoogleSignIn */,
			);
			productName = TimeTap;
			productReference = 0C48DCFC2B8F43129B8031AB /* TimeTap.app */;
			productType = "com.apple.product-type.application";
		};
/* End PBXNativeTarget section */

/* Begin PBXProject section */
		F857DF8535F9DD23FF6EC550 /* Project object */ = {
			isa = PBXProject;
			attributes = {
				BuildIndependentTargetsInParallel = YES;
				LastUpgradeCheck = 1600;
				TargetAttributes = {
					2FABA00A70E3E5F3EE9C003E = {
						DevelopmentTeam = Y3NGT7263T;
						ProvisioningStyle = Automatic;
					};
					7DD2CA63DA231E2830BEADAB = {
						DevelopmentTeam = Y3NGT7263T;
						ProvisioningStyle = Automatic;
					};
				};
			};
			buildConfigurationList = E315CC12703E7166E8A82DCE /* Build configuration list for PBXProject "TimeTap" */;
			developmentRegion = en;
			hasScannedForEncodings = 0;
			knownRegions = (
				Base,
				en,
			);
			mainGroup = B6C31230AC23D7C2FD05A374;
			minimizedProjectReferenceProxies = 1;
			packageReferences = (
				5D1FFC1F0E7276BB3472F1ED /* XCRemoteSwiftPackageReference "GoogleSignIn-iOS" */,
			);
			preferredProjectObjectVersion = 77;
			productRefGroup = E6FD22C9DCD904BE6FEB037D /* Products */;
			projectDirPath = "";
			projectRoot = "";
			targets = (
				7DD2CA63DA231E2830BEADAB /* TimeTap */,
				2FABA00A70E3E5F3EE9C003E /* TimeTapTests */,
			);
		};
/* End PBXProject section */

/* Begin PBXResourcesBuildPhase section */
		35200B8D54A900C23603F4D9 /* Resources */ = {
			isa = PBXResourcesBuildPhase;
			buildActionMask = 2147483647;
			files = (
				40D059EFA67A504708D25447 /* Assets.xcassets in Resources */,
			);
			runOnlyForDeploymentPostprocessing = 0;
		};
/* End PBXResourcesBuildPhase section */

/* Begin PBXSourcesBuildPhase section */
		2AC55B306D7AADF5A1480BB1 /* Sources */ = {
			isa = PBXSourcesBuildPhase;
			buildActionMask = 2147483647;
			files = (
				58F7E0C393D62920F700C37E /* A1Tests.swift in Sources */,
				DC693AE87028C02E393735BB /* A2Tests.swift in Sources */,
				3D742B0CFBC1B8A0D3969583 /* A3Tests.swift in Sources */,
				2D0897E0A6B3231F37BEB32F /* A4Tests.swift in Sources */,
				2FB00CD640D7409118A8E4E2 /* B1Tests.swift in Sources */,
				581EFFC879088FD71F1DC717 /* B2Tests.swift in Sources */,
				099D42E94F480B0F26A3C5B9 /* B3Tests.swift in Sources */,
				036E218AE8B64A72E79FA10F /* B4Tests.swift in Sources */,
				915AC4EE2BB6C4A81CC5509B /* C1Tests.swift in Sources */,
				F80F9FE33774C44C0E469E98 /* C2Tests.swift in Sources */,
				55E5C00C72D20DF5332F9921 /* C3Tests.swift in Sources */,
			);
			runOnlyForDeploymentPostprocessing = 0;
		};
		488A7E2840BC86FAA0E471FF /* Sources */ = {
			isa = PBXSourcesBuildPhase;
			buildActionMask = 2147483647;
			files = (
				ED4399E69EE496C6FF815DCD /* ApplyOps.swift in Sources */,
				6C3F4C2381A713E29945746B /* CalendarAPI.swift in Sources */,
				6A17E8C8E7A7E5DCEAA82108 /* CalendarPickerView.swift in Sources */,
				FAF11E3081864E2D33B11B77 /* CaptureView.swift in Sources */,
				E8C1C00798C335C7959CA6B8 /* Credentials.swift in Sources */,
				956E790A0753C11234383A9A /* DayRailView.swift in Sources */,
				FE4C16B4DBEA5F7CCA79E6E5 /* DeadLetterSheet.swift in Sources */,
				674A0AB9AE587F11D9091E36 /* Format.swift in Sources */,
				46EAECF479D1F77CC70D37E8 /* GoogleAuth.swift in Sources */,
				DD873BAE5377A7AABBAC7D34 /* Grammar.swift in Sources */,
				155752CD3F60C3AC82969373 /* Models.swift in Sources */,
				8B9BCD03171BB47A1FDDA0B8 /* RootView.swift in Sources */,
				F0D1D645E73776D17B15A756 /* SettingsView.swift in Sources */,
				6815C88AE2DF31036A8B5A8B /* SignInView.swift in Sources */,
				3BE07A0305050503BCA5CE8D /* SitEditSheet.swift in Sources */,
				02FC0D91E87A14D4F678123C /* SplitSheet.swift in Sources */,
				BBE466DE1345E22BC5700126 /* TapStore.swift in Sources */,
				A517FED50BB45AFCAD67AC72 /* Theme.swift in Sources */,
				DC1D8DE48367B8E83C66452D /* TimeTapApp.swift in Sources */,
			);
			runOnlyForDeploymentPostprocessing = 0;
		};
/* End PBXSourcesBuildPhase section */

/* Begin PBXTargetDependency section */
		2575BCA25260533E8A620E39 /* PBXTargetDependency */ = {
			isa = PBXTargetDependency;
			target = 7DD2CA63DA231E2830BEADAB /* TimeTap */;
			targetProxy = 7528F1C1579D2BD55AB99BC7 /* PBXContainerItemProxy */;
		};
/* End PBXTargetDependency section */

/* Begin XCBuildConfiguration section */
		1631CA3EABE939D926181E14 /* Release */ = {
			isa = XCBuildConfiguration;
			buildSettings = {
				ALWAYS_SEARCH_USER_PATHS = NO;
				CLANG_ANALYZER_NONNULL = YES;
				CLANG_ANALYZER_NUMBER_OBJECT_CONVERSION = YES_AGGRESSIVE;
				CLANG_CXX_LANGUAGE_STANDARD = "gnu++14";
				CLANG_CXX_LIBRARY = "libc++";
				CLANG_ENABLE_MODULES = YES;
				CLANG_ENABLE_OBJC_ARC = YES;
				CLANG_ENABLE_OBJC_WEAK = YES;
				CLANG_WARN_BLOCK_CAPTURE_AUTORELEASING = YES;
				CLANG_WARN_BOOL_CONVERSION = YES;
				CLANG_WARN_COMMA = YES;
				CLANG_WARN_CONSTANT_CONVERSION = YES;
				CLANG_WARN_DEPRECATED_OBJC_IMPLEMENTATIONS = YES;
				CLANG_WARN_DIRECT_OBJC_ISA_USAGE = YES_ERROR;
				CLANG_WARN_DOCUMENTATION_COMMENTS = YES;
				CLANG_WARN_EMPTY_BODY = YES;
				CLANG_WARN_ENUM_CONVERSION = YES;
				CLANG_WARN_INFINITE_RECURSION = YES;
				CLANG_WARN_INT_CONVERSION = YES;
				CLANG_WARN_NON_LITERAL_NULL_CONVERSION = YES;
				CLANG_WARN_OBJC_IMPLICIT_RETAIN_SELF = YES;
				CLANG_WARN_OBJC_LITERAL_CONVERSION = YES;
				CLANG_WARN_OBJC_ROOT_CLASS = YES_ERROR;
				CLANG_WARN_QUOTED_INCLUDE_IN_FRAMEWORK_HEADER = YES;
				CLANG_WARN_RANGE_LOOP_ANALYSIS = YES;
				CLANG_WARN_STRICT_PROTOTYPES = YES;
				CLANG_WARN_SUSPICIOUS_MOVE = YES;
				CLANG_WARN_UNGUARDED_AVAILABILITY = YES_AGGRESSIVE;
				CLANG_WARN_UNREACHABLE_CODE = YES;
				CLANG_WARN__DUPLICATE_METHOD_MATCH = YES;
				COPY_PHASE_STRIP = NO;
				CURRENT_PROJECT_VERSION = 1;
				DEBUG_INFORMATION_FORMAT = "dwarf-with-dsym";
				ENABLE_NS_ASSERTIONS = NO;
				ENABLE_STRICT_OBJC_MSGSEND = YES;
				GCC_C_LANGUAGE_STANDARD = gnu11;
				GCC_NO_COMMON_BLOCKS = YES;
				GCC_WARN_64_TO_32_BIT_CONVERSION = YES;
				GCC_WARN_ABOUT_RETURN_TYPE = YES_ERROR;
				GCC_WARN_UNDECLARED_SELECTOR = YES;
				GCC_WARN_UNINITIALIZED_AUTOS = YES_AGGRESSIVE;
				GCC_WARN_UNUSED_FUNCTION = YES;
				GCC_WARN_UNUSED_VARIABLE = YES;
				GENERATE_INFOPLIST_FILE = YES;
				INFOPLIST_KEY_CFBundleDisplayName = timetap;
				INFOPLIST_KEY_UIApplicationSceneManifest_Generation = YES;
				INFOPLIST_KEY_UILaunchScreen_Generation = YES;
				INFOPLIST_KEY_UIStatusBarStyle = UIStatusBarStyleLightContent;
				INFOPLIST_KEY_UISupportedInterfaceOrientations = UIInterfaceOrientationPortrait;
				IPHONEOS_DEPLOYMENT_TARGET = 17.0;
				MARKETING_VERSION = 0.1.0;
				MTL_ENABLE_DEBUG_INFO = NO;
				MTL_FAST_MATH = YES;
				PRODUCT_NAME = "$(TARGET_NAME)";
				SDKROOT = iphoneos;
				SWIFT_COMPILATION_MODE = wholemodule;
				SWIFT_OPTIMIZATION_LEVEL = "-O";
				SWIFT_VERSION = 5.0;
				TARGETED_DEVICE_FAMILY = 1;
			};
			name = Release;
		};
		969BBB051D97C896278011BB /* Release */ = {
			isa = XCBuildConfiguration;
			baseConfigurationReference = 202DBF96A0E63CD41E7A516D /* Google.xcconfig */;
			buildSettings = {
				ASSETCATALOG_COMPILER_APPICON_NAME = AppIcon;
				CODE_SIGN_IDENTITY = "iPhone Developer";
				CODE_SIGN_STYLE = Automatic;
				DEVELOPMENT_TEAM = Y3NGT7263T;
				ENABLE_PREVIEWS = YES;
				ENABLE_TESTABILITY = YES;
				INFOPLIST_FILE = TimeTap/Info.plist;
				LD_RUNPATH_SEARCH_PATHS = (
					"$(inherited)",
					"@executable_path/Frameworks",
				);
				PRODUCT_BUNDLE_IDENTIFIER = app.timetap.ios;
				SDKROOT = iphoneos;
				TARGETED_DEVICE_FAMILY = "1,2";
			};
			name = Release;
		};
		A32D03C9D7826D48AF175622 /* Release */ = {
			isa = XCBuildConfiguration;
			buildSettings = {
				BUNDLE_LOADER = "$(TEST_HOST)";
				CODE_SIGN_STYLE = Automatic;
				DEVELOPMENT_TEAM = Y3NGT7263T;
				GENERATE_INFOPLIST_FILE = YES;
				LD_RUNPATH_SEARCH_PATHS = (
					"$(inherited)",
					"@executable_path/Frameworks",
					"@loader_path/Frameworks",
				);
				PRODUCT_BUNDLE_IDENTIFIER = app.timetap.ios.tests;
				SDKROOT = iphoneos;
				TARGETED_DEVICE_FAMILY = "1,2";
				TEST_HOST = "$(BUILT_PRODUCTS_DIR)/TimeTap.app/TimeTap";
			};
			name = Release;
		};
		D3B5B11C17A6687800CA4370 /* Debug */ = {
			isa = XCBuildConfiguration;
			baseConfigurationReference = 202DBF96A0E63CD41E7A516D /* Google.xcconfig */;
			buildSettings = {
				ASSETCATALOG_COMPILER_APPICON_NAME = AppIcon;
				CODE_SIGN_IDENTITY = "iPhone Developer";
				CODE_SIGN_STYLE = Automatic;
				DEVELOPMENT_TEAM = Y3NGT7263T;
				ENABLE_PREVIEWS = YES;
				ENABLE_TESTABILITY = YES;
				INFOPLIST_FILE = TimeTap/Info.plist;
				LD_RUNPATH_SEARCH_PATHS = (
					"$(inherited)",
					"@executable_path/Frameworks",
				);
				PRODUCT_BUNDLE_IDENTIFIER = app.timetap.ios;
				SDKROOT = iphoneos;
				TARGETED_DEVICE_FAMILY = "1,2";
			};
			name = Debug;
		};
		DC3B149A3A7D2402113670F2 /* Debug */ = {
			isa = XCBuildConfiguration;
			buildSettings = {
				BUNDLE_LOADER = "$(TEST_HOST)";
				CODE_SIGN_STYLE = Automatic;
				DEVELOPMENT_TEAM = Y3NGT7263T;
				GENERATE_INFOPLIST_FILE = YES;
				LD_RUNPATH_SEARCH_PATHS = (
					"$(inherited)",
					"@executable_path/Frameworks",
					"@loader_path/Frameworks",
				);
				PRODUCT_BUNDLE_IDENTIFIER = app.timetap.ios.tests;
				SDKROOT = iphoneos;
				TARGETED_DEVICE_FAMILY = "1,2";
				TEST_HOST = "$(BUILT_PRODUCTS_DIR)/TimeTap.app/TimeTap";
			};
			name = Debug;
		};
		DD47701F118C2BB599AC272C /* Debug */ = {
			isa = XCBuildConfiguration;
			buildSettings = {
				ALWAYS_SEARCH_USER_PATHS = NO;
				CLANG_ANALYZER_NONNULL = YES;
				CLANG_ANALYZER_NUMBER_OBJECT_CONVERSION = YES_AGGRESSIVE;
				CLANG_CXX_LANGUAGE_STANDARD = "gnu++14";
				CLANG_CXX_LIBRARY = "libc++";
				CLANG_ENABLE_MODULES = YES;
				CLANG_ENABLE_OBJC_ARC = YES;
				CLANG_ENABLE_OBJC_WEAK = YES;
				CLANG_WARN_BLOCK_CAPTURE_AUTORELEASING = YES;
				CLANG_WARN_BOOL_CONVERSION = YES;
				CLANG_WARN_COMMA = YES;
				CLANG_WARN_CONSTANT_CONVERSION = YES;
				CLANG_WARN_DEPRECATED_OBJC_IMPLEMENTATIONS = YES;
				CLANG_WARN_DIRECT_OBJC_ISA_USAGE = YES_ERROR;
				CLANG_WARN_DOCUMENTATION_COMMENTS = YES;
				CLANG_WARN_EMPTY_BODY = YES;
				CLANG_WARN_ENUM_CONVERSION = YES;
				CLANG_WARN_INFINITE_RECURSION = YES;
				CLANG_WARN_INT_CONVERSION = YES;
				CLANG_WARN_NON_LITERAL_NULL_CONVERSION = YES;
				CLANG_WARN_OBJC_IMPLICIT_RETAIN_SELF = YES;
				CLANG_WARN_OBJC_LITERAL_CONVERSION = YES;
				CLANG_WARN_OBJC_ROOT_CLASS = YES_ERROR;
				CLANG_WARN_QUOTED_INCLUDE_IN_FRAMEWORK_HEADER = YES;
				CLANG_WARN_RANGE_LOOP_ANALYSIS = YES;
				CLANG_WARN_STRICT_PROTOTYPES = YES;
				CLANG_WARN_SUSPICIOUS_MOVE = YES;
				CLANG_WARN_UNGUARDED_AVAILABILITY = YES_AGGRESSIVE;
				CLANG_WARN_UNREACHABLE_CODE = YES;
				CLANG_WARN__DUPLICATE_METHOD_MATCH = YES;
				COPY_PHASE_STRIP = NO;
				CURRENT_PROJECT_VERSION = 1;
				DEBUG_INFORMATION_FORMAT = dwarf;
				ENABLE_STRICT_OBJC_MSGSEND = YES;
				ENABLE_TESTABILITY = YES;
				GCC_C_LANGUAGE_STANDARD = gnu11;
				GCC_DYNAMIC_NO_PIC = NO;
				GCC_NO_COMMON_BLOCKS = YES;
				GCC_OPTIMIZATION_LEVEL = 0;
				GCC_PREPROCESSOR_DEFINITIONS = (
					"$(inherited)",
					"DEBUG=1",
				);
				GCC_WARN_64_TO_32_BIT_CONVERSION = YES;
				GCC_WARN_ABOUT_RETURN_TYPE = YES_ERROR;
				GCC_WARN_UNDECLARED_SELECTOR = YES;
				GCC_WARN_UNINITIALIZED_AUTOS = YES_AGGRESSIVE;
				GCC_WARN_UNUSED_FUNCTION = YES;
				GCC_WARN_UNUSED_VARIABLE = YES;
				GENERATE_INFOPLIST_FILE = YES;
				INFOPLIST_KEY_CFBundleDisplayName = timetap;
				INFOPLIST_KEY_UIApplicationSceneManifest_Generation = YES;
				INFOPLIST_KEY_UILaunchScreen_Generation = YES;
				INFOPLIST_KEY_UIStatusBarStyle = UIStatusBarStyleLightContent;
				INFOPLIST_KEY_UISupportedInterfaceOrientations = UIInterfaceOrientationPortrait;
				IPHONEOS_DEPLOYMENT_TARGET = 17.0;
				MARKETING_VERSION = 0.1.0;
				MTL_ENABLE_DEBUG_INFO = INCLUDE_SOURCE;
				MTL_FAST_MATH = YES;
				ONLY_ACTIVE_ARCH = YES;
				PRODUCT_NAME = "$(TARGET_NAME)";
				SDKROOT = iphoneos;
				SWIFT_ACTIVE_COMPILATION_CONDITIONS = DEBUG;
				SWIFT_OPTIMIZATION_LEVEL = "-Onone";
				SWIFT_VERSION = 5.0;
				TARGETED_DEVICE_FAMILY = 1;
			};
			name = Debug;
		};
/* End XCBuildConfiguration section */

/* Begin XCConfigurationList section */
		3A0BF1D90697F777287CABD5 /* Build configuration list for PBXNativeTarget "TimeTapTests" */ = {
			isa = XCConfigurationList;
			buildConfigurations = (
				DC3B149A3A7D2402113670F2 /* Debug */,
				A32D03C9D7826D48AF175622 /* Release */,
			);
			defaultConfigurationIsVisible = 0;
			defaultConfigurationName = Debug;
		};
		D4AFCFCA5C9F8D7527F8F5A5 /* Build configuration list for PBXNativeTarget "TimeTap" */ = {
			isa = XCConfigurationList;
			buildConfigurations = (
				D3B5B11C17A6687800CA4370 /* Debug */,
				969BBB051D97C896278011BB /* Release */,
			);
			defaultConfigurationIsVisible = 0;
			defaultConfigurationName = Debug;
		};
		E315CC12703E7166E8A82DCE /* Build configuration list for PBXProject "TimeTap" */ = {
			isa = XCConfigurationList;
			buildConfigurations = (
				DD47701F118C2BB599AC272C /* Debug */,
				1631CA3EABE939D926181E14 /* Release */,
			);
			defaultConfigurationIsVisible = 0;
			defaultConfigurationName = Debug;
		};
/* End XCConfigurationList section */

/* Begin XCRemoteSwiftPackageReference section */
		5D1FFC1F0E7276BB3472F1ED /* XCRemoteSwiftPackageReference "GoogleSignIn-iOS" */ = {
			isa = XCRemoteSwiftPackageReference;
			repositoryURL = "https://github.com/google/GoogleSignIn-iOS";
			requirement = {
				kind = upToNextMajorVersion;
				minimumVersion = 8.0.0;
			};
		};
/* End XCRemoteSwiftPackageReference section */

/* Begin XCSwiftPackageProductDependency section */
		E2AC37527A1324DCA04213C6 /* GoogleSignIn */ = {
			isa = XCSwiftPackageProductDependency;
			package = 5D1FFC1F0E7276BB3472F1ED /* XCRemoteSwiftPackageReference "GoogleSignIn-iOS" */;
			productName = GoogleSignIn;
		};
/* End XCSwiftPackageProductDependency section */
	};
	rootObject = F857DF8535F9DD23FF6EC550 /* Project object */;
}
